
Microsoft Visual Studio Solution File, Format Version 12.00
# Visual Studio Version 16
VisualStudioVersion = 16.0.29230.61
MinimumVisualStudioVersion = 10.0.40219.1
Project("{9A19103F-16F7-4668-BE54-9A1E7A4F7556}") = "smc", "smc\smc.csproj", "{4861BDA6-0892-47A8-B548-74D0EA31DA55}"
EndProject
Project("{2150E333-8FDC-42A3-9474-1A3956D46DE8}") = "Solution Items", "Solution Items", "{67F5F328-1387-415A-9491-D7A4B6D7C576}"
EndProject
Project("{9A19103F-16F7-4668-BE54-9A1E7A4F7556}") = "iselenium", "iselenium\iselenium.csproj", "{3FEB9DE5-B0DD-4B24-892C-FD80E2CE55BC}"
EndProject
Project("{FAE04EC0-301F-11D3-BF4B-00C04F79EFBC}") = "asp.webforms", "asp.webforms\asp.webforms.csproj", "{36E1692E-9B7C-467C-ADBE-A3F86575269A}"
	ProjectSection(ProjectDependencies) = postProject
		{69EB69AB-0D24-4974-8D7D-2D2CDB62DCFA} = {69EB69AB-0D24-4974-8D7D-2D2CDB62DCFA}
	EndProjectSection
EndProject
Project("{9A19103F-16F7-4668-BE54-9A1E7A4F7556}") = "asplib", "asplib\asplib.csproj", "{1B0B5ED6-795A-4F6B-9628-C369B204C8C3}"
EndProject
Project("{FAE04EC0-301F-11D3-BF4B-00C04F79EFBC}") = "asplib.webforms", "asplib.webforms\asplib.webforms.csproj", "{776E3032-BFD5-4C20-9867-942F045A8B0F}"
EndProject
Project("{8BC9CEB8-8B4A-11D0-8D11-00A0C91BC942}") = "calculator.webforms", "asp.webforms\calculator\Control\calculator.webforms.vcxproj", "{69EB69AB-0D24-4974-8D7D-2D2CDB62DCFA}"
EndProject
Project("{FAE04EC0-301F-11D3-BF4B-00C04F79EFBC}") = "iselenium.webforms", "iselenium.webforms\iselenium.webforms.csproj", "{F3BEDB25-A002-4EB5-B951-4A5E3E2EC477}"
EndProject
Project("{FAE04EC0-301F-11D3-BF4B-00C04F79EFBC}") = "asptest.webforms", "asptest.webforms\asptest.webforms.csproj", "{BB3B66BB-8287-4CA9-BA93-A686DF41062E}"
EndProject
Project("{FAE04EC0-301F-11D3-BF4B-00C04F79EFBC}") = "asptest.runner.webforms", "asptest.runner.webforms\asptest.runner.webforms.csproj", "{B1F18DB1-C667-4F2F-9998-BBA83105C0FC}"
EndProject
Global
	GlobalSection(SolutionConfigurationPlatforms) = preSolution
		Debug|Any CPU = Debug|Any CPU
		Debug|ARM = Debug|ARM
		Debug|ARM64 = Debug|ARM64
		Debug|x64 = Debug|x64
		Debug|x86 = Debug|x86
		Release|Any CPU = Release|Any CPU
		Release|ARM = Release|ARM
		Release|ARM64 = Release|ARM64
		Release|x64 = Release|x64
		Release|x86 = Release|x86
	EndGlobalSection
	GlobalSection(ProjectConfigurationPlatforms) = postSolution
		{4861BDA6-0892-47A8-B548-74D0EA31DA55}.Debug|Any CPU.ActiveCfg = Debug|Any CPU
		{4861BDA6-0892-47A8-B548-74D0EA31DA55}.Debug|Any CPU.Build.0 = Debug|Any CPU
		{4861BDA6-0892-47A8-B548-74D0EA31DA55}.Debug|ARM.ActiveCfg = Debug|Any CPU
		{4861BDA6-0892-47A8-B548-74D0EA31DA55}.Debug|ARM.Build.0 = Debug|Any CPU
		{4861BDA6-0892-47A8-B548-74D0EA31DA55}.Debug|ARM64.ActiveCfg = Debug|Any CPU
		{4861BDA6-0892-47A8-B548-74D0EA31DA55}.Debug|ARM64.Build.0 = Debug|Any CPU
		{4861BDA6-0892-47A8-B548-74D0EA31DA55}.Debug|x64.ActiveCfg = Debug|Any CPU
		{4861BDA6-0892-47A8-B548-74D0EA31DA55}.Debug|x64.Build.0 = Debug|Any CPU
		{4861BDA6-0892-47A8-B548-74D0EA31DA55}.Debug|x86.ActiveCfg = Debug|Any CPU
		{4861BDA6-0892-47A8-B548-74D0EA31DA55}.Debug|x86.Build.0 = Debug|Any CPU
		{4861BDA6-0892-47A8-B548-74D0EA31DA55}.Release|Any CPU.ActiveCfg = Release|Any CPU
		{4861BDA6-0892-47A8-B548-74D0EA31DA55}.Release|Any CPU.Build.0 = Release|Any CPU
		{4861BDA6-0892-47A8-B548-74D0EA31DA55}.Release|ARM.ActiveCfg = Release|Any CPU
		{4861BDA6-0892-47A8-B548-74D0EA31DA55}.Release|ARM.Build.0 = Release|Any CPU
		{4861BDA6-0892-47A8-B548-74D0EA31DA55}.Release|ARM64.ActiveCfg = Release|Any CPU
		{4861BDA6-0892-47A8-B548-74D0EA31DA55}.Release|ARM64.Build.0 = Release|Any CPU
		{4861BDA6-0892-47A8-B548-74D0EA31DA55}.Release|x64.ActiveCfg = Release|Any CPU
		{4861BDA6-0892-47A8-B548-74D0EA31DA55}.Release|x64.Build.0 = Release|Any CPU
		{4861BDA6-0892-47A8-B548-74D0EA31DA55}.Release|x86.ActiveCfg = Release|Any CPU
		{4861BDA6-0892-47A8-B548-74D0EA31DA55}.Release|x86.Build.0 = Release|Any CPU
		{3FEB9DE5-B0DD-4B24-892C-FD80E2CE55BC}.Debug|Any CPU.ActiveCfg = Debug|Any CPU
		{3FEB9DE5-B0DD-4B24-892C-FD80E2CE55BC}.Debug|Any CPU.Build.0 = Debug|Any CPU
		{3FEB9DE5-B0DD-4B24-892C-FD80E2CE55BC}.Debug|ARM.ActiveCfg = Debug|Any CPU
		{3FEB9DE5-B0DD-4B24-892C-FD80E2CE55BC}.Debug|ARM.Build.0 = Debug|Any CPU
		{3FEB9DE5-B0DD-4B24-892C-FD80E2CE55BC}.Debug|ARM64.ActiveCfg = Debug|Any CPU
		{3FEB9DE5-B0DD-4B24-892C-FD80E2CE55BC}.Debug|ARM64.Build.0 = Debug|Any CPU
		{3FEB9DE5-B0DD-4B24-892C-FD80E2CE55BC}.Debug|x64.ActiveCfg = Debug|Any CPU
		{3FEB9DE5-B0DD-4B24-892C-FD80E2CE55BC}.Debug|x64.Build.0 = Debug|Any CPU
		{3FEB9DE5-B0DD-4B24-892C-FD80E2CE55BC}.Debug|x86.ActiveCfg = Debug|Any CPU
		{3FEB9DE5-B0DD-4B24-892C-FD80E2CE55BC}.Debug|x86.Build.0 = Debug|Any CPU
		{3FEB9DE5-B0DD-4B24-892C-FD80E2CE55BC}.Release|Any CPU.ActiveCfg = Release|Any CPU
		{3FEB9DE5-B0DD-4B24-892C-FD80E2CE55BC}.Release|Any CPU.Build.0 = Release|Any CPU
		{3FEB9DE5-B0DD-4B24-892C-FD80E2CE55BC}.Release|ARM.ActiveCfg = Release|Any CPU
		{3FEB9DE5-B0DD-4B24-892C-FD80E2CE55BC}.Release|ARM.Build.0 = Release|Any CPU
		{3FEB9DE5-B0DD-4B24-892C-FD80E2CE55BC}.Release|ARM64.ActiveCfg = Release|Any CPU
		{3FEB9DE5-B0DD-4B24-892C-FD80E2CE55BC}.Release|ARM64.Build.0 = Release|Any CPU
		{3FEB9DE5-B0DD-4B24-892C-FD80E2CE55BC}.Release|x64.ActiveCfg = Release|Any CPU
		{3FEB9DE5-B0DD-4B24-892C-FD80E2CE55BC}.Release|x64.Build.0 = Release|Any CPU
		{3FEB9DE5-B0DD-4B24-892C-FD80E2CE55BC}.Release|x86.ActiveCfg = Release|Any CPU
		{3FEB9DE5-B0DD-4B24-892C-FD80E2CE55BC}.Release|x86.Build.0 = Release|Any CPU
		{36E1692E-9B7C-467C-ADBE-A3F86575269A}.Debug|Any CPU.ActiveCfg = Debug|Any CPU
		{36E1692E-9B7C-467C-ADBE-A3F86575269A}.Debug|Any CPU.Build.0 = Debug|Any CPU
		{36E1692E-9B7C-467C-ADBE-A3F86575269A}.Debug|ARM.ActiveCfg = Debug|Any CPU
		{36E1692E-9B7C-467C-ADBE-A3F86575269A}.Debug|ARM.Build.0 = Debug|Any CPU
		{36E1692E-9B7C-467C-ADBE-A3F86575269A}.Debug|ARM64.ActiveCfg = Debug|Any CPU
		{36E1692E-9B7C-467C-ADBE-A3F86575269A}.Debug|ARM64.Build.0 = Debug|Any CPU
		{36E1692E-9B7C-467C-ADBE-A3F86575269A}.Debug|x64.ActiveCfg = Debug|Any CPU
		{36E1692E-9B7C-467C-ADBE-A3F86575269A}.Debug|x64.Build.0 = Debug|Any CPU
		{36E1692E-9B7C-467C-ADBE-A3F86575269A}.Debug|x86.ActiveCfg = Debug|Any CPU
		{36E1692E-9B7C-467C-ADBE-A3F86575269A}.Debug|x86.Build.0 = Debug|Any CPU
		{36E1692E-9B7C-467C-ADBE-A3F86575269A}.Release|Any CPU.ActiveCfg = Release|Any CPU
		{36E1692E-9B7C-467C-ADBE-A3F86575269A}.Release|Any CPU.Build.0 = Release|Any CPU
		{36E1692E-9B7C-467C-ADBE-A3F86575269A}.Release|ARM.ActiveCfg = Release|Any CPU
		{36E1692E-9B7C-467C-ADBE-A3F86575269A}.Release|ARM.Build.0 = Release|Any CPU
		{36E1692E-9B7C-467C-ADBE-A3F86575269A}.Release|ARM64.ActiveCfg = Release|Any CPU
		{36E1692E-9B7C-467C-ADBE-A3F86575269A}.Release|ARM64.Build.0 = Release|Any CPU
		{36E1692E-9B7C-467C-ADBE-A3F86575269A}.Release|x64.ActiveCfg = Release|Any CPU
		{36E1692E-9B7C-467C-ADBE-A3F86575269A}.Release|x64.Build.0 = Release|Any CPU
		{36E1692E-9B7C-467C-ADBE-A3F86575269A}.Release|x86.ActiveCfg = Release|Any CPU
		{36E1692E-9B7C-467C-ADBE-A3F86575269A}.Release|x86.Build.0 = Release|Any CPU
		{1B0B5ED6-795A-4F6B-9628-C369B204C8C3}.Debug|Any CPU.ActiveCfg = Debug|Any CPU
		{1B0B5ED6-795A-4F6B-9628-C369B204C8C3}.Debug|Any CPU.Build.0 = Debug|Any CPU
		{1B0B5ED6-795A-4F6B-9628-C369B204C8C3}.Debug|ARM.ActiveCfg = Debug|Any CPU
		{1B0B5ED6-795A-4F6B-9628-C369B204C8C3}.Debug|ARM.Build.0 = Debug|Any CPU
		{1B0B5ED6-795A-4F6B-9628-C369B204C8C3}.Debug|ARM64.ActiveCfg = Debug|Any CPU
		{1B0B5ED6-795A-4F6B-9628-C369B204C8C3}.Debug|ARM64.Build.0 = Debug|Any CPU
		{1B0B5ED6-795A-4F6B-9628-C369B204C8C3}.Debug|x64.ActiveCfg = Debug|Any CPU
		{1B0B5ED6-795A-4F6B-9628-C369B204C8C3}.Debug|x64.Build.0 = Debug|Any CPU
		{1B0B5ED6-795A-4F6B-9628-C369B204C8C3}.Debug|x86.ActiveCfg = Debug|Any CPU
		{1B0B5ED6-795A-4F6B-9628-C369B204C8C3}.Debug|x86.Build.0 = Debug|Any CPU
		{1B0B5ED6-795A-4F6B-9628-C369B204C8C3}.Release|Any CPU.ActiveCfg = Release|Any CPU
		{1B0B5ED6-795A-4F6B-9628-C369B204C8C3}.Release|Any CPU.Build.0 = Release|Any CPU
		{1B0B5ED6-795A-4F6B-9628-C369B204C8C3}.Release|ARM.ActiveCfg = Release|Any CPU
		{1B0B5ED6-795A-4F6B-9628-C369B204C8C3}.Release|ARM.Build.0 = Release|Any CPU
		{1B0B5ED6-795A-4F6B-9628-C369B204C8C3}.Release|ARM64.ActiveCfg = Release|Any CPU
		{1B0B5ED6-795A-4F6B-9628-C369B204C8C3}.Release|ARM64.Build.0 = Release|Any CPU
		{1B0B5ED6-795A-4F6B-9628-C369B204C8C3}.Release|x64.ActiveCfg = Release|Any CPU
		{1B0B5ED6-795A-4F6B-9628-C369B204C8C3}.Release|x64.Build.0 = Release|Any CPU
		{1B0B5ED6-795A-4F6B-9628-C369B204C8C3}.Release|x86.ActiveCfg = Release|Any CPU
		{1B0B5ED6-795A-4F6B-9628-C369B204C8C3}.Release|x86.Build.0 = Release|Any CPU
		{776E3032-BFD5-4C20-9867-942F045A8B0F}.Debug|Any CPU.ActiveCfg = Debug|Any CPU
		{776E3032-BFD5-4C20-9867-942F045A8B0F}.Debug|Any CPU.Build.0 = Debug|Any CPU
		{776E3032-BFD5-4C20-9867-942F045A8B0F}.Debug|ARM.ActiveCfg = Debug|Any CPU
		{776E3032-BFD5-4C20-9867-942F045A8B0F}.Debug|ARM.Build.0 = Debug|Any CPU
		{776E3032-BFD5-4C20-9867-942F045A8B0F}.Debug|ARM64.ActiveCfg = Debug|Any CPU
		{776E3032-BFD5-4C20-9867-942F045A8B0F}.Debug|ARM64.Build.0 = Debug|Any CPU
		{776E3032-BFD5-4C20-9867-942F045A8B0F}.Debug|x64.ActiveCfg = Debug|Any CPU
		{776E3032-BFD5-4C20-9867-942F045A8B0F}.Debug|x64.Build.0 = Debug|Any CPU
		{776E3032-BFD5-4C20-9867-942F045A8B0F}.Debug|x86.ActiveCfg = Debug|Any CPU
		{776E3032-BFD5-4C20-9867-942F045A8B0F}.Debug|x86.Build.0 = Debug|Any CPU
		{776E3032-BFD5-4C20-9867-942F045A8B0F}.Release|Any CPU.ActiveCfg = Release|Any CPU
		{776E3032-BFD5-4C20-9867-942F045A8B0F}.Release|Any CPU.Build.0 = Release|Any CPU
		{776E3032-BFD5-4C20-9867-942F045A8B0F}.Release|ARM.ActiveCfg = Release|Any CPU
		{776E3032-BFD5-4C20-9867-942F045A8B0F}.Release|ARM.Build.0 = Release|Any CPU
		{776E3032-BFD5-4C20-9867-942F045A8B0F}.Release|ARM64.ActiveCfg = Release|Any CPU
		{776E3032-BFD5-4C20-9867-942F045A8B0F}.Release|ARM64.Build.0 = Release|Any CPU
		{776E3032-BFD5-4C20-9867-942F045A8B0F}.Release|x64.ActiveCfg = Release|Any CPU
		{776E3032-BFD5-4C20-9867-942F045A8B0F}.Release|x64.Build.0 = Release|Any CPU
		{776E3032-BFD5-4C20-9867-942F045A8B0F}.Release|x86.ActiveCfg = Release|Any CPU
		{776E3032-BFD5-4C20-9867-942F045A8B0F}.Release|x86.Build.0 = Release|Any CPU
		{69EB69AB-0D24-4974-8D7D-2D2CDB62DCFA}.Debug|Any CPU.ActiveCfg = Debug|Win32
		{69EB69AB-0D24-4974-8D7D-2D2CDB62DCFA}.Debug|Any CPU.Build.0 = Debug|Win32
		{69EB69AB-0D24-4974-8D7D-2D2CDB62DCFA}.Debug|ARM.ActiveCfg = Debug|Win32
		{69EB69AB-0D24-4974-8D7D-2D2CDB62DCFA}.Debug|ARM64.ActiveCfg = Debug|Win32
		{69EB69AB-0D24-4974-8D7D-2D2CDB62DCFA}.Debug|x64.ActiveCfg = Debug|x64
		{69EB69AB-0D24-4974-8D7D-2D2CDB62DCFA}.Debug|x64.Build.0 = Debug|x64
		{69EB69AB-0D24-4974-8D7D-2D2CDB62DCFA}.Debug|x86.ActiveCfg = Debug|Win32
		{69EB69AB-0D24-4974-8D7D-2D2CDB62DCFA}.Debug|x86.Build.0 = Debug|Win32
		{69EB69AB-0D24-4974-8D7D-2D2CDB62DCFA}.Release|Any CPU.ActiveCfg = Release|Win32
		{69EB69AB-0D24-4974-8D7D-2D2CDB62DCFA}.Release|Any CPU.Build.0 = Release|Win32
		{69EB69AB-0D24-4974-8D7D-2D2CDB62DCFA}.Release|ARM.ActiveCfg = Release|Win32
		{69EB69AB-0D24-4974-8D7D-2D2CDB62DCFA}.Release|ARM64.ActiveCfg = Release|Win32
		{69EB69AB-0D24-4974-8D7D-2D2CDB62DCFA}.Release|x64.ActiveCfg = Release|x64
		{69EB69AB-0D24-4974-8D7D-2D2CDB62DCFA}.Release|x64.Build.0 = Release|x64
		{69EB69AB-0D24-4974-8D7D-2D2CDB62DCFA}.Release|x86.ActiveCfg = Release|Win32
		{69EB69AB-0D24-4974-8D7D-2D2CDB62DCFA}.Release|x86.Build.0 = Release|Win32
		{F3BEDB25-A002-4EB5-B951-4A5E3E2EC477}.Debug|Any CPU.ActiveCfg = Debug|Any CPU
		{F3BEDB25-A002-4EB5-B951-4A5E3E2EC477}.Debug|Any CPU.Build.0 = Debug|Any CPU
		{F3BEDB25-A002-4EB5-B951-4A5E3E2EC477}.Debug|ARM.ActiveCfg = Debug|Any CPU
		{F3BEDB25-A002-4EB5-B951-4A5E3E2EC477}.Debug|ARM.Build.0 = Debug|Any CPU
		{F3BEDB25-A002-4EB5-B951-4A5E3E2EC477}.Debug|ARM64.ActiveCfg = Debug|Any CPU
		{F3BEDB25-A002-4EB5-B951-4A5E3E2EC477}.Debug|ARM64.Build.0 = Debug|Any CPU
		{F3BEDB25-A002-4EB5-B951-4A5E3E2EC477}.Debug|x64.ActiveCfg = Debug|Any CPU
		{F3BEDB25-A002-4EB5-B951-4A5E3E2EC477}.Debug|x64.Build.0 = Debug|Any CPU
		{F3BEDB25-A002-4EB5-B951-4A5E3E2EC477}.Debug|x86.ActiveCfg = Debug|Any CPU
		{F3BEDB25-A002-4EB5-B951-4A5E3E2EC477}.Debug|x86.Build.0 = Debug|Any CPU
		{F3BEDB25-A002-4EB5-B951-4A5E3E2EC477}.Release|Any CPU.ActiveCfg = Release|Any CPU
		{F3BEDB25-A002-4EB5-B951-4A5E3E2EC477}.Release|Any CPU.Build.0 = Release|Any CPU
		{F3BEDB25-A002-4EB5-B951-4A5E3E2EC477}.Release|ARM.ActiveCfg = Release|Any CPU
		{F3BEDB25-A002-4EB5-B951-4A5E3E2EC477}.Release|ARM.Build.0 = Release|Any CPU
		{F3BEDB25-A002-4EB5-B951-4A5E3E2EC477}.Release|ARM64.ActiveCfg = Release|Any CPU
		{F3BEDB25-A002-4EB5-B951-4A5E3E2EC477}.Release|ARM64.Build.0 = Release|Any CPU
		{F3BEDB25-A002-4EB5-B951-4A5E3E2EC477}.Release|x64.ActiveCfg = Release|Any CPU
		{F3BEDB25-A002-4EB5-B951-4A5E3E2EC477}.Release|x64.Build.0 = Release|Any CPU
		{F3BEDB25-A002-4EB5-B951-4A5E3E2EC477}.Release|x86.ActiveCfg = Release|Any CPU
		{F3BEDB25-A002-4EB5-B951-4A5E3E2EC477}.Release|x86.Build.0 = Release|Any CPU
		{BB3B66BB-8287-4CA9-BA93-A686DF41062E}.Debug|Any CPU.ActiveCfg = Debug|Any CPU
		{BB3B66BB-8287-4CA9-BA93-A686DF41062E}.Debug|Any CPU.Build.0 = Debug|Any CPU
		{BB3B66BB-8287-4CA9-BA93-A686DF41062E}.Debug|ARM.ActiveCfg = Debug|Any CPU
		{BB3B66BB-8287-4CA9-BA93-A686DF41062E}.Debug|ARM.Build.0 = Debug|Any CPU
		{BB3B66BB-8287-4CA9-BA93-A686DF41062E}.Debug|ARM64.ActiveCfg = Debug|Any CPU
		{BB3B66BB-8287-4CA9-BA93-A686DF41062E}.Debug|ARM64.Build.0 = Debug|Any CPU
		{BB3B66BB-8287-4CA9-BA93-A686DF41062E}.Debug|x64.ActiveCfg = Debug|Any CPU
		{BB3B66BB-8287-4CA9-BA93-A686DF41062E}.Debug|x64.Build.0 = Debug|Any CPU
		{BB3B66BB-8287-4CA9-BA93-A686DF41062E}.Debug|x86.ActiveCfg = Debug|Any CPU
		{BB3B66BB-8287-4CA9-BA93-A686DF41062E}.Debug|x86.Build.0 = Debug|Any CPU
		{BB3B66BB-8287-4CA9-BA93-A686DF41062E}.Release|Any CPU.ActiveCfg = Release|Any CPU
		{BB3B66BB-8287-4CA9-BA93-A686DF41062E}.Release|Any CPU.Build.0 = Release|Any CPU
		{BB3B66BB-8287-4CA9-BA93-A686DF41062E}.Release|ARM.ActiveCfg = Release|Any CPU
		{BB3B66BB-8287-4CA9-BA93-A686DF41062E}.Release|ARM.Build.0 = Release|Any CPU
		{BB3B66BB-8287-4CA9-BA93-A686DF41062E}.Release|ARM64.ActiveCfg = Release|Any CPU
		{BB3B66BB-8287-4CA9-BA93-A686DF41062E}.Release|ARM64.Build.0 = Release|Any CPU
		{BB3B66BB-8287-4CA9-BA93-A686DF41062E}.Release|x64.ActiveCfg = Release|Any CPU
		{BB3B66BB-8287-4CA9-BA93-A686DF41062E}.Release|x64.Build.0 = Release|Any CPU
		{BB3B66BB-8287-4CA9-BA93-A686DF41062E}.Release|x86.ActiveCfg = Release|Any CPU
		{BB3B66BB-8287-4CA9-BA93-A686DF41062E}.Release|x86.Build.0 = Release|Any CPU
		{B1F18DB1-C667-4F2F-9998-BBA83105C0FC}.Debug|Any CPU.ActiveCfg = Debug|Any CPU
		{B1F18DB1-C667-4F2F-9998-BBA83105C0FC}.Debug|Any CPU.Build.0 = Debug|Any CPU
		{B1F18DB1-C667-4F2F-9998-BBA83105C0FC}.Debug|ARM.ActiveCfg = Debug|Any CPU
		{B1F18DB1-C667-4F2F-9998-BBA83105C0FC}.Debug|ARM.Build.0 = Debug|Any CPU
		{B1F18DB1-C667-4F2F-9998-BBA83105C0FC}.Debug|ARM64.ActiveCfg = Debug|Any CPU
		{B1F18DB1-C667-4F2F-9998-BBA83105C0FC}.Debug|ARM64.Build.0 = Debug|Any CPU
		{B1F18DB1-C667-4F2F-9998-BBA83105C0FC}.Debug|x64.ActiveCfg = Debug|Any CPU
		{B1F18DB1-C667-4F2F-9998-BBA83105C0FC}.Debug|x64.Build.0 = Debug|Any CPU
		{B1F18DB1-C667-4F2F-9998-BBA83105C0FC}.Debug|x86.ActiveCfg = Debug|Any CPU
		{B1F18DB1-C667-4F2F-9998-BBA83105C0FC}.Debug|x86.Build.0 = Debug|Any CPU
		{B1F18DB1-C667-4F2F-9998-BBA83105C0FC}.Release|Any CPU.ActiveCfg = Release|Any CPU
		{B1F18DB1-C667-4F2F-9998-BBA83105C0FC}.Release|Any CPU.Build.0 = Release|Any CPU
		{B1F18DB1-C667-4F2F-9998-BBA83105C0FC}.Release|ARM.ActiveCfg = Release|Any CPU
		{B1F18DB1-C667-4F2F-9998-BBA83105C0FC}.Release|ARM.Build.0 = Release|Any CPU
		{B1F18DB1-C667-4F2F-9998-BBA83105C0FC}.Release|ARM64.ActiveCfg = Release|Any CPU
		{B1F18DB1-C667-4F2F-9998-BBA83105C0FC}.Release|ARM64.Build.0 = Release|Any CPU
		{B1F18DB1-C667-4F2F-9998-BBA83105C0FC}.Release|x64.ActiveCfg = Release|Any CPU
		{B1F18DB1-C667-4F2F-9998-BBA83105C0FC}.Release|x64.Build.0 = Release|Any CPU
		{B1F18DB1-C667-4F2F-9998-BBA83105C0FC}.Release|x86.ActiveCfg = Release|Any CPU
		{B1F18DB1-C667-4F2F-9998-BBA83105C0FC}.Release|x86.Build.0 = Release|Any CPU
	EndGlobalSection
	GlobalSection(SolutionProperties) = preSolution
		HideSolutionNode = FALSE
	EndGlobalSection
	GlobalSection(ExtensibilityGlobals) = postSolution
		SolutionGuid = {5C413A58-74DC-4D2A-8864-8CD637E879D7}
	EndGlobalSection
EndGlobal
