
Microsoft Visual Studio Solution File, Format Version 12.00
# Visual Studio 15
VisualStudioVersion = 15.0.27703.1
MinimumVisualStudioVersion = 10.0.40219.1
Project("{FAE04EC0-301F-11D3-BF4B-00C04F79EFBC}") = "asp", "asp\asp.csproj", "{36E1692E-9B7C-467C-ADBE-A3F86575269A}"
EndProject
Project("{FAE04EC0-301F-11D3-BF4B-00C04F79EFBC}") = "asplib", "asplib\asplib.csproj", "{776E3032-BFD5-4C20-9867-942F045A8B0F}"
EndProject
Project("{FAE04EC0-301F-11D3-BF4B-00C04F79EFBC}") = "SMC", "SMC\SMC.csproj", "{95A23F32-99AE-4315-8319-56BEE5D63B2F}"
EndProject
Project("{FAE04EC0-301F-11D3-BF4B-00C04F79EFBC}") = "test", "test\test.csproj", "{7ACC2161-77B2-4DBD-BEC3-E4ABB31D3149}"
EndProject
Project("{FAE04EC0-301F-11D3-BF4B-00C04F79EFBC}") = "iie", "iie\iie.csproj", "{FBAE78A0-E68C-4ED9-A1A8-5FCFD1695F39}"
EndProject
Project("{FAE04EC0-301F-11D3-BF4B-00C04F79EFBC}") = "testie", "testie\testie.csproj", "{BB3B66BB-8287-4CA9-BA93-A686DF41062E}"
EndProject
Project("{8BC9CEB8-8B4A-11D0-8D11-00A0C91BC942}") = "doc", "doc\doc.vcxproj", "{80277C55-F818-4639-A4AB-8E42F013FA8B}"
EndProject
Project("{FAE04EC0-301F-11D3-BF4B-00C04F79EFBC}") = "minimal", "minimal\minimal.csproj", "{D276FFA5-0E92-4ED0-82D9-D5FE08AC69A8}"
EndProject
Project("{FAE04EC0-301F-11D3-BF4B-00C04F79EFBC}") = "minimaltest", "minimaltest\minimaltest.csproj", "{11F715DE-1C48-4503-AD49-31EC4BAD7045}"
EndProject
Project("{2150E333-8FDC-42A3-9474-1A3956D46DE8}") = "Solution Items", "Solution Items", "{2E42CFF2-10DD-4670-9A65-FB77780C0860}"
	ProjectSection(SolutionItems) = preProject
		AUTHORS = AUTHORS
		LICENSE = LICENSE
		README.md = README.md
	EndProjectSection
EndProject
Global
	GlobalSection(SolutionConfigurationPlatforms) = preSolution
		Debug|Any CPU = Debug|Any CPU
		Debug|x64 = Debug|x64
		Debug|x86 = Debug|x86
		DebugNoTrace|Any CPU = DebugNoTrace|Any CPU
		DebugNoTrace|x64 = DebugNoTrace|x64
		DebugNoTrace|x86 = DebugNoTrace|x86
		Release|Any CPU = Release|Any CPU
		Release|x64 = Release|x64
		Release|x86 = Release|x86
		ReleaseNoTrace|Any CPU = ReleaseNoTrace|Any CPU
		ReleaseNoTrace|x64 = ReleaseNoTrace|x64
		ReleaseNoTrace|x86 = ReleaseNoTrace|x86
	EndGlobalSection
	GlobalSection(ProjectConfigurationPlatforms) = postSolution
		{36E1692E-9B7C-467C-ADBE-A3F86575269A}.Debug|Any CPU.ActiveCfg = Debug|Any CPU
		{36E1692E-9B7C-467C-ADBE-A3F86575269A}.Debug|Any CPU.Build.0 = Debug|Any CPU
		{36E1692E-9B7C-467C-ADBE-A3F86575269A}.Debug|x64.ActiveCfg = Debug|Any CPU
		{36E1692E-9B7C-467C-ADBE-A3F86575269A}.Debug|x64.Build.0 = Debug|Any CPU
		{36E1692E-9B7C-467C-ADBE-A3F86575269A}.Debug|x86.ActiveCfg = Debug|Any CPU
		{36E1692E-9B7C-467C-ADBE-A3F86575269A}.Debug|x86.Build.0 = Debug|Any CPU
		{36E1692E-9B7C-467C-ADBE-A3F86575269A}.DebugNoTrace|Any CPU.ActiveCfg = Debug|Any CPU
		{36E1692E-9B7C-467C-ADBE-A3F86575269A}.DebugNoTrace|Any CPU.Build.0 = Debug|Any CPU
		{36E1692E-9B7C-467C-ADBE-A3F86575269A}.DebugNoTrace|x64.ActiveCfg = Debug|Any CPU
		{36E1692E-9B7C-467C-ADBE-A3F86575269A}.DebugNoTrace|x64.Build.0 = Debug|Any CPU
		{36E1692E-9B7C-467C-ADBE-A3F86575269A}.DebugNoTrace|x86.ActiveCfg = Debug|Any CPU
		{36E1692E-9B7C-467C-ADBE-A3F86575269A}.DebugNoTrace|x86.Build.0 = Debug|Any CPU
		{36E1692E-9B7C-467C-ADBE-A3F86575269A}.Release|Any CPU.ActiveCfg = Release|Any CPU
		{36E1692E-9B7C-467C-ADBE-A3F86575269A}.Release|Any CPU.Build.0 = Release|Any CPU
		{36E1692E-9B7C-467C-ADBE-A3F86575269A}.Release|x64.ActiveCfg = Release|Any CPU
		{36E1692E-9B7C-467C-ADBE-A3F86575269A}.Release|x64.Build.0 = Release|Any CPU
		{36E1692E-9B7C-467C-ADBE-A3F86575269A}.Release|x86.ActiveCfg = Release|Any CPU
		{36E1692E-9B7C-467C-ADBE-A3F86575269A}.Release|x86.Build.0 = Release|Any CPU
		{36E1692E-9B7C-467C-ADBE-A3F86575269A}.ReleaseNoTrace|Any CPU.ActiveCfg = Release|Any CPU
		{36E1692E-9B7C-467C-ADBE-A3F86575269A}.ReleaseNoTrace|Any CPU.Build.0 = Release|Any CPU
		{36E1692E-9B7C-467C-ADBE-A3F86575269A}.ReleaseNoTrace|x64.ActiveCfg = Release|Any CPU
		{36E1692E-9B7C-467C-ADBE-A3F86575269A}.ReleaseNoTrace|x64.Build.0 = Release|Any CPU
		{36E1692E-9B7C-467C-ADBE-A3F86575269A}.ReleaseNoTrace|x86.ActiveCfg = Release|Any CPU
		{36E1692E-9B7C-467C-ADBE-A3F86575269A}.ReleaseNoTrace|x86.Build.0 = Release|Any CPU
		{776E3032-BFD5-4C20-9867-942F045A8B0F}.Debug|Any CPU.ActiveCfg = Debug|Any CPU
		{776E3032-BFD5-4C20-9867-942F045A8B0F}.Debug|Any CPU.Build.0 = Debug|Any CPU
		{776E3032-BFD5-4C20-9867-942F045A8B0F}.Debug|x64.ActiveCfg = Debug|Any CPU
		{776E3032-BFD5-4C20-9867-942F045A8B0F}.Debug|x64.Build.0 = Debug|Any CPU
		{776E3032-BFD5-4C20-9867-942F045A8B0F}.Debug|x86.ActiveCfg = Debug|Any CPU
		{776E3032-BFD5-4C20-9867-942F045A8B0F}.Debug|x86.Build.0 = Debug|Any CPU
		{776E3032-BFD5-4C20-9867-942F045A8B0F}.DebugNoTrace|Any CPU.ActiveCfg = Debug|Any CPU
		{776E3032-BFD5-4C20-9867-942F045A8B0F}.DebugNoTrace|Any CPU.Build.0 = Debug|Any CPU
		{776E3032-BFD5-4C20-9867-942F045A8B0F}.DebugNoTrace|x64.ActiveCfg = Debug|Any CPU
		{776E3032-BFD5-4C20-9867-942F045A8B0F}.DebugNoTrace|x64.Build.0 = Debug|Any CPU
		{776E3032-BFD5-4C20-9867-942F045A8B0F}.DebugNoTrace|x86.ActiveCfg = Debug|Any CPU
		{776E3032-BFD5-4C20-9867-942F045A8B0F}.DebugNoTrace|x86.Build.0 = Debug|Any CPU
		{776E3032-BFD5-4C20-9867-942F045A8B0F}.Release|Any CPU.ActiveCfg = Release|Any CPU
		{776E3032-BFD5-4C20-9867-942F045A8B0F}.Release|Any CPU.Build.0 = Release|Any CPU
		{776E3032-BFD5-4C20-9867-942F045A8B0F}.Release|x64.ActiveCfg = Release|Any CPU
		{776E3032-BFD5-4C20-9867-942F045A8B0F}.Release|x64.Build.0 = Release|Any CPU
		{776E3032-BFD5-4C20-9867-942F045A8B0F}.Release|x86.ActiveCfg = Release|Any CPU
		{776E3032-BFD5-4C20-9867-942F045A8B0F}.Release|x86.Build.0 = Release|Any CPU
		{776E3032-BFD5-4C20-9867-942F045A8B0F}.ReleaseNoTrace|Any CPU.ActiveCfg = Release|Any CPU
		{776E3032-BFD5-4C20-9867-942F045A8B0F}.ReleaseNoTrace|Any CPU.Build.0 = Release|Any CPU
		{776E3032-BFD5-4C20-9867-942F045A8B0F}.ReleaseNoTrace|x64.ActiveCfg = Release|Any CPU
		{776E3032-BFD5-4C20-9867-942F045A8B0F}.ReleaseNoTrace|x64.Build.0 = Release|Any CPU
		{776E3032-BFD5-4C20-9867-942F045A8B0F}.ReleaseNoTrace|x86.ActiveCfg = Release|Any CPU
		{776E3032-BFD5-4C20-9867-942F045A8B0F}.ReleaseNoTrace|x86.Build.0 = Release|Any CPU
		{95A23F32-99AE-4315-8319-56BEE5D63B2F}.Debug|Any CPU.ActiveCfg = Debug|Any CPU
		{95A23F32-99AE-4315-8319-56BEE5D63B2F}.Debug|Any CPU.Build.0 = Debug|Any CPU
		{95A23F32-99AE-4315-8319-56BEE5D63B2F}.Debug|x64.ActiveCfg = Debug|Any CPU
		{95A23F32-99AE-4315-8319-56BEE5D63B2F}.Debug|x64.Build.0 = Debug|Any CPU
		{95A23F32-99AE-4315-8319-56BEE5D63B2F}.Debug|x86.ActiveCfg = Debug|Any CPU
		{95A23F32-99AE-4315-8319-56BEE5D63B2F}.Debug|x86.Build.0 = Debug|Any CPU
		{95A23F32-99AE-4315-8319-56BEE5D63B2F}.DebugNoTrace|Any CPU.ActiveCfg = DebugNoTrace|Any CPU
		{95A23F32-99AE-4315-8319-56BEE5D63B2F}.DebugNoTrace|Any CPU.Build.0 = DebugNoTrace|Any CPU
		{95A23F32-99AE-4315-8319-56BEE5D63B2F}.DebugNoTrace|x64.ActiveCfg = DebugNoTrace|Any CPU
		{95A23F32-99AE-4315-8319-56BEE5D63B2F}.DebugNoTrace|x64.Build.0 = DebugNoTrace|Any CPU
		{95A23F32-99AE-4315-8319-56BEE5D63B2F}.DebugNoTrace|x86.ActiveCfg = DebugNoTrace|Any CPU
		{95A23F32-99AE-4315-8319-56BEE5D63B2F}.DebugNoTrace|x86.Build.0 = DebugNoTrace|Any CPU
		{95A23F32-99AE-4315-8319-56BEE5D63B2F}.Release|Any CPU.ActiveCfg = Release|Any CPU
		{95A23F32-99AE-4315-8319-56BEE5D63B2F}.Release|Any CPU.Build.0 = Release|Any CPU
		{95A23F32-99AE-4315-8319-56BEE5D63B2F}.Release|x64.ActiveCfg = Release|Any CPU
		{95A23F32-99AE-4315-8319-56BEE5D63B2F}.Release|x64.Build.0 = Release|Any CPU
		{95A23F32-99AE-4315-8319-56BEE5D63B2F}.Release|x86.ActiveCfg = Release|Any CPU
		{95A23F32-99AE-4315-8319-56BEE5D63B2F}.Release|x86.Build.0 = Release|Any CPU
		{95A23F32-99AE-4315-8319-56BEE5D63B2F}.ReleaseNoTrace|Any CPU.ActiveCfg = ReleaseNoTrace|Any CPU
		{95A23F32-99AE-4315-8319-56BEE5D63B2F}.ReleaseNoTrace|Any CPU.Build.0 = ReleaseNoTrace|Any CPU
		{95A23F32-99AE-4315-8319-56BEE5D63B2F}.ReleaseNoTrace|x64.ActiveCfg = ReleaseNoTrace|Any CPU
		{95A23F32-99AE-4315-8319-56BEE5D63B2F}.ReleaseNoTrace|x64.Build.0 = ReleaseNoTrace|Any CPU
		{95A23F32-99AE-4315-8319-56BEE5D63B2F}.ReleaseNoTrace|x86.ActiveCfg = ReleaseNoTrace|Any CPU
		{95A23F32-99AE-4315-8319-56BEE5D63B2F}.ReleaseNoTrace|x86.Build.0 = ReleaseNoTrace|Any CPU
		{7ACC2161-77B2-4DBD-BEC3-E4ABB31D3149}.Debug|Any CPU.ActiveCfg = Debug|Any CPU
		{7ACC2161-77B2-4DBD-BEC3-E4ABB31D3149}.Debug|Any CPU.Build.0 = Debug|Any CPU
		{7ACC2161-77B2-4DBD-BEC3-E4ABB31D3149}.Debug|x64.ActiveCfg = Debug|Any CPU
		{7ACC2161-77B2-4DBD-BEC3-E4ABB31D3149}.Debug|x64.Build.0 = Debug|Any CPU
		{7ACC2161-77B2-4DBD-BEC3-E4ABB31D3149}.Debug|x86.ActiveCfg = Debug|Any CPU
		{7ACC2161-77B2-4DBD-BEC3-E4ABB31D3149}.Debug|x86.Build.0 = Debug|Any CPU
		{7ACC2161-77B2-4DBD-BEC3-E4ABB31D3149}.DebugNoTrace|Any CPU.ActiveCfg = Debug|Any CPU
		{7ACC2161-77B2-4DBD-BEC3-E4ABB31D3149}.DebugNoTrace|Any CPU.Build.0 = Debug|Any CPU
		{7ACC2161-77B2-4DBD-BEC3-E4ABB31D3149}.DebugNoTrace|x64.ActiveCfg = Debug|Any CPU
		{7ACC2161-77B2-4DBD-BEC3-E4ABB31D3149}.DebugNoTrace|x64.Build.0 = Debug|Any CPU
		{7ACC2161-77B2-4DBD-BEC3-E4ABB31D3149}.DebugNoTrace|x86.ActiveCfg = Debug|Any CPU
		{7ACC2161-77B2-4DBD-BEC3-E4ABB31D3149}.DebugNoTrace|x86.Build.0 = Debug|Any CPU
		{7ACC2161-77B2-4DBD-BEC3-E4ABB31D3149}.Release|Any CPU.ActiveCfg = Release|Any CPU
		{7ACC2161-77B2-4DBD-BEC3-E4ABB31D3149}.Release|Any CPU.Build.0 = Release|Any CPU
		{7ACC2161-77B2-4DBD-BEC3-E4ABB31D3149}.Release|x64.ActiveCfg = Release|Any CPU
		{7ACC2161-77B2-4DBD-BEC3-E4ABB31D3149}.Release|x64.Build.0 = Release|Any CPU
		{7ACC2161-77B2-4DBD-BEC3-E4ABB31D3149}.Release|x86.ActiveCfg = Release|Any CPU
		{7ACC2161-77B2-4DBD-BEC3-E4ABB31D3149}.Release|x86.Build.0 = Release|Any CPU
		{7ACC2161-77B2-4DBD-BEC3-E4ABB31D3149}.ReleaseNoTrace|Any CPU.ActiveCfg = Release|Any CPU
		{7ACC2161-77B2-4DBD-BEC3-E4ABB31D3149}.ReleaseNoTrace|Any CPU.Build.0 = Release|Any CPU
		{7ACC2161-77B2-4DBD-BEC3-E4ABB31D3149}.ReleaseNoTrace|x64.ActiveCfg = Release|Any CPU
		{7ACC2161-77B2-4DBD-BEC3-E4ABB31D3149}.ReleaseNoTrace|x64.Build.0 = Release|Any CPU
		{7ACC2161-77B2-4DBD-BEC3-E4ABB31D3149}.ReleaseNoTrace|x86.ActiveCfg = Release|Any CPU
		{7ACC2161-77B2-4DBD-BEC3-E4ABB31D3149}.ReleaseNoTrace|x86.Build.0 = Release|Any CPU
		{FBAE78A0-E68C-4ED9-A1A8-5FCFD1695F39}.Debug|Any CPU.ActiveCfg = Debug|Any CPU
		{FBAE78A0-E68C-4ED9-A1A8-5FCFD1695F39}.Debug|Any CPU.Build.0 = Debug|Any CPU
		{FBAE78A0-E68C-4ED9-A1A8-5FCFD1695F39}.Debug|x64.ActiveCfg = Debug|Any CPU
		{FBAE78A0-E68C-4ED9-A1A8-5FCFD1695F39}.Debug|x64.Build.0 = Debug|Any CPU
		{FBAE78A0-E68C-4ED9-A1A8-5FCFD1695F39}.Debug|x86.ActiveCfg = Debug|Any CPU
		{FBAE78A0-E68C-4ED9-A1A8-5FCFD1695F39}.Debug|x86.Build.0 = Debug|Any CPU
		{FBAE78A0-E68C-4ED9-A1A8-5FCFD1695F39}.DebugNoTrace|Any CPU.ActiveCfg = Debug|Any CPU
		{FBAE78A0-E68C-4ED9-A1A8-5FCFD1695F39}.DebugNoTrace|Any CPU.Build.0 = Debug|Any CPU
		{FBAE78A0-E68C-4ED9-A1A8-5FCFD1695F39}.DebugNoTrace|x64.ActiveCfg = Debug|Any CPU
		{FBAE78A0-E68C-4ED9-A1A8-5FCFD1695F39}.DebugNoTrace|x64.Build.0 = Debug|Any CPU
		{FBAE78A0-E68C-4ED9-A1A8-5FCFD1695F39}.DebugNoTrace|x86.ActiveCfg = Debug|Any CPU
		{FBAE78A0-E68C-4ED9-A1A8-5FCFD1695F39}.DebugNoTrace|x86.Build.0 = Debug|Any CPU
		{FBAE78A0-E68C-4ED9-A1A8-5FCFD1695F39}.Release|Any CPU.ActiveCfg = Release|Any CPU
		{FBAE78A0-E68C-4ED9-A1A8-5FCFD1695F39}.Release|Any CPU.Build.0 = Release|Any CPU
		{FBAE78A0-E68C-4ED9-A1A8-5FCFD1695F39}.Release|x64.ActiveCfg = Release|Any CPU
		{FBAE78A0-E68C-4ED9-A1A8-5FCFD1695F39}.Release|x64.Build.0 = Release|Any CPU
		{FBAE78A0-E68C-4ED9-A1A8-5FCFD1695F39}.Release|x86.ActiveCfg = Release|Any CPU
		{FBAE78A0-E68C-4ED9-A1A8-5FCFD1695F39}.Release|x86.Build.0 = Release|Any CPU
		{FBAE78A0-E68C-4ED9-A1A8-5FCFD1695F39}.ReleaseNoTrace|Any CPU.ActiveCfg = Release|Any CPU
		{FBAE78A0-E68C-4ED9-A1A8-5FCFD1695F39}.ReleaseNoTrace|Any CPU.Build.0 = Release|Any CPU
		{FBAE78A0-E68C-4ED9-A1A8-5FCFD1695F39}.ReleaseNoTrace|x64.ActiveCfg = Release|Any CPU
		{FBAE78A0-E68C-4ED9-A1A8-5FCFD1695F39}.ReleaseNoTrace|x64.Build.0 = Release|Any CPU
		{FBAE78A0-E68C-4ED9-A1A8-5FCFD1695F39}.ReleaseNoTrace|x86.ActiveCfg = Release|Any CPU
		{FBAE78A0-E68C-4ED9-A1A8-5FCFD1695F39}.ReleaseNoTrace|x86.Build.0 = Release|Any CPU
		{BB3B66BB-8287-4CA9-BA93-A686DF41062E}.Debug|Any CPU.ActiveCfg = Debug|Any CPU
		{BB3B66BB-8287-4CA9-BA93-A686DF41062E}.Debug|Any CPU.Build.0 = Debug|Any CPU
		{BB3B66BB-8287-4CA9-BA93-A686DF41062E}.Debug|x64.ActiveCfg = Debug|Any CPU
		{BB3B66BB-8287-4CA9-BA93-A686DF41062E}.Debug|x64.Build.0 = Debug|Any CPU
		{BB3B66BB-8287-4CA9-BA93-A686DF41062E}.Debug|x86.ActiveCfg = Debug|Any CPU
		{BB3B66BB-8287-4CA9-BA93-A686DF41062E}.Debug|x86.Build.0 = Debug|Any CPU
		{BB3B66BB-8287-4CA9-BA93-A686DF41062E}.DebugNoTrace|Any CPU.ActiveCfg = Debug|Any CPU
		{BB3B66BB-8287-4CA9-BA93-A686DF41062E}.DebugNoTrace|Any CPU.Build.0 = Debug|Any CPU
		{BB3B66BB-8287-4CA9-BA93-A686DF41062E}.DebugNoTrace|x64.ActiveCfg = Debug|Any CPU
		{BB3B66BB-8287-4CA9-BA93-A686DF41062E}.DebugNoTrace|x64.Build.0 = Debug|Any CPU
		{BB3B66BB-8287-4CA9-BA93-A686DF41062E}.DebugNoTrace|x86.ActiveCfg = Debug|Any CPU
		{BB3B66BB-8287-4CA9-BA93-A686DF41062E}.DebugNoTrace|x86.Build.0 = Debug|Any CPU
		{BB3B66BB-8287-4CA9-BA93-A686DF41062E}.Release|Any CPU.ActiveCfg = Release|Any CPU
		{BB3B66BB-8287-4CA9-BA93-A686DF41062E}.Release|Any CPU.Build.0 = Release|Any CPU
		{BB3B66BB-8287-4CA9-BA93-A686DF41062E}.Release|x64.ActiveCfg = Release|Any CPU
		{BB3B66BB-8287-4CA9-BA93-A686DF41062E}.Release|x64.Build.0 = Release|Any CPU
		{BB3B66BB-8287-4CA9-BA93-A686DF41062E}.Release|x86.ActiveCfg = Release|Any CPU
		{BB3B66BB-8287-4CA9-BA93-A686DF41062E}.Release|x86.Build.0 = Release|Any CPU
		{BB3B66BB-8287-4CA9-BA93-A686DF41062E}.ReleaseNoTrace|Any CPU.ActiveCfg = Release|Any CPU
		{BB3B66BB-8287-4CA9-BA93-A686DF41062E}.ReleaseNoTrace|Any CPU.Build.0 = Release|Any CPU
		{BB3B66BB-8287-4CA9-BA93-A686DF41062E}.ReleaseNoTrace|x64.ActiveCfg = Release|Any CPU
		{BB3B66BB-8287-4CA9-BA93-A686DF41062E}.ReleaseNoTrace|x64.Build.0 = Release|Any CPU
		{BB3B66BB-8287-4CA9-BA93-A686DF41062E}.ReleaseNoTrace|x86.ActiveCfg = Release|Any CPU
		{BB3B66BB-8287-4CA9-BA93-A686DF41062E}.ReleaseNoTrace|x86.Build.0 = Release|Any CPU
		{80277C55-F818-4639-A4AB-8E42F013FA8B}.Debug|Any CPU.ActiveCfg = Debug|Win32
		{80277C55-F818-4639-A4AB-8E42F013FA8B}.Debug|Any CPU.Build.0 = Debug|Win32
		{80277C55-F818-4639-A4AB-8E42F013FA8B}.Debug|x64.ActiveCfg = Debug|x64
		{80277C55-F818-4639-A4AB-8E42F013FA8B}.Debug|x64.Build.0 = Debug|x64
		{80277C55-F818-4639-A4AB-8E42F013FA8B}.Debug|x86.ActiveCfg = Debug|Win32
		{80277C55-F818-4639-A4AB-8E42F013FA8B}.Debug|x86.Build.0 = Debug|Win32
		{80277C55-F818-4639-A4AB-8E42F013FA8B}.DebugNoTrace|Any CPU.ActiveCfg = Release|x64
		{80277C55-F818-4639-A4AB-8E42F013FA8B}.DebugNoTrace|Any CPU.Build.0 = Release|x64
		{80277C55-F818-4639-A4AB-8E42F013FA8B}.DebugNoTrace|x64.ActiveCfg = Debug|x64
		{80277C55-F818-4639-A4AB-8E42F013FA8B}.DebugNoTrace|x64.Build.0 = Debug|x64
		{80277C55-F818-4639-A4AB-8E42F013FA8B}.DebugNoTrace|x86.ActiveCfg = Debug|Win32
		{80277C55-F818-4639-A4AB-8E42F013FA8B}.DebugNoTrace|x86.Build.0 = Debug|Win32
		{80277C55-F818-4639-A4AB-8E42F013FA8B}.Release|Any CPU.ActiveCfg = Release|Win32
		{80277C55-F818-4639-A4AB-8E42F013FA8B}.Release|x64.ActiveCfg = Release|x64
		{80277C55-F818-4639-A4AB-8E42F013FA8B}.Release|x64.Build.0 = Release|x64
		{80277C55-F818-4639-A4AB-8E42F013FA8B}.Release|x86.ActiveCfg = Release|Win32
		{80277C55-F818-4639-A4AB-8E42F013FA8B}.Release|x86.Build.0 = Release|Win32
		{80277C55-F818-4639-A4AB-8E42F013FA8B}.ReleaseNoTrace|Any CPU.ActiveCfg = Release|x64
		{80277C55-F818-4639-A4AB-8E42F013FA8B}.ReleaseNoTrace|Any CPU.Build.0 = Release|x64
		{80277C55-F818-4639-A4AB-8E42F013FA8B}.ReleaseNoTrace|x64.ActiveCfg = Release|x64
		{80277C55-F818-4639-A4AB-8E42F013FA8B}.ReleaseNoTrace|x64.Build.0 = Release|x64
		{80277C55-F818-4639-A4AB-8E42F013FA8B}.ReleaseNoTrace|x86.ActiveCfg = Release|Win32
		{80277C55-F818-4639-A4AB-8E42F013FA8B}.ReleaseNoTrace|x86.Build.0 = Release|Win32
		{D276FFA5-0E92-4ED0-82D9-D5FE08AC69A8}.Debug|Any CPU.ActiveCfg = Debug|Any CPU
		{D276FFA5-0E92-4ED0-82D9-D5FE08AC69A8}.Debug|Any CPU.Build.0 = Debug|Any CPU
		{D276FFA5-0E92-4ED0-82D9-D5FE08AC69A8}.Debug|x64.ActiveCfg = Debug|Any CPU
		{D276FFA5-0E92-4ED0-82D9-D5FE08AC69A8}.Debug|x64.Build.0 = Debug|Any CPU
		{D276FFA5-0E92-4ED0-82D9-D5FE08AC69A8}.Debug|x86.ActiveCfg = Debug|Any CPU
		{D276FFA5-0E92-4ED0-82D9-D5FE08AC69A8}.Debug|x86.Build.0 = Debug|Any CPU
		{D276FFA5-0E92-4ED0-82D9-D5FE08AC69A8}.DebugNoTrace|Any CPU.ActiveCfg = Debug|Any CPU
		{D276FFA5-0E92-4ED0-82D9-D5FE08AC69A8}.DebugNoTrace|Any CPU.Build.0 = Debug|Any CPU
		{D276FFA5-0E92-4ED0-82D9-D5FE08AC69A8}.DebugNoTrace|x64.ActiveCfg = Debug|Any CPU
		{D276FFA5-0E92-4ED0-82D9-D5FE08AC69A8}.DebugNoTrace|x64.Build.0 = Debug|Any CPU
		{D276FFA5-0E92-4ED0-82D9-D5FE08AC69A8}.DebugNoTrace|x86.ActiveCfg = Debug|Any CPU
		{D276FFA5-0E92-4ED0-82D9-D5FE08AC69A8}.DebugNoTrace|x86.Build.0 = Debug|Any CPU
		{D276FFA5-0E92-4ED0-82D9-D5FE08AC69A8}.Release|Any CPU.ActiveCfg = Release|Any CPU
		{D276FFA5-0E92-4ED0-82D9-D5FE08AC69A8}.Release|Any CPU.Build.0 = Release|Any CPU
		{D276FFA5-0E92-4ED0-82D9-D5FE08AC69A8}.Release|x64.ActiveCfg = Release|Any CPU
		{D276FFA5-0E92-4ED0-82D9-D5FE08AC69A8}.Release|x64.Build.0 = Release|Any CPU
		{D276FFA5-0E92-4ED0-82D9-D5FE08AC69A8}.Release|x86.ActiveCfg = Release|Any CPU
		{D276FFA5-0E92-4ED0-82D9-D5FE08AC69A8}.Release|x86.Build.0 = Release|Any CPU
		{D276FFA5-0E92-4ED0-82D9-D5FE08AC69A8}.ReleaseNoTrace|Any CPU.ActiveCfg = Release|Any CPU
		{D276FFA5-0E92-4ED0-82D9-D5FE08AC69A8}.ReleaseNoTrace|Any CPU.Build.0 = Release|Any CPU
		{D276FFA5-0E92-4ED0-82D9-D5FE08AC69A8}.ReleaseNoTrace|x64.ActiveCfg = Release|Any CPU
		{D276FFA5-0E92-4ED0-82D9-D5FE08AC69A8}.ReleaseNoTrace|x64.Build.0 = Release|Any CPU
		{D276FFA5-0E92-4ED0-82D9-D5FE08AC69A8}.ReleaseNoTrace|x86.ActiveCfg = Release|Any CPU
		{D276FFA5-0E92-4ED0-82D9-D5FE08AC69A8}.ReleaseNoTrace|x86.Build.0 = Release|Any CPU
		{11F715DE-1C48-4503-AD49-31EC4BAD7045}.Debug|Any CPU.ActiveCfg = Debug|Any CPU
		{11F715DE-1C48-4503-AD49-31EC4BAD7045}.Debug|Any CPU.Build.0 = Debug|Any CPU
		{11F715DE-1C48-4503-AD49-31EC4BAD7045}.Debug|x64.ActiveCfg = Debug|Any CPU
		{11F715DE-1C48-4503-AD49-31EC4BAD7045}.Debug|x64.Build.0 = Debug|Any CPU
		{11F715DE-1C48-4503-AD49-31EC4BAD7045}.Debug|x86.ActiveCfg = Debug|Any CPU
		{11F715DE-1C48-4503-AD49-31EC4BAD7045}.Debug|x86.Build.0 = Debug|Any CPU
		{11F715DE-1C48-4503-AD49-31EC4BAD7045}.DebugNoTrace|Any CPU.ActiveCfg = Debug|Any CPU
		{11F715DE-1C48-4503-AD49-31EC4BAD7045}.DebugNoTrace|Any CPU.Build.0 = Debug|Any CPU
		{11F715DE-1C48-4503-AD49-31EC4BAD7045}.DebugNoTrace|x64.ActiveCfg = Debug|Any CPU
		{11F715DE-1C48-4503-AD49-31EC4BAD7045}.DebugNoTrace|x64.Build.0 = Debug|Any CPU
		{11F715DE-1C48-4503-AD49-31EC4BAD7045}.DebugNoTrace|x86.ActiveCfg = Debug|Any CPU
		{11F715DE-1C48-4503-AD49-31EC4BAD7045}.DebugNoTrace|x86.Build.0 = Debug|Any CPU
		{11F715DE-1C48-4503-AD49-31EC4BAD7045}.Release|Any CPU.ActiveCfg = Release|Any CPU
		{11F715DE-1C48-4503-AD49-31EC4BAD7045}.Release|Any CPU.Build.0 = Release|Any CPU
		{11F715DE-1C48-4503-AD49-31EC4BAD7045}.Release|x64.ActiveCfg = Release|Any CPU
		{11F715DE-1C48-4503-AD49-31EC4BAD7045}.Release|x64.Build.0 = Release|Any CPU
		{11F715DE-1C48-4503-AD49-31EC4BAD7045}.Release|x86.ActiveCfg = Release|Any CPU
		{11F715DE-1C48-4503-AD49-31EC4BAD7045}.Release|x86.Build.0 = Release|Any CPU
		{11F715DE-1C48-4503-AD49-31EC4BAD7045}.ReleaseNoTrace|Any CPU.ActiveCfg = Release|Any CPU
		{11F715DE-1C48-4503-AD49-31EC4BAD7045}.ReleaseNoTrace|Any CPU.Build.0 = Release|Any CPU
		{11F715DE-1C48-4503-AD49-31EC4BAD7045}.ReleaseNoTrace|x64.ActiveCfg = Release|Any CPU
		{11F715DE-1C48-4503-AD49-31EC4BAD7045}.ReleaseNoTrace|x64.Build.0 = Release|Any CPU
		{11F715DE-1C48-4503-AD49-31EC4BAD7045}.ReleaseNoTrace|x86.ActiveCfg = Release|Any CPU
		{11F715DE-1C48-4503-AD49-31EC4BAD7045}.ReleaseNoTrace|x86.Build.0 = Release|Any CPU
	EndGlobalSection
	GlobalSection(SolutionProperties) = preSolution
		HideSolutionNode = FALSE
	EndGlobalSection
	GlobalSection(ExtensibilityGlobals) = postSolution
		SolutionGuid = {8EAD2CA3-0BD7-4904-AD32-7A34F3305A10}
	EndGlobalSection
EndGlobal
