
Microsoft Visual Studio Solution File, Format Version 12.00
# Visual Studio Version 16
VisualStudioVersion = 16.0.30114.105
MinimumVisualStudioVersion = 10.0.40219.1
Project("{2150E333-8FDC-42A3-9474-1A3956D46DE8}") = "Solution Items", "Solution Items", "{3FAAC66B-5F58-4FD1-9305-05742B80B6D9}"
	ProjectSection(SolutionItems) = preProject
		AUTHORS = AUTHORS
		LICENSE = LICENSE
		README.md = README.md
	EndProjectSection
EndProject
Project("{9A19103F-16F7-4668-BE54-9A1E7A4F7556}") = "asplib.core", "src\asplib.core\asplib.core.csproj", "{E88F415A-E8F3-41F5-B01D-333016156042}"
EndProject
Project("{9A19103F-16F7-4668-BE54-9A1E7A4F7556}") = "asplib", "src\asplib\asplib.csproj", "{6797ADAB-49E9-4DAA-9FD9-9BCAECC334FB}"
EndProject
Project("{9A19103F-16F7-4668-BE54-9A1E7A4F7556}") = "smc", "src\smc\smc.csproj", "{FD2001E8-FDA4-4278-B6D8-E2733B3BE57B}"
EndProject
Project("{9A19103F-16F7-4668-BE54-9A1E7A4F7556}") = "asplib.websharper", "src\asplib.websharper\asplib.websharper.csproj", "{65C1BFB8-90E9-4BE8-8A18-0C43CC2F09CC}"
EndProject
Project("{9A19103F-16F7-4668-BE54-9A1E7A4F7556}") = "iselenium.websharper", "src\iselenium.websharper\iselenium.websharper.csproj", "{5A70F3A1-F1F3-4952-92D9-1318BB506454}"
EndProject
Project("{9A19103F-16F7-4668-BE54-9A1E7A4F7556}") = "iselenium.core", "src\iselenium.core\iselenium.core.csproj", "{AF4FF708-4AE6-45FE-90B7-4DB5197B514E}"
EndProject
Project("{9A19103F-16F7-4668-BE54-9A1E7A4F7556}") = "iselenium", "src\iselenium\iselenium.csproj", "{5CE04002-9F75-41EC-B323-99A6094D4517}"
EndProject
Project("{6EC3EE1D-3C4E-46DD-8F32-0CC8E7565705}") = "mandelbrot.frontend", "src\mandelbrot.frontend\mandelbrot.frontend.fsproj", "{FB90B043-8993-4827-B330-E45421AB8E5E}"
EndProject
Project("{6EC3EE1D-3C4E-46DD-8F32-0CC8E7565705}") = "mandelbrot.frontend.test", "src\mandelbrot.frontend.test\mandelbrot.frontend.test.fsproj", "{9C734CA6-81D7-4687-9A35-30B859729D28}"
EndProject
Project("{9A19103F-16F7-4668-BE54-9A1E7A4F7556}") = "mandelbrot.image", "src\mandelbrot.image\mandelbrot.image.csproj", "{4EF68472-5B2A-4702-A1F1-31BC8968E3E0}"
EndProject
Project("{9A19103F-16F7-4668-BE54-9A1E7A4F7556}") = "FractalSharp", "src\FractalSharp\FractalSharp\FractalSharp.csproj", "{874DD51F-94A9-4D66-A90A-C18FEF0BEB88}"
EndProject
Project("{9A19103F-16F7-4668-BE54-9A1E7A4F7556}") = "FractalSharp.Algorithms", "src\FractalSharp\FractalSharp.Algorithms\FractalSharp.Algorithms.csproj", "{3CE1AAEC-4229-415A-BD0D-6805D317084E}"
EndProject
Project("{8BC9CEB8-8B4A-11D0-8D11-00A0C91BC942}") = "mandelbrot.image_sm", "src\mandelbrot.image\smc\mandelbrot.image_sm.vcxproj", "{C54CDC88-8314-4764-BC84-8739A3937135}"
EndProject
Project("{9A19103F-16F7-4668-BE54-9A1E7A4F7556}") = "mandelbrot.image.test", "src\mandelbrot.image.test\mandelbrot.image.test.csproj", "{C9F1D2AE-BD16-4ED4-8A60-CA1CB9222C08}"
EndProject
Project("{6EC3EE1D-3C4E-46DD-8F32-0CC8E7565705}") = "mandelbrot.renderer", "src\mandelbrot.renderer\mandelbrot.renderer.fsproj", "{096EF219-14FA-4572-9366-782C04BDAE02}"
EndProject
Project("{6EC3EE1D-3C4E-46DD-8F32-0CC8E7565705}") = "mandelbrot.renderer.test", "src\mandelbrot.renderer.test\mandelbrot.renderer.test.fsproj", "{26BAF72C-D53B-41CB-8257-8E1C00C4B908}"
EndProject
Project("{6EC3EE1D-3C4E-46DD-8F32-0CC8E7565705}") = "mandelbrot.image.fs", "src\mandelbrot.image.fs\mandelbrot.image.fs.fsproj", "{245EE448-0CDD-43DD-889C-E4982D4F859D}"
EndProject
Project("{6EC3EE1D-3C4E-46DD-8F32-0CC8E7565705}") = "mandelbrot.imageviewmodel.fs", "src\mandelbrot.imageviewmodel.fs\mandelbrot.imageviewmodel.fs.fsproj", "{9453493B-53D0-4948-8442-6A06735BE468}"
EndProject
Project("{6EC3EE1D-3C4E-46DD-8F32-0CC8E7565705}") = "mandelbrot.frontend.guitest", "src\mandelbrot.frontend.guitest\mandelbrot.frontend.guitest.fsproj", "{94743DE7-A2FC-4489-88F4-CB80B05EA81C}"
EndProject
Project("{6EC3EE1D-3C4E-46DD-8F32-0CC8E7565705}") = "mandelbrot.frontend.guitest.runner", "src\mandelbrot.frontend.guitest.runner\mandelbrot.frontend.guitest.runner.fsproj", "{F1455689-4FE2-480C-80BA-30DC604A00C1}"
EndProject
Global
	GlobalSection(SolutionConfigurationPlatforms) = preSolution
		Debug|Any CPU = Debug|Any CPU
		Debug|x64 = Debug|x64
		Debug|x86 = Debug|x86
		DebugNoTrace|Any CPU = DebugNoTrace|Any CPU
		DebugNoTrace|x64 = DebugNoTrace|x64
		DebugNoTrace|x86 = DebugNoTrace|x86
		Release|Any CPU = Release|Any CPU
		Release|x64 = Release|x64
		Release|x86 = Release|x86
		ReleaseNoTrace|Any CPU = ReleaseNoTrace|Any CPU
		ReleaseNoTrace|x64 = ReleaseNoTrace|x64
		ReleaseNoTrace|x86 = ReleaseNoTrace|x86
	EndGlobalSection
	GlobalSection(ProjectConfigurationPlatforms) = postSolution
		{E88F415A-E8F3-41F5-B01D-333016156042}.Debug|Any CPU.ActiveCfg = Debug|Any CPU
		{E88F415A-E8F3-41F5-B01D-333016156042}.Debug|Any CPU.Build.0 = Debug|Any CPU
		{E88F415A-E8F3-41F5-B01D-333016156042}.Debug|x64.ActiveCfg = Debug|Any CPU
		{E88F415A-E8F3-41F5-B01D-333016156042}.Debug|x64.Build.0 = Debug|Any CPU
		{E88F415A-E8F3-41F5-B01D-333016156042}.Debug|x86.ActiveCfg = Debug|Any CPU
		{E88F415A-E8F3-41F5-B01D-333016156042}.Debug|x86.Build.0 = Debug|Any CPU
		{E88F415A-E8F3-41F5-B01D-333016156042}.DebugNoTrace|Any CPU.ActiveCfg = Debug|Any CPU
		{E88F415A-E8F3-41F5-B01D-333016156042}.DebugNoTrace|Any CPU.Build.0 = Debug|Any CPU
		{E88F415A-E8F3-41F5-B01D-333016156042}.DebugNoTrace|x64.ActiveCfg = Debug|Any CPU
		{E88F415A-E8F3-41F5-B01D-333016156042}.DebugNoTrace|x64.Build.0 = Debug|Any CPU
		{E88F415A-E8F3-41F5-B01D-333016156042}.DebugNoTrace|x86.ActiveCfg = Debug|Any CPU
		{E88F415A-E8F3-41F5-B01D-333016156042}.DebugNoTrace|x86.Build.0 = Debug|Any CPU
		{E88F415A-E8F3-41F5-B01D-333016156042}.Release|Any CPU.ActiveCfg = Release|Any CPU
		{E88F415A-E8F3-41F5-B01D-333016156042}.Release|Any CPU.Build.0 = Release|Any CPU
		{E88F415A-E8F3-41F5-B01D-333016156042}.Release|x64.ActiveCfg = Release|Any CPU
		{E88F415A-E8F3-41F5-B01D-333016156042}.Release|x64.Build.0 = Release|Any CPU
		{E88F415A-E8F3-41F5-B01D-333016156042}.Release|x86.ActiveCfg = Release|Any CPU
		{E88F415A-E8F3-41F5-B01D-333016156042}.Release|x86.Build.0 = Release|Any CPU
		{E88F415A-E8F3-41F5-B01D-333016156042}.ReleaseNoTrace|Any CPU.ActiveCfg = Release|Any CPU
		{E88F415A-E8F3-41F5-B01D-333016156042}.ReleaseNoTrace|Any CPU.Build.0 = Release|Any CPU
		{E88F415A-E8F3-41F5-B01D-333016156042}.ReleaseNoTrace|x64.ActiveCfg = Release|Any CPU
		{E88F415A-E8F3-41F5-B01D-333016156042}.ReleaseNoTrace|x64.Build.0 = Release|Any CPU
		{E88F415A-E8F3-41F5-B01D-333016156042}.ReleaseNoTrace|x86.ActiveCfg = Release|Any CPU
		{E88F415A-E8F3-41F5-B01D-333016156042}.ReleaseNoTrace|x86.Build.0 = Release|Any CPU
		{6797ADAB-49E9-4DAA-9FD9-9BCAECC334FB}.Debug|Any CPU.ActiveCfg = Debug|Any CPU
		{6797ADAB-49E9-4DAA-9FD9-9BCAECC334FB}.Debug|Any CPU.Build.0 = Debug|Any CPU
		{6797ADAB-49E9-4DAA-9FD9-9BCAECC334FB}.Debug|x64.ActiveCfg = Debug|Any CPU
		{6797ADAB-49E9-4DAA-9FD9-9BCAECC334FB}.Debug|x64.Build.0 = Debug|Any CPU
		{6797ADAB-49E9-4DAA-9FD9-9BCAECC334FB}.Debug|x86.ActiveCfg = Debug|Any CPU
		{6797ADAB-49E9-4DAA-9FD9-9BCAECC334FB}.Debug|x86.Build.0 = Debug|Any CPU
		{6797ADAB-49E9-4DAA-9FD9-9BCAECC334FB}.DebugNoTrace|Any CPU.ActiveCfg = Debug|Any CPU
		{6797ADAB-49E9-4DAA-9FD9-9BCAECC334FB}.DebugNoTrace|Any CPU.Build.0 = Debug|Any CPU
		{6797ADAB-49E9-4DAA-9FD9-9BCAECC334FB}.DebugNoTrace|x64.ActiveCfg = Debug|Any CPU
		{6797ADAB-49E9-4DAA-9FD9-9BCAECC334FB}.DebugNoTrace|x64.Build.0 = Debug|Any CPU
		{6797ADAB-49E9-4DAA-9FD9-9BCAECC334FB}.DebugNoTrace|x86.ActiveCfg = Debug|Any CPU
		{6797ADAB-49E9-4DAA-9FD9-9BCAECC334FB}.DebugNoTrace|x86.Build.0 = Debug|Any CPU
		{6797ADAB-49E9-4DAA-9FD9-9BCAECC334FB}.Release|Any CPU.ActiveCfg = Release|Any CPU
		{6797ADAB-49E9-4DAA-9FD9-9BCAECC334FB}.Release|Any CPU.Build.0 = Release|Any CPU
		{6797ADAB-49E9-4DAA-9FD9-9BCAECC334FB}.Release|x64.ActiveCfg = Release|Any CPU
		{6797ADAB-49E9-4DAA-9FD9-9BCAECC334FB}.Release|x64.Build.0 = Release|Any CPU
		{6797ADAB-49E9-4DAA-9FD9-9BCAECC334FB}.Release|x86.ActiveCfg = Release|Any CPU
		{6797ADAB-49E9-4DAA-9FD9-9BCAECC334FB}.Release|x86.Build.0 = Release|Any CPU
		{6797ADAB-49E9-4DAA-9FD9-9BCAECC334FB}.ReleaseNoTrace|Any CPU.ActiveCfg = Release|Any CPU
		{6797ADAB-49E9-4DAA-9FD9-9BCAECC334FB}.ReleaseNoTrace|Any CPU.Build.0 = Release|Any CPU
		{6797ADAB-49E9-4DAA-9FD9-9BCAECC334FB}.ReleaseNoTrace|x64.ActiveCfg = Release|Any CPU
		{6797ADAB-49E9-4DAA-9FD9-9BCAECC334FB}.ReleaseNoTrace|x64.Build.0 = Release|Any CPU
		{6797ADAB-49E9-4DAA-9FD9-9BCAECC334FB}.ReleaseNoTrace|x86.ActiveCfg = Release|Any CPU
		{6797ADAB-49E9-4DAA-9FD9-9BCAECC334FB}.ReleaseNoTrace|x86.Build.0 = Release|Any CPU
		{FD2001E8-FDA4-4278-B6D8-E2733B3BE57B}.Debug|Any CPU.ActiveCfg = Debug|Any CPU
		{FD2001E8-FDA4-4278-B6D8-E2733B3BE57B}.Debug|Any CPU.Build.0 = Debug|Any CPU
		{FD2001E8-FDA4-4278-B6D8-E2733B3BE57B}.Debug|x64.ActiveCfg = Debug|Any CPU
		{FD2001E8-FDA4-4278-B6D8-E2733B3BE57B}.Debug|x64.Build.0 = Debug|Any CPU
		{FD2001E8-FDA4-4278-B6D8-E2733B3BE57B}.Debug|x86.ActiveCfg = Debug|Any CPU
		{FD2001E8-FDA4-4278-B6D8-E2733B3BE57B}.Debug|x86.Build.0 = Debug|Any CPU
		{FD2001E8-FDA4-4278-B6D8-E2733B3BE57B}.DebugNoTrace|Any CPU.ActiveCfg = Debug|Any CPU
		{FD2001E8-FDA4-4278-B6D8-E2733B3BE57B}.DebugNoTrace|Any CPU.Build.0 = Debug|Any CPU
		{FD2001E8-FDA4-4278-B6D8-E2733B3BE57B}.DebugNoTrace|x64.ActiveCfg = Debug|Any CPU
		{FD2001E8-FDA4-4278-B6D8-E2733B3BE57B}.DebugNoTrace|x64.Build.0 = Debug|Any CPU
		{FD2001E8-FDA4-4278-B6D8-E2733B3BE57B}.DebugNoTrace|x86.ActiveCfg = Debug|Any CPU
		{FD2001E8-FDA4-4278-B6D8-E2733B3BE57B}.DebugNoTrace|x86.Build.0 = Debug|Any CPU
		{FD2001E8-FDA4-4278-B6D8-E2733B3BE57B}.Release|Any CPU.ActiveCfg = Release|Any CPU
		{FD2001E8-FDA4-4278-B6D8-E2733B3BE57B}.Release|Any CPU.Build.0 = Release|Any CPU
		{FD2001E8-FDA4-4278-B6D8-E2733B3BE57B}.Release|x64.ActiveCfg = Release|Any CPU
		{FD2001E8-FDA4-4278-B6D8-E2733B3BE57B}.Release|x64.Build.0 = Release|Any CPU
		{FD2001E8-FDA4-4278-B6D8-E2733B3BE57B}.Release|x86.ActiveCfg = Release|Any CPU
		{FD2001E8-FDA4-4278-B6D8-E2733B3BE57B}.Release|x86.Build.0 = Release|Any CPU
		{FD2001E8-FDA4-4278-B6D8-E2733B3BE57B}.ReleaseNoTrace|Any CPU.ActiveCfg = Release|Any CPU
		{FD2001E8-FDA4-4278-B6D8-E2733B3BE57B}.ReleaseNoTrace|Any CPU.Build.0 = Release|Any CPU
		{FD2001E8-FDA4-4278-B6D8-E2733B3BE57B}.ReleaseNoTrace|x64.ActiveCfg = Release|Any CPU
		{FD2001E8-FDA4-4278-B6D8-E2733B3BE57B}.ReleaseNoTrace|x64.Build.0 = Release|Any CPU
		{FD2001E8-FDA4-4278-B6D8-E2733B3BE57B}.ReleaseNoTrace|x86.ActiveCfg = Release|Any CPU
		{FD2001E8-FDA4-4278-B6D8-E2733B3BE57B}.ReleaseNoTrace|x86.Build.0 = Release|Any CPU
		{65C1BFB8-90E9-4BE8-8A18-0C43CC2F09CC}.Debug|Any CPU.ActiveCfg = Debug|Any CPU
		{65C1BFB8-90E9-4BE8-8A18-0C43CC2F09CC}.Debug|Any CPU.Build.0 = Debug|Any CPU
		{65C1BFB8-90E9-4BE8-8A18-0C43CC2F09CC}.Debug|x64.ActiveCfg = Debug|Any CPU
		{65C1BFB8-90E9-4BE8-8A18-0C43CC2F09CC}.Debug|x64.Build.0 = Debug|Any CPU
		{65C1BFB8-90E9-4BE8-8A18-0C43CC2F09CC}.Debug|x86.ActiveCfg = Debug|Any CPU
		{65C1BFB8-90E9-4BE8-8A18-0C43CC2F09CC}.Debug|x86.Build.0 = Debug|Any CPU
		{65C1BFB8-90E9-4BE8-8A18-0C43CC2F09CC}.DebugNoTrace|Any CPU.ActiveCfg = Debug|Any CPU
		{65C1BFB8-90E9-4BE8-8A18-0C43CC2F09CC}.DebugNoTrace|Any CPU.Build.0 = Debug|Any CPU
		{65C1BFB8-90E9-4BE8-8A18-0C43CC2F09CC}.DebugNoTrace|x64.ActiveCfg = Debug|Any CPU
		{65C1BFB8-90E9-4BE8-8A18-0C43CC2F09CC}.DebugNoTrace|x64.Build.0 = Debug|Any CPU
		{65C1BFB8-90E9-4BE8-8A18-0C43CC2F09CC}.DebugNoTrace|x86.ActiveCfg = Debug|Any CPU
		{65C1BFB8-90E9-4BE8-8A18-0C43CC2F09CC}.DebugNoTrace|x86.Build.0 = Debug|Any CPU
		{65C1BFB8-90E9-4BE8-8A18-0C43CC2F09CC}.Release|Any CPU.ActiveCfg = Release|Any CPU
		{65C1BFB8-90E9-4BE8-8A18-0C43CC2F09CC}.Release|Any CPU.Build.0 = Release|Any CPU
		{65C1BFB8-90E9-4BE8-8A18-0C43CC2F09CC}.Release|x64.ActiveCfg = Release|Any CPU
		{65C1BFB8-90E9-4BE8-8A18-0C43CC2F09CC}.Release|x64.Build.0 = Release|Any CPU
		{65C1BFB8-90E9-4BE8-8A18-0C43CC2F09CC}.Release|x86.ActiveCfg = Release|Any CPU
		{65C1BFB8-90E9-4BE8-8A18-0C43CC2F09CC}.Release|x86.Build.0 = Release|Any CPU
		{65C1BFB8-90E9-4BE8-8A18-0C43CC2F09CC}.ReleaseNoTrace|Any CPU.ActiveCfg = Release|Any CPU
		{65C1BFB8-90E9-4BE8-8A18-0C43CC2F09CC}.ReleaseNoTrace|Any CPU.Build.0 = Release|Any CPU
		{65C1BFB8-90E9-4BE8-8A18-0C43CC2F09CC}.ReleaseNoTrace|x64.ActiveCfg = Release|Any CPU
		{65C1BFB8-90E9-4BE8-8A18-0C43CC2F09CC}.ReleaseNoTrace|x64.Build.0 = Release|Any CPU
		{65C1BFB8-90E9-4BE8-8A18-0C43CC2F09CC}.ReleaseNoTrace|x86.ActiveCfg = Release|Any CPU
		{65C1BFB8-90E9-4BE8-8A18-0C43CC2F09CC}.ReleaseNoTrace|x86.Build.0 = Release|Any CPU
		{5A70F3A1-F1F3-4952-92D9-1318BB506454}.Debug|Any CPU.ActiveCfg = Debug|Any CPU
		{5A70F3A1-F1F3-4952-92D9-1318BB506454}.Debug|Any CPU.Build.0 = Debug|Any CPU
		{5A70F3A1-F1F3-4952-92D9-1318BB506454}.Debug|x64.ActiveCfg = Debug|Any CPU
		{5A70F3A1-F1F3-4952-92D9-1318BB506454}.Debug|x64.Build.0 = Debug|Any CPU
		{5A70F3A1-F1F3-4952-92D9-1318BB506454}.Debug|x86.ActiveCfg = Debug|Any CPU
		{5A70F3A1-F1F3-4952-92D9-1318BB506454}.Debug|x86.Build.0 = Debug|Any CPU
		{5A70F3A1-F1F3-4952-92D9-1318BB506454}.DebugNoTrace|Any CPU.ActiveCfg = Debug|Any CPU
		{5A70F3A1-F1F3-4952-92D9-1318BB506454}.DebugNoTrace|Any CPU.Build.0 = Debug|Any CPU
		{5A70F3A1-F1F3-4952-92D9-1318BB506454}.DebugNoTrace|x64.ActiveCfg = Debug|Any CPU
		{5A70F3A1-F1F3-4952-92D9-1318BB506454}.DebugNoTrace|x64.Build.0 = Debug|Any CPU
		{5A70F3A1-F1F3-4952-92D9-1318BB506454}.DebugNoTrace|x86.ActiveCfg = Debug|Any CPU
		{5A70F3A1-F1F3-4952-92D9-1318BB506454}.DebugNoTrace|x86.Build.0 = Debug|Any CPU
		{5A70F3A1-F1F3-4952-92D9-1318BB506454}.Release|Any CPU.ActiveCfg = Release|Any CPU
		{5A70F3A1-F1F3-4952-92D9-1318BB506454}.Release|Any CPU.Build.0 = Release|Any CPU
		{5A70F3A1-F1F3-4952-92D9-1318BB506454}.Release|x64.ActiveCfg = Release|Any CPU
		{5A70F3A1-F1F3-4952-92D9-1318BB506454}.Release|x64.Build.0 = Release|Any CPU
		{5A70F3A1-F1F3-4952-92D9-1318BB506454}.Release|x86.ActiveCfg = Release|Any CPU
		{5A70F3A1-F1F3-4952-92D9-1318BB506454}.Release|x86.Build.0 = Release|Any CPU
		{5A70F3A1-F1F3-4952-92D9-1318BB506454}.ReleaseNoTrace|Any CPU.ActiveCfg = Release|Any CPU
		{5A70F3A1-F1F3-4952-92D9-1318BB506454}.ReleaseNoTrace|Any CPU.Build.0 = Release|Any CPU
		{5A70F3A1-F1F3-4952-92D9-1318BB506454}.ReleaseNoTrace|x64.ActiveCfg = Release|Any CPU
		{5A70F3A1-F1F3-4952-92D9-1318BB506454}.ReleaseNoTrace|x64.Build.0 = Release|Any CPU
		{5A70F3A1-F1F3-4952-92D9-1318BB506454}.ReleaseNoTrace|x86.ActiveCfg = Release|Any CPU
		{5A70F3A1-F1F3-4952-92D9-1318BB506454}.ReleaseNoTrace|x86.Build.0 = Release|Any CPU
		{AF4FF708-4AE6-45FE-90B7-4DB5197B514E}.Debug|Any CPU.ActiveCfg = Debug|Any CPU
		{AF4FF708-4AE6-45FE-90B7-4DB5197B514E}.Debug|Any CPU.Build.0 = Debug|Any CPU
		{AF4FF708-4AE6-45FE-90B7-4DB5197B514E}.Debug|x64.ActiveCfg = Debug|Any CPU
		{AF4FF708-4AE6-45FE-90B7-4DB5197B514E}.Debug|x64.Build.0 = Debug|Any CPU
		{AF4FF708-4AE6-45FE-90B7-4DB5197B514E}.Debug|x86.ActiveCfg = Debug|Any CPU
		{AF4FF708-4AE6-45FE-90B7-4DB5197B514E}.Debug|x86.Build.0 = Debug|Any CPU
		{AF4FF708-4AE6-45FE-90B7-4DB5197B514E}.DebugNoTrace|Any CPU.ActiveCfg = Debug|Any CPU
		{AF4FF708-4AE6-45FE-90B7-4DB5197B514E}.DebugNoTrace|Any CPU.Build.0 = Debug|Any CPU
		{AF4FF708-4AE6-45FE-90B7-4DB5197B514E}.DebugNoTrace|x64.ActiveCfg = Debug|Any CPU
		{AF4FF708-4AE6-45FE-90B7-4DB5197B514E}.DebugNoTrace|x64.Build.0 = Debug|Any CPU
		{AF4FF708-4AE6-45FE-90B7-4DB5197B514E}.DebugNoTrace|x86.ActiveCfg = Debug|Any CPU
		{AF4FF708-4AE6-45FE-90B7-4DB5197B514E}.DebugNoTrace|x86.Build.0 = Debug|Any CPU
		{AF4FF708-4AE6-45FE-90B7-4DB5197B514E}.Release|Any CPU.ActiveCfg = Release|Any CPU
		{AF4FF708-4AE6-45FE-90B7-4DB5197B514E}.Release|Any CPU.Build.0 = Release|Any CPU
		{AF4FF708-4AE6-45FE-90B7-4DB5197B514E}.Release|x64.ActiveCfg = Release|Any CPU
		{AF4FF708-4AE6-45FE-90B7-4DB5197B514E}.Release|x64.Build.0 = Release|Any CPU
		{AF4FF708-4AE6-45FE-90B7-4DB5197B514E}.Release|x86.ActiveCfg = Release|Any CPU
		{AF4FF708-4AE6-45FE-90B7-4DB5197B514E}.Release|x86.Build.0 = Release|Any CPU
		{AF4FF708-4AE6-45FE-90B7-4DB5197B514E}.ReleaseNoTrace|Any CPU.ActiveCfg = Release|Any CPU
		{AF4FF708-4AE6-45FE-90B7-4DB5197B514E}.ReleaseNoTrace|Any CPU.Build.0 = Release|Any CPU
		{AF4FF708-4AE6-45FE-90B7-4DB5197B514E}.ReleaseNoTrace|x64.ActiveCfg = Release|Any CPU
		{AF4FF708-4AE6-45FE-90B7-4DB5197B514E}.ReleaseNoTrace|x64.Build.0 = Release|Any CPU
		{AF4FF708-4AE6-45FE-90B7-4DB5197B514E}.ReleaseNoTrace|x86.ActiveCfg = Release|Any CPU
		{AF4FF708-4AE6-45FE-90B7-4DB5197B514E}.ReleaseNoTrace|x86.Build.0 = Release|Any CPU
		{5CE04002-9F75-41EC-B323-99A6094D4517}.Debug|Any CPU.ActiveCfg = Debug|Any CPU
		{5CE04002-9F75-41EC-B323-99A6094D4517}.Debug|Any CPU.Build.0 = Debug|Any CPU
		{5CE04002-9F75-41EC-B323-99A6094D4517}.Debug|x64.ActiveCfg = Debug|Any CPU
		{5CE04002-9F75-41EC-B323-99A6094D4517}.Debug|x64.Build.0 = Debug|Any CPU
		{5CE04002-9F75-41EC-B323-99A6094D4517}.Debug|x86.ActiveCfg = Debug|Any CPU
		{5CE04002-9F75-41EC-B323-99A6094D4517}.Debug|x86.Build.0 = Debug|Any CPU
		{5CE04002-9F75-41EC-B323-99A6094D4517}.DebugNoTrace|Any CPU.ActiveCfg = Debug|Any CPU
		{5CE04002-9F75-41EC-B323-99A6094D4517}.DebugNoTrace|Any CPU.Build.0 = Debug|Any CPU
		{5CE04002-9F75-41EC-B323-99A6094D4517}.DebugNoTrace|x64.ActiveCfg = Debug|Any CPU
		{5CE04002-9F75-41EC-B323-99A6094D4517}.DebugNoTrace|x64.Build.0 = Debug|Any CPU
		{5CE04002-9F75-41EC-B323-99A6094D4517}.DebugNoTrace|x86.ActiveCfg = Debug|Any CPU
		{5CE04002-9F75-41EC-B323-99A6094D4517}.DebugNoTrace|x86.Build.0 = Debug|Any CPU
		{5CE04002-9F75-41EC-B323-99A6094D4517}.Release|Any CPU.ActiveCfg = Release|Any CPU
		{5CE04002-9F75-41EC-B323-99A6094D4517}.Release|Any CPU.Build.0 = Release|Any CPU
		{5CE04002-9F75-41EC-B323-99A6094D4517}.Release|x64.ActiveCfg = Release|Any CPU
		{5CE04002-9F75-41EC-B323-99A6094D4517}.Release|x64.Build.0 = Release|Any CPU
		{5CE04002-9F75-41EC-B323-99A6094D4517}.Release|x86.ActiveCfg = Release|Any CPU
		{5CE04002-9F75-41EC-B323-99A6094D4517}.Release|x86.Build.0 = Release|Any CPU
		{5CE04002-9F75-41EC-B323-99A6094D4517}.ReleaseNoTrace|Any CPU.ActiveCfg = Release|Any CPU
		{5CE04002-9F75-41EC-B323-99A6094D4517}.ReleaseNoTrace|Any CPU.Build.0 = Release|Any CPU
		{5CE04002-9F75-41EC-B323-99A6094D4517}.ReleaseNoTrace|x64.ActiveCfg = Release|Any CPU
		{5CE04002-9F75-41EC-B323-99A6094D4517}.ReleaseNoTrace|x64.Build.0 = Release|Any CPU
		{5CE04002-9F75-41EC-B323-99A6094D4517}.ReleaseNoTrace|x86.ActiveCfg = Release|Any CPU
		{5CE04002-9F75-41EC-B323-99A6094D4517}.ReleaseNoTrace|x86.Build.0 = Release|Any CPU
		{FB90B043-8993-4827-B330-E45421AB8E5E}.Debug|Any CPU.ActiveCfg = Debug|Any CPU
		{FB90B043-8993-4827-B330-E45421AB8E5E}.Debug|Any CPU.Build.0 = Debug|Any CPU
		{FB90B043-8993-4827-B330-E45421AB8E5E}.Debug|x64.ActiveCfg = Debug|Any CPU
		{FB90B043-8993-4827-B330-E45421AB8E5E}.Debug|x64.Build.0 = Debug|Any CPU
		{FB90B043-8993-4827-B330-E45421AB8E5E}.Debug|x86.ActiveCfg = Debug|Any CPU
		{FB90B043-8993-4827-B330-E45421AB8E5E}.Debug|x86.Build.0 = Debug|Any CPU
		{FB90B043-8993-4827-B330-E45421AB8E5E}.DebugNoTrace|Any CPU.ActiveCfg = Debug|Any CPU
		{FB90B043-8993-4827-B330-E45421AB8E5E}.DebugNoTrace|Any CPU.Build.0 = Debug|Any CPU
		{FB90B043-8993-4827-B330-E45421AB8E5E}.DebugNoTrace|x64.ActiveCfg = Debug|Any CPU
		{FB90B043-8993-4827-B330-E45421AB8E5E}.DebugNoTrace|x64.Build.0 = Debug|Any CPU
		{FB90B043-8993-4827-B330-E45421AB8E5E}.DebugNoTrace|x86.ActiveCfg = Debug|Any CPU
		{FB90B043-8993-4827-B330-E45421AB8E5E}.DebugNoTrace|x86.Build.0 = Debug|Any CPU
		{FB90B043-8993-4827-B330-E45421AB8E5E}.Release|Any CPU.ActiveCfg = Release|Any CPU
		{FB90B043-8993-4827-B330-E45421AB8E5E}.Release|Any CPU.Build.0 = Release|Any CPU
		{FB90B043-8993-4827-B330-E45421AB8E5E}.Release|x64.ActiveCfg = Release|Any CPU
		{FB90B043-8993-4827-B330-E45421AB8E5E}.Release|x64.Build.0 = Release|Any CPU
		{FB90B043-8993-4827-B330-E45421AB8E5E}.Release|x86.ActiveCfg = Release|Any CPU
		{FB90B043-8993-4827-B330-E45421AB8E5E}.Release|x86.Build.0 = Release|Any CPU
		{FB90B043-8993-4827-B330-E45421AB8E5E}.ReleaseNoTrace|Any CPU.ActiveCfg = Release|Any CPU
		{FB90B043-8993-4827-B330-E45421AB8E5E}.ReleaseNoTrace|Any CPU.Build.0 = Release|Any CPU
		{FB90B043-8993-4827-B330-E45421AB8E5E}.ReleaseNoTrace|x64.ActiveCfg = Release|Any CPU
		{FB90B043-8993-4827-B330-E45421AB8E5E}.ReleaseNoTrace|x64.Build.0 = Release|Any CPU
		{FB90B043-8993-4827-B330-E45421AB8E5E}.ReleaseNoTrace|x86.ActiveCfg = Release|Any CPU
		{FB90B043-8993-4827-B330-E45421AB8E5E}.ReleaseNoTrace|x86.Build.0 = Release|Any CPU
		{9C734CA6-81D7-4687-9A35-30B859729D28}.Debug|Any CPU.ActiveCfg = Debug|Any CPU
		{9C734CA6-81D7-4687-9A35-30B859729D28}.Debug|Any CPU.Build.0 = Debug|Any CPU
		{9C734CA6-81D7-4687-9A35-30B859729D28}.Debug|x64.ActiveCfg = Debug|Any CPU
		{9C734CA6-81D7-4687-9A35-30B859729D28}.Debug|x64.Build.0 = Debug|Any CPU
		{9C734CA6-81D7-4687-9A35-30B859729D28}.Debug|x86.ActiveCfg = Debug|Any CPU
		{9C734CA6-81D7-4687-9A35-30B859729D28}.Debug|x86.Build.0 = Debug|Any CPU
		{9C734CA6-81D7-4687-9A35-30B859729D28}.DebugNoTrace|Any CPU.ActiveCfg = Debug|Any CPU
		{9C734CA6-81D7-4687-9A35-30B859729D28}.DebugNoTrace|Any CPU.Build.0 = Debug|Any CPU
		{9C734CA6-81D7-4687-9A35-30B859729D28}.DebugNoTrace|x64.ActiveCfg = Debug|Any CPU
		{9C734CA6-81D7-4687-9A35-30B859729D28}.DebugNoTrace|x64.Build.0 = Debug|Any CPU
		{9C734CA6-81D7-4687-9A35-30B859729D28}.DebugNoTrace|x86.ActiveCfg = Debug|Any CPU
		{9C734CA6-81D7-4687-9A35-30B859729D28}.DebugNoTrace|x86.Build.0 = Debug|Any CPU
		{9C734CA6-81D7-4687-9A35-30B859729D28}.Release|Any CPU.ActiveCfg = Release|Any CPU
		{9C734CA6-81D7-4687-9A35-30B859729D28}.Release|Any CPU.Build.0 = Release|Any CPU
		{9C734CA6-81D7-4687-9A35-30B859729D28}.Release|x64.ActiveCfg = Release|Any CPU
		{9C734CA6-81D7-4687-9A35-30B859729D28}.Release|x64.Build.0 = Release|Any CPU
		{9C734CA6-81D7-4687-9A35-30B859729D28}.Release|x86.ActiveCfg = Release|Any CPU
		{9C734CA6-81D7-4687-9A35-30B859729D28}.Release|x86.Build.0 = Release|Any CPU
		{9C734CA6-81D7-4687-9A35-30B859729D28}.ReleaseNoTrace|Any CPU.ActiveCfg = Release|Any CPU
		{9C734CA6-81D7-4687-9A35-30B859729D28}.ReleaseNoTrace|Any CPU.Build.0 = Release|Any CPU
		{9C734CA6-81D7-4687-9A35-30B859729D28}.ReleaseNoTrace|x64.ActiveCfg = Release|Any CPU
		{9C734CA6-81D7-4687-9A35-30B859729D28}.ReleaseNoTrace|x64.Build.0 = Release|Any CPU
		{9C734CA6-81D7-4687-9A35-30B859729D28}.ReleaseNoTrace|x86.ActiveCfg = Release|Any CPU
		{9C734CA6-81D7-4687-9A35-30B859729D28}.ReleaseNoTrace|x86.Build.0 = Release|Any CPU
		{4EF68472-5B2A-4702-A1F1-31BC8968E3E0}.Debug|Any CPU.ActiveCfg = Debug|Any CPU
		{4EF68472-5B2A-4702-A1F1-31BC8968E3E0}.Debug|Any CPU.Build.0 = Debug|Any CPU
		{4EF68472-5B2A-4702-A1F1-31BC8968E3E0}.Debug|x64.ActiveCfg = Debug|Any CPU
		{4EF68472-5B2A-4702-A1F1-31BC8968E3E0}.Debug|x64.Build.0 = Debug|Any CPU
		{4EF68472-5B2A-4702-A1F1-31BC8968E3E0}.Debug|x86.ActiveCfg = Debug|Any CPU
		{4EF68472-5B2A-4702-A1F1-31BC8968E3E0}.Debug|x86.Build.0 = Debug|Any CPU
		{4EF68472-5B2A-4702-A1F1-31BC8968E3E0}.DebugNoTrace|Any CPU.ActiveCfg = Debug|Any CPU
		{4EF68472-5B2A-4702-A1F1-31BC8968E3E0}.DebugNoTrace|Any CPU.Build.0 = Debug|Any CPU
		{4EF68472-5B2A-4702-A1F1-31BC8968E3E0}.DebugNoTrace|x64.ActiveCfg = Debug|Any CPU
		{4EF68472-5B2A-4702-A1F1-31BC8968E3E0}.DebugNoTrace|x64.Build.0 = Debug|Any CPU
		{4EF68472-5B2A-4702-A1F1-31BC8968E3E0}.DebugNoTrace|x86.ActiveCfg = Debug|Any CPU
		{4EF68472-5B2A-4702-A1F1-31BC8968E3E0}.DebugNoTrace|x86.Build.0 = Debug|Any CPU
		{4EF68472-5B2A-4702-A1F1-31BC8968E3E0}.Release|Any CPU.ActiveCfg = Release|Any CPU
		{4EF68472-5B2A-4702-A1F1-31BC8968E3E0}.Release|Any CPU.Build.0 = Release|Any CPU
		{4EF68472-5B2A-4702-A1F1-31BC8968E3E0}.Release|x64.ActiveCfg = Release|Any CPU
		{4EF68472-5B2A-4702-A1F1-31BC8968E3E0}.Release|x64.Build.0 = Release|Any CPU
		{4EF68472-5B2A-4702-A1F1-31BC8968E3E0}.Release|x86.ActiveCfg = Release|Any CPU
		{4EF68472-5B2A-4702-A1F1-31BC8968E3E0}.Release|x86.Build.0 = Release|Any CPU
		{4EF68472-5B2A-4702-A1F1-31BC8968E3E0}.ReleaseNoTrace|Any CPU.ActiveCfg = Release|Any CPU
		{4EF68472-5B2A-4702-A1F1-31BC8968E3E0}.ReleaseNoTrace|Any CPU.Build.0 = Release|Any CPU
		{4EF68472-5B2A-4702-A1F1-31BC8968E3E0}.ReleaseNoTrace|x64.ActiveCfg = Release|Any CPU
		{4EF68472-5B2A-4702-A1F1-31BC8968E3E0}.ReleaseNoTrace|x64.Build.0 = Release|Any CPU
		{4EF68472-5B2A-4702-A1F1-31BC8968E3E0}.ReleaseNoTrace|x86.ActiveCfg = Release|Any CPU
		{4EF68472-5B2A-4702-A1F1-31BC8968E3E0}.ReleaseNoTrace|x86.Build.0 = Release|Any CPU
		{874DD51F-94A9-4D66-A90A-C18FEF0BEB88}.Debug|Any CPU.ActiveCfg = Debug|Any CPU
		{874DD51F-94A9-4D66-A90A-C18FEF0BEB88}.Debug|Any CPU.Build.0 = Debug|Any CPU
		{874DD51F-94A9-4D66-A90A-C18FEF0BEB88}.Debug|x64.ActiveCfg = Debug|Any CPU
		{874DD51F-94A9-4D66-A90A-C18FEF0BEB88}.Debug|x64.Build.0 = Debug|Any CPU
		{874DD51F-94A9-4D66-A90A-C18FEF0BEB88}.Debug|x86.ActiveCfg = Debug|Any CPU
		{874DD51F-94A9-4D66-A90A-C18FEF0BEB88}.Debug|x86.Build.0 = Debug|Any CPU
		{874DD51F-94A9-4D66-A90A-C18FEF0BEB88}.DebugNoTrace|Any CPU.ActiveCfg = Debug|Any CPU
		{874DD51F-94A9-4D66-A90A-C18FEF0BEB88}.DebugNoTrace|Any CPU.Build.0 = Debug|Any CPU
		{874DD51F-94A9-4D66-A90A-C18FEF0BEB88}.DebugNoTrace|x64.ActiveCfg = Debug|Any CPU
		{874DD51F-94A9-4D66-A90A-C18FEF0BEB88}.DebugNoTrace|x64.Build.0 = Debug|Any CPU
		{874DD51F-94A9-4D66-A90A-C18FEF0BEB88}.DebugNoTrace|x86.ActiveCfg = Debug|Any CPU
		{874DD51F-94A9-4D66-A90A-C18FEF0BEB88}.DebugNoTrace|x86.Build.0 = Debug|Any CPU
		{874DD51F-94A9-4D66-A90A-C18FEF0BEB88}.Release|Any CPU.ActiveCfg = Release|Any CPU
		{874DD51F-94A9-4D66-A90A-C18FEF0BEB88}.Release|Any CPU.Build.0 = Release|Any CPU
		{874DD51F-94A9-4D66-A90A-C18FEF0BEB88}.Release|x64.ActiveCfg = Release|Any CPU
		{874DD51F-94A9-4D66-A90A-C18FEF0BEB88}.Release|x64.Build.0 = Release|Any CPU
		{874DD51F-94A9-4D66-A90A-C18FEF0BEB88}.Release|x86.ActiveCfg = Release|Any CPU
		{874DD51F-94A9-4D66-A90A-C18FEF0BEB88}.Release|x86.Build.0 = Release|Any CPU
		{874DD51F-94A9-4D66-A90A-C18FEF0BEB88}.ReleaseNoTrace|Any CPU.ActiveCfg = Release|Any CPU
		{874DD51F-94A9-4D66-A90A-C18FEF0BEB88}.ReleaseNoTrace|Any CPU.Build.0 = Release|Any CPU
		{874DD51F-94A9-4D66-A90A-C18FEF0BEB88}.ReleaseNoTrace|x64.ActiveCfg = Release|Any CPU
		{874DD51F-94A9-4D66-A90A-C18FEF0BEB88}.ReleaseNoTrace|x64.Build.0 = Release|Any CPU
		{874DD51F-94A9-4D66-A90A-C18FEF0BEB88}.ReleaseNoTrace|x86.ActiveCfg = Release|Any CPU
		{874DD51F-94A9-4D66-A90A-C18FEF0BEB88}.ReleaseNoTrace|x86.Build.0 = Release|Any CPU
		{3CE1AAEC-4229-415A-BD0D-6805D317084E}.Debug|Any CPU.ActiveCfg = Debug|Any CPU
		{3CE1AAEC-4229-415A-BD0D-6805D317084E}.Debug|Any CPU.Build.0 = Debug|Any CPU
		{3CE1AAEC-4229-415A-BD0D-6805D317084E}.Debug|x64.ActiveCfg = Debug|Any CPU
		{3CE1AAEC-4229-415A-BD0D-6805D317084E}.Debug|x64.Build.0 = Debug|Any CPU
		{3CE1AAEC-4229-415A-BD0D-6805D317084E}.Debug|x86.ActiveCfg = Debug|Any CPU
		{3CE1AAEC-4229-415A-BD0D-6805D317084E}.Debug|x86.Build.0 = Debug|Any CPU
		{3CE1AAEC-4229-415A-BD0D-6805D317084E}.DebugNoTrace|Any CPU.ActiveCfg = Debug|Any CPU
		{3CE1AAEC-4229-415A-BD0D-6805D317084E}.DebugNoTrace|Any CPU.Build.0 = Debug|Any CPU
		{3CE1AAEC-4229-415A-BD0D-6805D317084E}.DebugNoTrace|x64.ActiveCfg = Debug|Any CPU
		{3CE1AAEC-4229-415A-BD0D-6805D317084E}.DebugNoTrace|x64.Build.0 = Debug|Any CPU
		{3CE1AAEC-4229-415A-BD0D-6805D317084E}.DebugNoTrace|x86.ActiveCfg = Debug|Any CPU
		{3CE1AAEC-4229-415A-BD0D-6805D317084E}.DebugNoTrace|x86.Build.0 = Debug|Any CPU
		{3CE1AAEC-4229-415A-BD0D-6805D317084E}.Release|Any CPU.ActiveCfg = Release|Any CPU
		{3CE1AAEC-4229-415A-BD0D-6805D317084E}.Release|Any CPU.Build.0 = Release|Any CPU
		{3CE1AAEC-4229-415A-BD0D-6805D317084E}.Release|x64.ActiveCfg = Release|Any CPU
		{3CE1AAEC-4229-415A-BD0D-6805D317084E}.Release|x64.Build.0 = Release|Any CPU
		{3CE1AAEC-4229-415A-BD0D-6805D317084E}.Release|x86.ActiveCfg = Release|Any CPU
		{3CE1AAEC-4229-415A-BD0D-6805D317084E}.Release|x86.Build.0 = Release|Any CPU
		{3CE1AAEC-4229-415A-BD0D-6805D317084E}.ReleaseNoTrace|Any CPU.ActiveCfg = Release|Any CPU
		{3CE1AAEC-4229-415A-BD0D-6805D317084E}.ReleaseNoTrace|Any CPU.Build.0 = Release|Any CPU
		{3CE1AAEC-4229-415A-BD0D-6805D317084E}.ReleaseNoTrace|x64.ActiveCfg = Release|Any CPU
		{3CE1AAEC-4229-415A-BD0D-6805D317084E}.ReleaseNoTrace|x64.Build.0 = Release|Any CPU
		{3CE1AAEC-4229-415A-BD0D-6805D317084E}.ReleaseNoTrace|x86.ActiveCfg = Release|Any CPU
		{3CE1AAEC-4229-415A-BD0D-6805D317084E}.ReleaseNoTrace|x86.Build.0 = Release|Any CPU
		{C54CDC88-8314-4764-BC84-8739A3937135}.Debug|Any CPU.ActiveCfg = Debug|Win32
		{C54CDC88-8314-4764-BC84-8739A3937135}.Debug|Any CPU.Build.0 = Debug|Win32
		{C54CDC88-8314-4764-BC84-8739A3937135}.Debug|x64.ActiveCfg = Debug|x64
		{C54CDC88-8314-4764-BC84-8739A3937135}.Debug|x64.Build.0 = Debug|x64
		{C54CDC88-8314-4764-BC84-8739A3937135}.Debug|x86.ActiveCfg = Debug|Win32
		{C54CDC88-8314-4764-BC84-8739A3937135}.Debug|x86.Build.0 = Debug|Win32
		{C54CDC88-8314-4764-BC84-8739A3937135}.DebugNoTrace|Any CPU.ActiveCfg = Release|x64
		{C54CDC88-8314-4764-BC84-8739A3937135}.DebugNoTrace|Any CPU.Build.0 = Release|x64
		{C54CDC88-8314-4764-BC84-8739A3937135}.DebugNoTrace|x64.ActiveCfg = Debug|x64
		{C54CDC88-8314-4764-BC84-8739A3937135}.DebugNoTrace|x64.Build.0 = Debug|x64
		{C54CDC88-8314-4764-BC84-8739A3937135}.DebugNoTrace|x86.ActiveCfg = Debug|Win32
		{C54CDC88-8314-4764-BC84-8739A3937135}.DebugNoTrace|x86.Build.0 = Debug|Win32
		{C54CDC88-8314-4764-BC84-8739A3937135}.Release|Any CPU.ActiveCfg = Release|Win32
		{C54CDC88-8314-4764-BC84-8739A3937135}.Release|x64.ActiveCfg = Release|x64
		{C54CDC88-8314-4764-BC84-8739A3937135}.Release|x64.Build.0 = Release|x64
		{C54CDC88-8314-4764-BC84-8739A3937135}.Release|x86.ActiveCfg = Release|Win32
		{C54CDC88-8314-4764-BC84-8739A3937135}.Release|x86.Build.0 = Release|Win32
		{C54CDC88-8314-4764-BC84-8739A3937135}.ReleaseNoTrace|Any CPU.ActiveCfg = Release|x64
		{C54CDC88-8314-4764-BC84-8739A3937135}.ReleaseNoTrace|Any CPU.Build.0 = Release|x64
		{C54CDC88-8314-4764-BC84-8739A3937135}.ReleaseNoTrace|x64.ActiveCfg = Release|x64
		{C54CDC88-8314-4764-BC84-8739A3937135}.ReleaseNoTrace|x64.Build.0 = Release|x64
		{C54CDC88-8314-4764-BC84-8739A3937135}.ReleaseNoTrace|x86.ActiveCfg = Release|Win32
		{C54CDC88-8314-4764-BC84-8739A3937135}.ReleaseNoTrace|x86.Build.0 = Release|Win32
		{C9F1D2AE-BD16-4ED4-8A60-CA1CB9222C08}.Debug|Any CPU.ActiveCfg = Debug|Any CPU
		{C9F1D2AE-BD16-4ED4-8A60-CA1CB9222C08}.Debug|Any CPU.Build.0 = Debug|Any CPU
		{C9F1D2AE-BD16-4ED4-8A60-CA1CB9222C08}.Debug|x64.ActiveCfg = Debug|Any CPU
		{C9F1D2AE-BD16-4ED4-8A60-CA1CB9222C08}.Debug|x64.Build.0 = Debug|Any CPU
		{C9F1D2AE-BD16-4ED4-8A60-CA1CB9222C08}.Debug|x86.ActiveCfg = Debug|Any CPU
		{C9F1D2AE-BD16-4ED4-8A60-CA1CB9222C08}.Debug|x86.Build.0 = Debug|Any CPU
		{C9F1D2AE-BD16-4ED4-8A60-CA1CB9222C08}.DebugNoTrace|Any CPU.ActiveCfg = Debug|Any CPU
		{C9F1D2AE-BD16-4ED4-8A60-CA1CB9222C08}.DebugNoTrace|Any CPU.Build.0 = Debug|Any CPU
		{C9F1D2AE-BD16-4ED4-8A60-CA1CB9222C08}.DebugNoTrace|x64.ActiveCfg = Debug|Any CPU
		{C9F1D2AE-BD16-4ED4-8A60-CA1CB9222C08}.DebugNoTrace|x64.Build.0 = Debug|Any CPU
		{C9F1D2AE-BD16-4ED4-8A60-CA1CB9222C08}.DebugNoTrace|x86.ActiveCfg = Debug|Any CPU
		{C9F1D2AE-BD16-4ED4-8A60-CA1CB9222C08}.DebugNoTrace|x86.Build.0 = Debug|Any CPU
		{C9F1D2AE-BD16-4ED4-8A60-CA1CB9222C08}.Release|Any CPU.ActiveCfg = Release|Any CPU
		{C9F1D2AE-BD16-4ED4-8A60-CA1CB9222C08}.Release|Any CPU.Build.0 = Release|Any CPU
		{C9F1D2AE-BD16-4ED4-8A60-CA1CB9222C08}.Release|x64.ActiveCfg = Release|Any CPU
		{C9F1D2AE-BD16-4ED4-8A60-CA1CB9222C08}.Release|x64.Build.0 = Release|Any CPU
		{C9F1D2AE-BD16-4ED4-8A60-CA1CB9222C08}.Release|x86.ActiveCfg = Release|Any CPU
		{C9F1D2AE-BD16-4ED4-8A60-CA1CB9222C08}.Release|x86.Build.0 = Release|Any CPU
		{C9F1D2AE-BD16-4ED4-8A60-CA1CB9222C08}.ReleaseNoTrace|Any CPU.ActiveCfg = Release|Any CPU
		{C9F1D2AE-BD16-4ED4-8A60-CA1CB9222C08}.ReleaseNoTrace|Any CPU.Build.0 = Release|Any CPU
		{C9F1D2AE-BD16-4ED4-8A60-CA1CB9222C08}.ReleaseNoTrace|x64.ActiveCfg = Release|Any CPU
		{C9F1D2AE-BD16-4ED4-8A60-CA1CB9222C08}.ReleaseNoTrace|x64.Build.0 = Release|Any CPU
		{C9F1D2AE-BD16-4ED4-8A60-CA1CB9222C08}.ReleaseNoTrace|x86.ActiveCfg = Release|Any CPU
		{C9F1D2AE-BD16-4ED4-8A60-CA1CB9222C08}.ReleaseNoTrace|x86.Build.0 = Release|Any CPU
		{096EF219-14FA-4572-9366-782C04BDAE02}.Debug|Any CPU.ActiveCfg = Debug|Any CPU
		{096EF219-14FA-4572-9366-782C04BDAE02}.Debug|Any CPU.Build.0 = Debug|Any CPU
		{096EF219-14FA-4572-9366-782C04BDAE02}.Debug|x64.ActiveCfg = Debug|Any CPU
		{096EF219-14FA-4572-9366-782C04BDAE02}.Debug|x64.Build.0 = Debug|Any CPU
		{096EF219-14FA-4572-9366-782C04BDAE02}.Debug|x86.ActiveCfg = Debug|Any CPU
		{096EF219-14FA-4572-9366-782C04BDAE02}.Debug|x86.Build.0 = Debug|Any CPU
		{096EF219-14FA-4572-9366-782C04BDAE02}.DebugNoTrace|Any CPU.ActiveCfg = Debug|Any CPU
		{096EF219-14FA-4572-9366-782C04BDAE02}.DebugNoTrace|Any CPU.Build.0 = Debug|Any CPU
		{096EF219-14FA-4572-9366-782C04BDAE02}.DebugNoTrace|x64.ActiveCfg = Debug|Any CPU
		{096EF219-14FA-4572-9366-782C04BDAE02}.DebugNoTrace|x64.Build.0 = Debug|Any CPU
		{096EF219-14FA-4572-9366-782C04BDAE02}.DebugNoTrace|x86.ActiveCfg = Debug|Any CPU
		{096EF219-14FA-4572-9366-782C04BDAE02}.DebugNoTrace|x86.Build.0 = Debug|Any CPU
		{096EF219-14FA-4572-9366-782C04BDAE02}.Release|Any CPU.ActiveCfg = Release|Any CPU
		{096EF219-14FA-4572-9366-782C04BDAE02}.Release|Any CPU.Build.0 = Release|Any CPU
		{096EF219-14FA-4572-9366-782C04BDAE02}.Release|x64.ActiveCfg = Release|Any CPU
		{096EF219-14FA-4572-9366-782C04BDAE02}.Release|x64.Build.0 = Release|Any CPU
		{096EF219-14FA-4572-9366-782C04BDAE02}.Release|x86.ActiveCfg = Release|Any CPU
		{096EF219-14FA-4572-9366-782C04BDAE02}.Release|x86.Build.0 = Release|Any CPU
		{096EF219-14FA-4572-9366-782C04BDAE02}.ReleaseNoTrace|Any CPU.ActiveCfg = Release|Any CPU
		{096EF219-14FA-4572-9366-782C04BDAE02}.ReleaseNoTrace|Any CPU.Build.0 = Release|Any CPU
		{096EF219-14FA-4572-9366-782C04BDAE02}.ReleaseNoTrace|x64.ActiveCfg = Release|Any CPU
		{096EF219-14FA-4572-9366-782C04BDAE02}.ReleaseNoTrace|x64.Build.0 = Release|Any CPU
		{096EF219-14FA-4572-9366-782C04BDAE02}.ReleaseNoTrace|x86.ActiveCfg = Release|Any CPU
		{096EF219-14FA-4572-9366-782C04BDAE02}.ReleaseNoTrace|x86.Build.0 = Release|Any CPU
		{26BAF72C-D53B-41CB-8257-8E1C00C4B908}.Debug|Any CPU.ActiveCfg = Debug|Any CPU
		{26BAF72C-D53B-41CB-8257-8E1C00C4B908}.Debug|Any CPU.Build.0 = Debug|Any CPU
		{26BAF72C-D53B-41CB-8257-8E1C00C4B908}.Debug|x64.ActiveCfg = Debug|Any CPU
		{26BAF72C-D53B-41CB-8257-8E1C00C4B908}.Debug|x64.Build.0 = Debug|Any CPU
		{26BAF72C-D53B-41CB-8257-8E1C00C4B908}.Debug|x86.ActiveCfg = Debug|Any CPU
		{26BAF72C-D53B-41CB-8257-8E1C00C4B908}.Debug|x86.Build.0 = Debug|Any CPU
		{26BAF72C-D53B-41CB-8257-8E1C00C4B908}.DebugNoTrace|Any CPU.ActiveCfg = Debug|Any CPU
		{26BAF72C-D53B-41CB-8257-8E1C00C4B908}.DebugNoTrace|Any CPU.Build.0 = Debug|Any CPU
		{26BAF72C-D53B-41CB-8257-8E1C00C4B908}.DebugNoTrace|x64.ActiveCfg = Debug|Any CPU
		{26BAF72C-D53B-41CB-8257-8E1C00C4B908}.DebugNoTrace|x64.Build.0 = Debug|Any CPU
		{26BAF72C-D53B-41CB-8257-8E1C00C4B908}.DebugNoTrace|x86.ActiveCfg = Debug|Any CPU
		{26BAF72C-D53B-41CB-8257-8E1C00C4B908}.DebugNoTrace|x86.Build.0 = Debug|Any CPU
		{26BAF72C-D53B-41CB-8257-8E1C00C4B908}.Release|Any CPU.ActiveCfg = Release|Any CPU
		{26BAF72C-D53B-41CB-8257-8E1C00C4B908}.Release|Any CPU.Build.0 = Release|Any CPU
		{26BAF72C-D53B-41CB-8257-8E1C00C4B908}.Release|x64.ActiveCfg = Release|Any CPU
		{26BAF72C-D53B-41CB-8257-8E1C00C4B908}.Release|x64.Build.0 = Release|Any CPU
		{26BAF72C-D53B-41CB-8257-8E1C00C4B908}.Release|x86.ActiveCfg = Release|Any CPU
		{26BAF72C-D53B-41CB-8257-8E1C00C4B908}.Release|x86.Build.0 = Release|Any CPU
		{26BAF72C-D53B-41CB-8257-8E1C00C4B908}.ReleaseNoTrace|Any CPU.ActiveCfg = Release|Any CPU
		{26BAF72C-D53B-41CB-8257-8E1C00C4B908}.ReleaseNoTrace|Any CPU.Build.0 = Release|Any CPU
		{26BAF72C-D53B-41CB-8257-8E1C00C4B908}.ReleaseNoTrace|x64.ActiveCfg = Release|Any CPU
		{26BAF72C-D53B-41CB-8257-8E1C00C4B908}.ReleaseNoTrace|x64.Build.0 = Release|Any CPU
		{26BAF72C-D53B-41CB-8257-8E1C00C4B908}.ReleaseNoTrace|x86.ActiveCfg = Release|Any CPU
		{26BAF72C-D53B-41CB-8257-8E1C00C4B908}.ReleaseNoTrace|x86.Build.0 = Release|Any CPU
		{245EE448-0CDD-43DD-889C-E4982D4F859D}.Debug|Any CPU.ActiveCfg = Debug|Any CPU
		{245EE448-0CDD-43DD-889C-E4982D4F859D}.Debug|Any CPU.Build.0 = Debug|Any CPU
		{245EE448-0CDD-43DD-889C-E4982D4F859D}.Debug|x64.ActiveCfg = Debug|Any CPU
		{245EE448-0CDD-43DD-889C-E4982D4F859D}.Debug|x64.Build.0 = Debug|Any CPU
		{245EE448-0CDD-43DD-889C-E4982D4F859D}.Debug|x86.ActiveCfg = Debug|Any CPU
		{245EE448-0CDD-43DD-889C-E4982D4F859D}.Debug|x86.Build.0 = Debug|Any CPU
		{245EE448-0CDD-43DD-889C-E4982D4F859D}.DebugNoTrace|Any CPU.ActiveCfg = Debug|Any CPU
		{245EE448-0CDD-43DD-889C-E4982D4F859D}.DebugNoTrace|Any CPU.Build.0 = Debug|Any CPU
		{245EE448-0CDD-43DD-889C-E4982D4F859D}.DebugNoTrace|x64.ActiveCfg = Debug|Any CPU
		{245EE448-0CDD-43DD-889C-E4982D4F859D}.DebugNoTrace|x64.Build.0 = Debug|Any CPU
		{245EE448-0CDD-43DD-889C-E4982D4F859D}.DebugNoTrace|x86.ActiveCfg = Debug|Any CPU
		{245EE448-0CDD-43DD-889C-E4982D4F859D}.DebugNoTrace|x86.Build.0 = Debug|Any CPU
		{245EE448-0CDD-43DD-889C-E4982D4F859D}.Release|Any CPU.ActiveCfg = Release|Any CPU
		{245EE448-0CDD-43DD-889C-E4982D4F859D}.Release|Any CPU.Build.0 = Release|Any CPU
		{245EE448-0CDD-43DD-889C-E4982D4F859D}.Release|x64.ActiveCfg = Release|Any CPU
		{245EE448-0CDD-43DD-889C-E4982D4F859D}.Release|x64.Build.0 = Release|Any CPU
		{245EE448-0CDD-43DD-889C-E4982D4F859D}.Release|x86.ActiveCfg = Release|Any CPU
		{245EE448-0CDD-43DD-889C-E4982D4F859D}.Release|x86.Build.0 = Release|Any CPU
		{245EE448-0CDD-43DD-889C-E4982D4F859D}.ReleaseNoTrace|Any CPU.ActiveCfg = Release|Any CPU
		{245EE448-0CDD-43DD-889C-E4982D4F859D}.ReleaseNoTrace|Any CPU.Build.0 = Release|Any CPU
		{245EE448-0CDD-43DD-889C-E4982D4F859D}.ReleaseNoTrace|x64.ActiveCfg = Release|Any CPU
		{245EE448-0CDD-43DD-889C-E4982D4F859D}.ReleaseNoTrace|x64.Build.0 = Release|Any CPU
		{245EE448-0CDD-43DD-889C-E4982D4F859D}.ReleaseNoTrace|x86.ActiveCfg = Release|Any CPU
		{245EE448-0CDD-43DD-889C-E4982D4F859D}.ReleaseNoTrace|x86.Build.0 = Release|Any CPU
		{9453493B-53D0-4948-8442-6A06735BE468}.Debug|Any CPU.ActiveCfg = Debug|Any CPU
		{9453493B-53D0-4948-8442-6A06735BE468}.Debug|Any CPU.Build.0 = Debug|Any CPU
		{9453493B-53D0-4948-8442-6A06735BE468}.Debug|x64.ActiveCfg = Debug|Any CPU
		{9453493B-53D0-4948-8442-6A06735BE468}.Debug|x64.Build.0 = Debug|Any CPU
		{9453493B-53D0-4948-8442-6A06735BE468}.Debug|x86.ActiveCfg = Debug|Any CPU
		{9453493B-53D0-4948-8442-6A06735BE468}.Debug|x86.Build.0 = Debug|Any CPU
		{9453493B-53D0-4948-8442-6A06735BE468}.DebugNoTrace|Any CPU.ActiveCfg = Debug|Any CPU
		{9453493B-53D0-4948-8442-6A06735BE468}.DebugNoTrace|Any CPU.Build.0 = Debug|Any CPU
		{9453493B-53D0-4948-8442-6A06735BE468}.DebugNoTrace|x64.ActiveCfg = Debug|Any CPU
		{9453493B-53D0-4948-8442-6A06735BE468}.DebugNoTrace|x64.Build.0 = Debug|Any CPU
		{9453493B-53D0-4948-8442-6A06735BE468}.DebugNoTrace|x86.ActiveCfg = Debug|Any CPU
		{9453493B-53D0-4948-8442-6A06735BE468}.DebugNoTrace|x86.Build.0 = Debug|Any CPU
		{9453493B-53D0-4948-8442-6A06735BE468}.Release|Any CPU.ActiveCfg = Release|Any CPU
		{9453493B-53D0-4948-8442-6A06735BE468}.Release|Any CPU.Build.0 = Release|Any CPU
		{9453493B-53D0-4948-8442-6A06735BE468}.Release|x64.ActiveCfg = Release|Any CPU
		{9453493B-53D0-4948-8442-6A06735BE468}.Release|x64.Build.0 = Release|Any CPU
		{9453493B-53D0-4948-8442-6A06735BE468}.Release|x86.ActiveCfg = Release|Any CPU
		{9453493B-53D0-4948-8442-6A06735BE468}.Release|x86.Build.0 = Release|Any CPU
		{9453493B-53D0-4948-8442-6A06735BE468}.ReleaseNoTrace|Any CPU.ActiveCfg = Release|Any CPU
		{9453493B-53D0-4948-8442-6A06735BE468}.ReleaseNoTrace|Any CPU.Build.0 = Release|Any CPU
		{9453493B-53D0-4948-8442-6A06735BE468}.ReleaseNoTrace|x64.ActiveCfg = Release|Any CPU
		{9453493B-53D0-4948-8442-6A06735BE468}.ReleaseNoTrace|x64.Build.0 = Release|Any CPU
		{9453493B-53D0-4948-8442-6A06735BE468}.ReleaseNoTrace|x86.ActiveCfg = Release|Any CPU
		{9453493B-53D0-4948-8442-6A06735BE468}.ReleaseNoTrace|x86.Build.0 = Release|Any CPU
		{94743DE7-A2FC-4489-88F4-CB80B05EA81C}.Debug|Any CPU.ActiveCfg = Debug|Any CPU
		{94743DE7-A2FC-4489-88F4-CB80B05EA81C}.Debug|Any CPU.Build.0 = Debug|Any CPU
		{94743DE7-A2FC-4489-88F4-CB80B05EA81C}.Debug|x64.ActiveCfg = Debug|Any CPU
		{94743DE7-A2FC-4489-88F4-CB80B05EA81C}.Debug|x64.Build.0 = Debug|Any CPU
		{94743DE7-A2FC-4489-88F4-CB80B05EA81C}.Debug|x86.ActiveCfg = Debug|Any CPU
		{94743DE7-A2FC-4489-88F4-CB80B05EA81C}.Debug|x86.Build.0 = Debug|Any CPU
		{94743DE7-A2FC-4489-88F4-CB80B05EA81C}.DebugNoTrace|Any CPU.ActiveCfg = Debug|Any CPU
		{94743DE7-A2FC-4489-88F4-CB80B05EA81C}.DebugNoTrace|Any CPU.Build.0 = Debug|Any CPU
		{94743DE7-A2FC-4489-88F4-CB80B05EA81C}.DebugNoTrace|x64.ActiveCfg = Debug|Any CPU
		{94743DE7-A2FC-4489-88F4-CB80B05EA81C}.DebugNoTrace|x64.Build.0 = Debug|Any CPU
		{94743DE7-A2FC-4489-88F4-CB80B05EA81C}.DebugNoTrace|x86.ActiveCfg = Debug|Any CPU
		{94743DE7-A2FC-4489-88F4-CB80B05EA81C}.DebugNoTrace|x86.Build.0 = Debug|Any CPU
		{94743DE7-A2FC-4489-88F4-CB80B05EA81C}.Release|Any CPU.ActiveCfg = Release|Any CPU
		{94743DE7-A2FC-4489-88F4-CB80B05EA81C}.Release|Any CPU.Build.0 = Release|Any CPU
		{94743DE7-A2FC-4489-88F4-CB80B05EA81C}.Release|x64.ActiveCfg = Release|Any CPU
		{94743DE7-A2FC-4489-88F4-CB80B05EA81C}.Release|x64.Build.0 = Release|Any CPU
		{94743DE7-A2FC-4489-88F4-CB80B05EA81C}.Release|x86.ActiveCfg = Release|Any CPU
		{94743DE7-A2FC-4489-88F4-CB80B05EA81C}.Release|x86.Build.0 = Release|Any CPU
		{94743DE7-A2FC-4489-88F4-CB80B05EA81C}.ReleaseNoTrace|Any CPU.ActiveCfg = Release|Any CPU
		{94743DE7-A2FC-4489-88F4-CB80B05EA81C}.ReleaseNoTrace|Any CPU.Build.0 = Release|Any CPU
		{94743DE7-A2FC-4489-88F4-CB80B05EA81C}.ReleaseNoTrace|x64.ActiveCfg = Release|Any CPU
		{94743DE7-A2FC-4489-88F4-CB80B05EA81C}.ReleaseNoTrace|x64.Build.0 = Release|Any CPU
		{94743DE7-A2FC-4489-88F4-CB80B05EA81C}.ReleaseNoTrace|x86.ActiveCfg = Release|Any CPU
		{94743DE7-A2FC-4489-88F4-CB80B05EA81C}.ReleaseNoTrace|x86.Build.0 = Release|Any CPU
		{F1455689-4FE2-480C-80BA-30DC604A00C1}.Debug|Any CPU.ActiveCfg = Debug|Any CPU
		{F1455689-4FE2-480C-80BA-30DC604A00C1}.Debug|Any CPU.Build.0 = Debug|Any CPU
		{F1455689-4FE2-480C-80BA-30DC604A00C1}.Debug|x64.ActiveCfg = Debug|Any CPU
		{F1455689-4FE2-480C-80BA-30DC604A00C1}.Debug|x64.Build.0 = Debug|Any CPU
		{F1455689-4FE2-480C-80BA-30DC604A00C1}.Debug|x86.ActiveCfg = Debug|Any CPU
		{F1455689-4FE2-480C-80BA-30DC604A00C1}.Debug|x86.Build.0 = Debug|Any CPU
		{F1455689-4FE2-480C-80BA-30DC604A00C1}.DebugNoTrace|Any CPU.ActiveCfg = Debug|Any CPU
		{F1455689-4FE2-480C-80BA-30DC604A00C1}.DebugNoTrace|Any CPU.Build.0 = Debug|Any CPU
		{F1455689-4FE2-480C-80BA-30DC604A00C1}.DebugNoTrace|x64.ActiveCfg = Debug|Any CPU
		{F1455689-4FE2-480C-80BA-30DC604A00C1}.DebugNoTrace|x64.Build.0 = Debug|Any CPU
		{F1455689-4FE2-480C-80BA-30DC604A00C1}.DebugNoTrace|x86.ActiveCfg = Debug|Any CPU
		{F1455689-4FE2-480C-80BA-30DC604A00C1}.DebugNoTrace|x86.Build.0 = Debug|Any CPU
		{F1455689-4FE2-480C-80BA-30DC604A00C1}.Release|Any CPU.ActiveCfg = Release|Any CPU
		{F1455689-4FE2-480C-80BA-30DC604A00C1}.Release|Any CPU.Build.0 = Release|Any CPU
		{F1455689-4FE2-480C-80BA-30DC604A00C1}.Release|x64.ActiveCfg = Release|Any CPU
		{F1455689-4FE2-480C-80BA-30DC604A00C1}.Release|x64.Build.0 = Release|Any CPU
		{F1455689-4FE2-480C-80BA-30DC604A00C1}.Release|x86.ActiveCfg = Release|Any CPU
		{F1455689-4FE2-480C-80BA-30DC604A00C1}.Release|x86.Build.0 = Release|Any CPU
		{F1455689-4FE2-480C-80BA-30DC604A00C1}.ReleaseNoTrace|Any CPU.ActiveCfg = Release|Any CPU
		{F1455689-4FE2-480C-80BA-30DC604A00C1}.ReleaseNoTrace|Any CPU.Build.0 = Release|Any CPU
		{F1455689-4FE2-480C-80BA-30DC604A00C1}.ReleaseNoTrace|x64.ActiveCfg = Release|Any CPU
		{F1455689-4FE2-480C-80BA-30DC604A00C1}.ReleaseNoTrace|x64.Build.0 = Release|Any CPU
		{F1455689-4FE2-480C-80BA-30DC604A00C1}.ReleaseNoTrace|x86.ActiveCfg = Release|Any CPU
		{F1455689-4FE2-480C-80BA-30DC604A00C1}.ReleaseNoTrace|x86.Build.0 = Release|Any CPU
	EndGlobalSection
	GlobalSection(SolutionProperties) = preSolution
		HideSolutionNode = FALSE
	EndGlobalSection
	GlobalSection(ExtensibilityGlobals) = postSolution
		SolutionGuid = {8EAD2CA3-0BD7-4904-AD32-7A34F3305A10}
	EndGlobalSection
EndGlobal
