
Microsoft Visual Studio Solution File, Format Version 12.00
# Visual Studio Version 17
VisualStudioVersion = 17.0.32126.317
MinimumVisualStudioVersion = 10.0.40219.1
Project("{2150E333-8FDC-42A3-9474-1A3956D46DE8}") = "Solution Items", "Solution Items", "{3FAAC66B-5F58-4FD1-9305-05742B80B6D9}"
	ProjectSection(SolutionItems) = preProject
		AUTHORS = AUTHORS
		LICENSE = LICENSE
		README.md = README.md
	EndProjectSection
EndProject
Project("{9A19103F-16F7-4668-BE54-9A1E7A4F7556}") = "asplib.core", "src\asplib.core\asplib.core.csproj", "{E88F415A-E8F3-41F5-B01D-333016156042}"
EndProject
Project("{9A19103F-16F7-4668-BE54-9A1E7A4F7556}") = "asplib", "src\asplib\asplib.csproj", "{6797ADAB-49E9-4DAA-9FD9-9BCAECC334FB}"
EndProject
Project("{9A19103F-16F7-4668-BE54-9A1E7A4F7556}") = "smc", "src\smc\smc.csproj", "{FD2001E8-FDA4-4278-B6D8-E2733B3BE57B}"
EndProject
Project("{9A19103F-16F7-4668-BE54-9A1E7A4F7556}") = "minimal.websharper.spa", "src\minimal.websharper.spa\minimal.websharper.spa.csproj", "{18CEB9BE-F4B9-4F4D-A010-8F5D810F8D3E}"
EndProject
Project("{9A19103F-16F7-4668-BE54-9A1E7A4F7556}") = "asplib.websharper", "src\asplib.websharper\asplib.websharper.csproj", "{65C1BFB8-90E9-4BE8-8A18-0C43CC2F09CC}"
EndProject
Project("{9A19103F-16F7-4668-BE54-9A1E7A4F7556}") = "minimaltest.websharper.spa", "src\minimaltest.websharper.spa\minimaltest.websharper.spa.csproj", "{36F738AB-9801-4A99-9C53-3EB60CB01221}"
EndProject
Project("{9A19103F-16F7-4668-BE54-9A1E7A4F7556}") = "iselenium.websharper", "src\iselenium.websharper\iselenium.websharper.csproj", "{5A70F3A1-F1F3-4952-92D9-1318BB506454}"
EndProject
Project("{9A19103F-16F7-4668-BE54-9A1E7A4F7556}") = "iselenium.core", "src\iselenium.core\iselenium.core.csproj", "{AF4FF708-4AE6-45FE-90B7-4DB5197B514E}"
EndProject
Project("{9A19103F-16F7-4668-BE54-9A1E7A4F7556}") = "iselenium", "src\iselenium\iselenium.csproj", "{5CE04002-9F75-41EC-B323-99A6094D4517}"
EndProject
Project("{9A19103F-16F7-4668-BE54-9A1E7A4F7556}") = "minimaltestrunner.websharper.spa", "src\minimaltestrunner.websharper.spa\minimaltestrunner.websharper.spa.csproj", "{8BB81EE4-3F28-4B54-8165-843F3FF99F12}"
EndProject
Global
	GlobalSection(SolutionConfigurationPlatforms) = preSolution
		Debug|Any CPU = Debug|Any CPU
		Debug|x64 = Debug|x64
		Debug|x86 = Debug|x86
		DebugNoTrace|Any CPU = DebugNoTrace|Any CPU
		DebugNoTrace|x64 = DebugNoTrace|x64
		DebugNoTrace|x86 = DebugNoTrace|x86
		Release|Any CPU = Release|Any CPU
		Release|x64 = Release|x64
		Release|x86 = Release|x86
		ReleaseNoTrace|Any CPU = ReleaseNoTrace|Any CPU
		ReleaseNoTrace|x64 = ReleaseNoTrace|x64
		ReleaseNoTrace|x86 = ReleaseNoTrace|x86
	EndGlobalSection
	GlobalSection(ProjectConfigurationPlatforms) = postSolution
		{E88F415A-E8F3-41F5-B01D-333016156042}.Debug|Any CPU.ActiveCfg = Debug|Any CPU
		{E88F415A-E8F3-41F5-B01D-333016156042}.Debug|Any CPU.Build.0 = Debug|Any CPU
		{E88F415A-E8F3-41F5-B01D-333016156042}.Debug|x64.ActiveCfg = Debug|Any CPU
		{E88F415A-E8F3-41F5-B01D-333016156042}.Debug|x64.Build.0 = Debug|Any CPU
		{E88F415A-E8F3-41F5-B01D-333016156042}.Debug|x86.ActiveCfg = Debug|Any CPU
		{E88F415A-E8F3-41F5-B01D-333016156042}.Debug|x86.Build.0 = Debug|Any CPU
		{E88F415A-E8F3-41F5-B01D-333016156042}.DebugNoTrace|Any CPU.ActiveCfg = Debug|Any CPU
		{E88F415A-E8F3-41F5-B01D-333016156042}.DebugNoTrace|Any CPU.Build.0 = Debug|Any CPU
		{E88F415A-E8F3-41F5-B01D-333016156042}.DebugNoTrace|x64.ActiveCfg = Debug|Any CPU
		{E88F415A-E8F3-41F5-B01D-333016156042}.DebugNoTrace|x64.Build.0 = Debug|Any CPU
		{E88F415A-E8F3-41F5-B01D-333016156042}.DebugNoTrace|x86.ActiveCfg = Debug|Any CPU
		{E88F415A-E8F3-41F5-B01D-333016156042}.DebugNoTrace|x86.Build.0 = Debug|Any CPU
		{E88F415A-E8F3-41F5-B01D-333016156042}.Release|Any CPU.ActiveCfg = Release|Any CPU
		{E88F415A-E8F3-41F5-B01D-333016156042}.Release|Any CPU.Build.0 = Release|Any CPU
		{E88F415A-E8F3-41F5-B01D-333016156042}.Release|x64.ActiveCfg = Release|Any CPU
		{E88F415A-E8F3-41F5-B01D-333016156042}.Release|x64.Build.0 = Release|Any CPU
		{E88F415A-E8F3-41F5-B01D-333016156042}.Release|x86.ActiveCfg = Release|Any CPU
		{E88F415A-E8F3-41F5-B01D-333016156042}.Release|x86.Build.0 = Release|Any CPU
		{E88F415A-E8F3-41F5-B01D-333016156042}.ReleaseNoTrace|Any CPU.ActiveCfg = Release|Any CPU
		{E88F415A-E8F3-41F5-B01D-333016156042}.ReleaseNoTrace|Any CPU.Build.0 = Release|Any CPU
		{E88F415A-E8F3-41F5-B01D-333016156042}.ReleaseNoTrace|x64.ActiveCfg = Release|Any CPU
		{E88F415A-E8F3-41F5-B01D-333016156042}.ReleaseNoTrace|x64.Build.0 = Release|Any CPU
		{E88F415A-E8F3-41F5-B01D-333016156042}.ReleaseNoTrace|x86.ActiveCfg = Release|Any CPU
		{E88F415A-E8F3-41F5-B01D-333016156042}.ReleaseNoTrace|x86.Build.0 = Release|Any CPU
		{6797ADAB-49E9-4DAA-9FD9-9BCAECC334FB}.Debug|Any CPU.ActiveCfg = Debug|Any CPU
		{6797ADAB-49E9-4DAA-9FD9-9BCAECC334FB}.Debug|Any CPU.Build.0 = Debug|Any CPU
		{6797ADAB-49E9-4DAA-9FD9-9BCAECC334FB}.Debug|x64.ActiveCfg = Debug|Any CPU
		{6797ADAB-49E9-4DAA-9FD9-9BCAECC334FB}.Debug|x64.Build.0 = Debug|Any CPU
		{6797ADAB-49E9-4DAA-9FD9-9BCAECC334FB}.Debug|x86.ActiveCfg = Debug|Any CPU
		{6797ADAB-49E9-4DAA-9FD9-9BCAECC334FB}.Debug|x86.Build.0 = Debug|Any CPU
		{6797ADAB-49E9-4DAA-9FD9-9BCAECC334FB}.DebugNoTrace|Any CPU.ActiveCfg = Debug|Any CPU
		{6797ADAB-49E9-4DAA-9FD9-9BCAECC334FB}.DebugNoTrace|Any CPU.Build.0 = Debug|Any CPU
		{6797ADAB-49E9-4DAA-9FD9-9BCAECC334FB}.DebugNoTrace|x64.ActiveCfg = Debug|Any CPU
		{6797ADAB-49E9-4DAA-9FD9-9BCAECC334FB}.DebugNoTrace|x64.Build.0 = Debug|Any CPU
		{6797ADAB-49E9-4DAA-9FD9-9BCAECC334FB}.DebugNoTrace|x86.ActiveCfg = Debug|Any CPU
		{6797ADAB-49E9-4DAA-9FD9-9BCAECC334FB}.DebugNoTrace|x86.Build.0 = Debug|Any CPU
		{6797ADAB-49E9-4DAA-9FD9-9BCAECC334FB}.Release|Any CPU.ActiveCfg = Release|Any CPU
		{6797ADAB-49E9-4DAA-9FD9-9BCAECC334FB}.Release|Any CPU.Build.0 = Release|Any CPU
		{6797ADAB-49E9-4DAA-9FD9-9BCAECC334FB}.Release|x64.ActiveCfg = Release|Any CPU
		{6797ADAB-49E9-4DAA-9FD9-9BCAECC334FB}.Release|x64.Build.0 = Release|Any CPU
		{6797ADAB-49E9-4DAA-9FD9-9BCAECC334FB}.Release|x86.ActiveCfg = Release|Any CPU
		{6797ADAB-49E9-4DAA-9FD9-9BCAECC334FB}.Release|x86.Build.0 = Release|Any CPU
		{6797ADAB-49E9-4DAA-9FD9-9BCAECC334FB}.ReleaseNoTrace|Any CPU.ActiveCfg = Release|Any CPU
		{6797ADAB-49E9-4DAA-9FD9-9BCAECC334FB}.ReleaseNoTrace|Any CPU.Build.0 = Release|Any CPU
		{6797ADAB-49E9-4DAA-9FD9-9BCAECC334FB}.ReleaseNoTrace|x64.ActiveCfg = Release|Any CPU
		{6797ADAB-49E9-4DAA-9FD9-9BCAECC334FB}.ReleaseNoTrace|x64.Build.0 = Release|Any CPU
		{6797ADAB-49E9-4DAA-9FD9-9BCAECC334FB}.ReleaseNoTrace|x86.ActiveCfg = Release|Any CPU
		{6797ADAB-49E9-4DAA-9FD9-9BCAECC334FB}.ReleaseNoTrace|x86.Build.0 = Release|Any CPU
		{FD2001E8-FDA4-4278-B6D8-E2733B3BE57B}.Debug|Any CPU.ActiveCfg = Debug|Any CPU
		{FD2001E8-FDA4-4278-B6D8-E2733B3BE57B}.Debug|Any CPU.Build.0 = Debug|Any CPU
		{FD2001E8-FDA4-4278-B6D8-E2733B3BE57B}.Debug|x64.ActiveCfg = Debug|Any CPU
		{FD2001E8-FDA4-4278-B6D8-E2733B3BE57B}.Debug|x64.Build.0 = Debug|Any CPU
		{FD2001E8-FDA4-4278-B6D8-E2733B3BE57B}.Debug|x86.ActiveCfg = Debug|Any CPU
		{FD2001E8-FDA4-4278-B6D8-E2733B3BE57B}.Debug|x86.Build.0 = Debug|Any CPU
		{FD2001E8-FDA4-4278-B6D8-E2733B3BE57B}.DebugNoTrace|Any CPU.ActiveCfg = Debug|Any CPU
		{FD2001E8-FDA4-4278-B6D8-E2733B3BE57B}.DebugNoTrace|Any CPU.Build.0 = Debug|Any CPU
		{FD2001E8-FDA4-4278-B6D8-E2733B3BE57B}.DebugNoTrace|x64.ActiveCfg = Debug|Any CPU
		{FD2001E8-FDA4-4278-B6D8-E2733B3BE57B}.DebugNoTrace|x64.Build.0 = Debug|Any CPU
		{FD2001E8-FDA4-4278-B6D8-E2733B3BE57B}.DebugNoTrace|x86.ActiveCfg = Debug|Any CPU
		{FD2001E8-FDA4-4278-B6D8-E2733B3BE57B}.DebugNoTrace|x86.Build.0 = Debug|Any CPU
		{FD2001E8-FDA4-4278-B6D8-E2733B3BE57B}.Release|Any CPU.ActiveCfg = Release|Any CPU
		{FD2001E8-FDA4-4278-B6D8-E2733B3BE57B}.Release|Any CPU.Build.0 = Release|Any CPU
		{FD2001E8-FDA4-4278-B6D8-E2733B3BE57B}.Release|x64.ActiveCfg = Release|Any CPU
		{FD2001E8-FDA4-4278-B6D8-E2733B3BE57B}.Release|x64.Build.0 = Release|Any CPU
		{FD2001E8-FDA4-4278-B6D8-E2733B3BE57B}.Release|x86.ActiveCfg = Release|Any CPU
		{FD2001E8-FDA4-4278-B6D8-E2733B3BE57B}.Release|x86.Build.0 = Release|Any CPU
		{FD2001E8-FDA4-4278-B6D8-E2733B3BE57B}.ReleaseNoTrace|Any CPU.ActiveCfg = Release|Any CPU
		{FD2001E8-FDA4-4278-B6D8-E2733B3BE57B}.ReleaseNoTrace|Any CPU.Build.0 = Release|Any CPU
		{FD2001E8-FDA4-4278-B6D8-E2733B3BE57B}.ReleaseNoTrace|x64.ActiveCfg = Release|Any CPU
		{FD2001E8-FDA4-4278-B6D8-E2733B3BE57B}.ReleaseNoTrace|x64.Build.0 = Release|Any CPU
		{FD2001E8-FDA4-4278-B6D8-E2733B3BE57B}.ReleaseNoTrace|x86.ActiveCfg = Release|Any CPU
		{FD2001E8-FDA4-4278-B6D8-E2733B3BE57B}.ReleaseNoTrace|x86.Build.0 = Release|Any CPU
		{18CEB9BE-F4B9-4F4D-A010-8F5D810F8D3E}.Debug|Any CPU.ActiveCfg = Debug|Any CPU
		{18CEB9BE-F4B9-4F4D-A010-8F5D810F8D3E}.Debug|Any CPU.Build.0 = Debug|Any CPU
		{18CEB9BE-F4B9-4F4D-A010-8F5D810F8D3E}.Debug|x64.ActiveCfg = Debug|Any CPU
		{18CEB9BE-F4B9-4F4D-A010-8F5D810F8D3E}.Debug|x64.Build.0 = Debug|Any CPU
		{18CEB9BE-F4B9-4F4D-A010-8F5D810F8D3E}.Debug|x86.ActiveCfg = Debug|Any CPU
		{18CEB9BE-F4B9-4F4D-A010-8F5D810F8D3E}.Debug|x86.Build.0 = Debug|Any CPU
		{18CEB9BE-F4B9-4F4D-A010-8F5D810F8D3E}.DebugNoTrace|Any CPU.ActiveCfg = Debug|Any CPU
		{18CEB9BE-F4B9-4F4D-A010-8F5D810F8D3E}.DebugNoTrace|Any CPU.Build.0 = Debug|Any CPU
		{18CEB9BE-F4B9-4F4D-A010-8F5D810F8D3E}.DebugNoTrace|x64.ActiveCfg = Debug|Any CPU
		{18CEB9BE-F4B9-4F4D-A010-8F5D810F8D3E}.DebugNoTrace|x64.Build.0 = Debug|Any CPU
		{18CEB9BE-F4B9-4F4D-A010-8F5D810F8D3E}.DebugNoTrace|x86.ActiveCfg = Debug|Any CPU
		{18CEB9BE-F4B9-4F4D-A010-8F5D810F8D3E}.DebugNoTrace|x86.Build.0 = Debug|Any CPU
		{18CEB9BE-F4B9-4F4D-A010-8F5D810F8D3E}.Release|Any CPU.ActiveCfg = Release|Any CPU
		{18CEB9BE-F4B9-4F4D-A010-8F5D810F8D3E}.Release|Any CPU.Build.0 = Release|Any CPU
		{18CEB9BE-F4B9-4F4D-A010-8F5D810F8D3E}.Release|x64.ActiveCfg = Release|Any CPU
		{18CEB9BE-F4B9-4F4D-A010-8F5D810F8D3E}.Release|x64.Build.0 = Release|Any CPU
		{18CEB9BE-F4B9-4F4D-A010-8F5D810F8D3E}.Release|x86.ActiveCfg = Release|Any CPU
		{18CEB9BE-F4B9-4F4D-A010-8F5D810F8D3E}.Release|x86.Build.0 = Release|Any CPU
		{18CEB9BE-F4B9-4F4D-A010-8F5D810F8D3E}.ReleaseNoTrace|Any CPU.ActiveCfg = Release|Any CPU
		{18CEB9BE-F4B9-4F4D-A010-8F5D810F8D3E}.ReleaseNoTrace|Any CPU.Build.0 = Release|Any CPU
		{18CEB9BE-F4B9-4F4D-A010-8F5D810F8D3E}.ReleaseNoTrace|x64.ActiveCfg = Release|Any CPU
		{18CEB9BE-F4B9-4F4D-A010-8F5D810F8D3E}.ReleaseNoTrace|x64.Build.0 = Release|Any CPU
		{18CEB9BE-F4B9-4F4D-A010-8F5D810F8D3E}.ReleaseNoTrace|x86.ActiveCfg = Release|Any CPU
		{18CEB9BE-F4B9-4F4D-A010-8F5D810F8D3E}.ReleaseNoTrace|x86.Build.0 = Release|Any CPU
		{65C1BFB8-90E9-4BE8-8A18-0C43CC2F09CC}.Debug|Any CPU.ActiveCfg = Debug|Any CPU
		{65C1BFB8-90E9-4BE8-8A18-0C43CC2F09CC}.Debug|Any CPU.Build.0 = Debug|Any CPU
		{65C1BFB8-90E9-4BE8-8A18-0C43CC2F09CC}.Debug|x64.ActiveCfg = Debug|Any CPU
		{65C1BFB8-90E9-4BE8-8A18-0C43CC2F09CC}.Debug|x64.Build.0 = Debug|Any CPU
		{65C1BFB8-90E9-4BE8-8A18-0C43CC2F09CC}.Debug|x86.ActiveCfg = Debug|Any CPU
		{65C1BFB8-90E9-4BE8-8A18-0C43CC2F09CC}.Debug|x86.Build.0 = Debug|Any CPU
		{65C1BFB8-90E9-4BE8-8A18-0C43CC2F09CC}.DebugNoTrace|Any CPU.ActiveCfg = Debug|Any CPU
		{65C1BFB8-90E9-4BE8-8A18-0C43CC2F09CC}.DebugNoTrace|Any CPU.Build.0 = Debug|Any CPU
		{65C1BFB8-90E9-4BE8-8A18-0C43CC2F09CC}.DebugNoTrace|x64.ActiveCfg = Debug|Any CPU
		{65C1BFB8-90E9-4BE8-8A18-0C43CC2F09CC}.DebugNoTrace|x64.Build.0 = Debug|Any CPU
		{65C1BFB8-90E9-4BE8-8A18-0C43CC2F09CC}.DebugNoTrace|x86.ActiveCfg = Debug|Any CPU
		{65C1BFB8-90E9-4BE8-8A18-0C43CC2F09CC}.DebugNoTrace|x86.Build.0 = Debug|Any CPU
		{65C1BFB8-90E9-4BE8-8A18-0C43CC2F09CC}.Release|Any CPU.ActiveCfg = Release|Any CPU
		{65C1BFB8-90E9-4BE8-8A18-0C43CC2F09CC}.Release|Any CPU.Build.0 = Release|Any CPU
		{65C1BFB8-90E9-4BE8-8A18-0C43CC2F09CC}.Release|x64.ActiveCfg = Release|Any CPU
		{65C1BFB8-90E9-4BE8-8A18-0C43CC2F09CC}.Release|x64.Build.0 = Release|Any CPU
		{65C1BFB8-90E9-4BE8-8A18-0C43CC2F09CC}.Release|x86.ActiveCfg = Release|Any CPU
		{65C1BFB8-90E9-4BE8-8A18-0C43CC2F09CC}.Release|x86.Build.0 = Release|Any CPU
		{65C1BFB8-90E9-4BE8-8A18-0C43CC2F09CC}.ReleaseNoTrace|Any CPU.ActiveCfg = Release|Any CPU
		{65C1BFB8-90E9-4BE8-8A18-0C43CC2F09CC}.ReleaseNoTrace|Any CPU.Build.0 = Release|Any CPU
		{65C1BFB8-90E9-4BE8-8A18-0C43CC2F09CC}.ReleaseNoTrace|x64.ActiveCfg = Release|Any CPU
		{65C1BFB8-90E9-4BE8-8A18-0C43CC2F09CC}.ReleaseNoTrace|x64.Build.0 = Release|Any CPU
		{65C1BFB8-90E9-4BE8-8A18-0C43CC2F09CC}.ReleaseNoTrace|x86.ActiveCfg = Release|Any CPU
		{65C1BFB8-90E9-4BE8-8A18-0C43CC2F09CC}.ReleaseNoTrace|x86.Build.0 = Release|Any CPU
		{36F738AB-9801-4A99-9C53-3EB60CB01221}.Debug|Any CPU.ActiveCfg = Debug|Any CPU
		{36F738AB-9801-4A99-9C53-3EB60CB01221}.Debug|Any CPU.Build.0 = Debug|Any CPU
		{36F738AB-9801-4A99-9C53-3EB60CB01221}.Debug|x64.ActiveCfg = Debug|Any CPU
		{36F738AB-9801-4A99-9C53-3EB60CB01221}.Debug|x64.Build.0 = Debug|Any CPU
		{36F738AB-9801-4A99-9C53-3EB60CB01221}.Debug|x86.ActiveCfg = Debug|Any CPU
		{36F738AB-9801-4A99-9C53-3EB60CB01221}.Debug|x86.Build.0 = Debug|Any CPU
		{36F738AB-9801-4A99-9C53-3EB60CB01221}.DebugNoTrace|Any CPU.ActiveCfg = Debug|Any CPU
		{36F738AB-9801-4A99-9C53-3EB60CB01221}.DebugNoTrace|Any CPU.Build.0 = Debug|Any CPU
		{36F738AB-9801-4A99-9C53-3EB60CB01221}.DebugNoTrace|x64.ActiveCfg = Debug|Any CPU
		{36F738AB-9801-4A99-9C53-3EB60CB01221}.DebugNoTrace|x64.Build.0 = Debug|Any CPU
		{36F738AB-9801-4A99-9C53-3EB60CB01221}.DebugNoTrace|x86.ActiveCfg = Debug|Any CPU
		{36F738AB-9801-4A99-9C53-3EB60CB01221}.DebugNoTrace|x86.Build.0 = Debug|Any CPU
		{36F738AB-9801-4A99-9C53-3EB60CB01221}.Release|Any CPU.ActiveCfg = Release|Any CPU
		{36F738AB-9801-4A99-9C53-3EB60CB01221}.Release|Any CPU.Build.0 = Release|Any CPU
		{36F738AB-9801-4A99-9C53-3EB60CB01221}.Release|x64.ActiveCfg = Release|Any CPU
		{36F738AB-9801-4A99-9C53-3EB60CB01221}.Release|x64.Build.0 = Release|Any CPU
		{36F738AB-9801-4A99-9C53-3EB60CB01221}.Release|x86.ActiveCfg = Release|Any CPU
		{36F738AB-9801-4A99-9C53-3EB60CB01221}.Release|x86.Build.0 = Release|Any CPU
		{36F738AB-9801-4A99-9C53-3EB60CB01221}.ReleaseNoTrace|Any CPU.ActiveCfg = Release|Any CPU
		{36F738AB-9801-4A99-9C53-3EB60CB01221}.ReleaseNoTrace|Any CPU.Build.0 = Release|Any CPU
		{36F738AB-9801-4A99-9C53-3EB60CB01221}.ReleaseNoTrace|x64.ActiveCfg = Release|Any CPU
		{36F738AB-9801-4A99-9C53-3EB60CB01221}.ReleaseNoTrace|x64.Build.0 = Release|Any CPU
		{36F738AB-9801-4A99-9C53-3EB60CB01221}.ReleaseNoTrace|x86.ActiveCfg = Release|Any CPU
		{36F738AB-9801-4A99-9C53-3EB60CB01221}.ReleaseNoTrace|x86.Build.0 = Release|Any CPU
		{5A70F3A1-F1F3-4952-92D9-1318BB506454}.Debug|Any CPU.ActiveCfg = Debug|Any CPU
		{5A70F3A1-F1F3-4952-92D9-1318BB506454}.Debug|Any CPU.Build.0 = Debug|Any CPU
		{5A70F3A1-F1F3-4952-92D9-1318BB506454}.Debug|x64.ActiveCfg = Debug|Any CPU
		{5A70F3A1-F1F3-4952-92D9-1318BB506454}.Debug|x64.Build.0 = Debug|Any CPU
		{5A70F3A1-F1F3-4952-92D9-1318BB506454}.Debug|x86.ActiveCfg = Debug|Any CPU
		{5A70F3A1-F1F3-4952-92D9-1318BB506454}.Debug|x86.Build.0 = Debug|Any CPU
		{5A70F3A1-F1F3-4952-92D9-1318BB506454}.DebugNoTrace|Any CPU.ActiveCfg = Debug|Any CPU
		{5A70F3A1-F1F3-4952-92D9-1318BB506454}.DebugNoTrace|Any CPU.Build.0 = Debug|Any CPU
		{5A70F3A1-F1F3-4952-92D9-1318BB506454}.DebugNoTrace|x64.ActiveCfg = Debug|Any CPU
		{5A70F3A1-F1F3-4952-92D9-1318BB506454}.DebugNoTrace|x64.Build.0 = Debug|Any CPU
		{5A70F3A1-F1F3-4952-92D9-1318BB506454}.DebugNoTrace|x86.ActiveCfg = Debug|Any CPU
		{5A70F3A1-F1F3-4952-92D9-1318BB506454}.DebugNoTrace|x86.Build.0 = Debug|Any CPU
		{5A70F3A1-F1F3-4952-92D9-1318BB506454}.Release|Any CPU.ActiveCfg = Release|Any CPU
		{5A70F3A1-F1F3-4952-92D9-1318BB506454}.Release|Any CPU.Build.0 = Release|Any CPU
		{5A70F3A1-F1F3-4952-92D9-1318BB506454}.Release|x64.ActiveCfg = Release|Any CPU
		{5A70F3A1-F1F3-4952-92D9-1318BB506454}.Release|x64.Build.0 = Release|Any CPU
		{5A70F3A1-F1F3-4952-92D9-1318BB506454}.Release|x86.ActiveCfg = Release|Any CPU
		{5A70F3A1-F1F3-4952-92D9-1318BB506454}.Release|x86.Build.0 = Release|Any CPU
		{5A70F3A1-F1F3-4952-92D9-1318BB506454}.ReleaseNoTrace|Any CPU.ActiveCfg = Release|Any CPU
		{5A70F3A1-F1F3-4952-92D9-1318BB506454}.ReleaseNoTrace|Any CPU.Build.0 = Release|Any CPU
		{5A70F3A1-F1F3-4952-92D9-1318BB506454}.ReleaseNoTrace|x64.ActiveCfg = Release|Any CPU
		{5A70F3A1-F1F3-4952-92D9-1318BB506454}.ReleaseNoTrace|x64.Build.0 = Release|Any CPU
		{5A70F3A1-F1F3-4952-92D9-1318BB506454}.ReleaseNoTrace|x86.ActiveCfg = Release|Any CPU
		{5A70F3A1-F1F3-4952-92D9-1318BB506454}.ReleaseNoTrace|x86.Build.0 = Release|Any CPU
		{AF4FF708-4AE6-45FE-90B7-4DB5197B514E}.Debug|Any CPU.ActiveCfg = Debug|Any CPU
		{AF4FF708-4AE6-45FE-90B7-4DB5197B514E}.Debug|Any CPU.Build.0 = Debug|Any CPU
		{AF4FF708-4AE6-45FE-90B7-4DB5197B514E}.Debug|x64.ActiveCfg = Debug|Any CPU
		{AF4FF708-4AE6-45FE-90B7-4DB5197B514E}.Debug|x64.Build.0 = Debug|Any CPU
		{AF4FF708-4AE6-45FE-90B7-4DB5197B514E}.Debug|x86.ActiveCfg = Debug|Any CPU
		{AF4FF708-4AE6-45FE-90B7-4DB5197B514E}.Debug|x86.Build.0 = Debug|Any CPU
		{AF4FF708-4AE6-45FE-90B7-4DB5197B514E}.DebugNoTrace|Any CPU.ActiveCfg = Debug|Any CPU
		{AF4FF708-4AE6-45FE-90B7-4DB5197B514E}.DebugNoTrace|Any CPU.Build.0 = Debug|Any CPU
		{AF4FF708-4AE6-45FE-90B7-4DB5197B514E}.DebugNoTrace|x64.ActiveCfg = Debug|Any CPU
		{AF4FF708-4AE6-45FE-90B7-4DB5197B514E}.DebugNoTrace|x64.Build.0 = Debug|Any CPU
		{AF4FF708-4AE6-45FE-90B7-4DB5197B514E}.DebugNoTrace|x86.ActiveCfg = Debug|Any CPU
		{AF4FF708-4AE6-45FE-90B7-4DB5197B514E}.DebugNoTrace|x86.Build.0 = Debug|Any CPU
		{AF4FF708-4AE6-45FE-90B7-4DB5197B514E}.Release|Any CPU.ActiveCfg = Release|Any CPU
		{AF4FF708-4AE6-45FE-90B7-4DB5197B514E}.Release|Any CPU.Build.0 = Release|Any CPU
		{AF4FF708-4AE6-45FE-90B7-4DB5197B514E}.Release|x64.ActiveCfg = Release|Any CPU
		{AF4FF708-4AE6-45FE-90B7-4DB5197B514E}.Release|x64.Build.0 = Release|Any CPU
		{AF4FF708-4AE6-45FE-90B7-4DB5197B514E}.Release|x86.ActiveCfg = Release|Any CPU
		{AF4FF708-4AE6-45FE-90B7-4DB5197B514E}.Release|x86.Build.0 = Release|Any CPU
		{AF4FF708-4AE6-45FE-90B7-4DB5197B514E}.ReleaseNoTrace|Any CPU.ActiveCfg = Release|Any CPU
		{AF4FF708-4AE6-45FE-90B7-4DB5197B514E}.ReleaseNoTrace|Any CPU.Build.0 = Release|Any CPU
		{AF4FF708-4AE6-45FE-90B7-4DB5197B514E}.ReleaseNoTrace|x64.ActiveCfg = Release|Any CPU
		{AF4FF708-4AE6-45FE-90B7-4DB5197B514E}.ReleaseNoTrace|x64.Build.0 = Release|Any CPU
		{AF4FF708-4AE6-45FE-90B7-4DB5197B514E}.ReleaseNoTrace|x86.ActiveCfg = Release|Any CPU
		{AF4FF708-4AE6-45FE-90B7-4DB5197B514E}.ReleaseNoTrace|x86.Build.0 = Release|Any CPU
		{5CE04002-9F75-41EC-B323-99A6094D4517}.Debug|Any CPU.ActiveCfg = Debug|Any CPU
		{5CE04002-9F75-41EC-B323-99A6094D4517}.Debug|Any CPU.Build.0 = Debug|Any CPU
		{5CE04002-9F75-41EC-B323-99A6094D4517}.Debug|x64.ActiveCfg = Debug|Any CPU
		{5CE04002-9F75-41EC-B323-99A6094D4517}.Debug|x64.Build.0 = Debug|Any CPU
		{5CE04002-9F75-41EC-B323-99A6094D4517}.Debug|x86.ActiveCfg = Debug|Any CPU
		{5CE04002-9F75-41EC-B323-99A6094D4517}.Debug|x86.Build.0 = Debug|Any CPU
		{5CE04002-9F75-41EC-B323-99A6094D4517}.DebugNoTrace|Any CPU.ActiveCfg = Debug|Any CPU
		{5CE04002-9F75-41EC-B323-99A6094D4517}.DebugNoTrace|Any CPU.Build.0 = Debug|Any CPU
		{5CE04002-9F75-41EC-B323-99A6094D4517}.DebugNoTrace|x64.ActiveCfg = Debug|Any CPU
		{5CE04002-9F75-41EC-B323-99A6094D4517}.DebugNoTrace|x64.Build.0 = Debug|Any CPU
		{5CE04002-9F75-41EC-B323-99A6094D4517}.DebugNoTrace|x86.ActiveCfg = Debug|Any CPU
		{5CE04002-9F75-41EC-B323-99A6094D4517}.DebugNoTrace|x86.Build.0 = Debug|Any CPU
		{5CE04002-9F75-41EC-B323-99A6094D4517}.Release|Any CPU.ActiveCfg = Release|Any CPU
		{5CE04002-9F75-41EC-B323-99A6094D4517}.Release|Any CPU.Build.0 = Release|Any CPU
		{5CE04002-9F75-41EC-B323-99A6094D4517}.Release|x64.ActiveCfg = Release|Any CPU
		{5CE04002-9F75-41EC-B323-99A6094D4517}.Release|x64.Build.0 = Release|Any CPU
		{5CE04002-9F75-41EC-B323-99A6094D4517}.Release|x86.ActiveCfg = Release|Any CPU
		{5CE04002-9F75-41EC-B323-99A6094D4517}.Release|x86.Build.0 = Release|Any CPU
		{5CE04002-9F75-41EC-B323-99A6094D4517}.ReleaseNoTrace|Any CPU.ActiveCfg = Release|Any CPU
		{5CE04002-9F75-41EC-B323-99A6094D4517}.ReleaseNoTrace|Any CPU.Build.0 = Release|Any CPU
		{5CE04002-9F75-41EC-B323-99A6094D4517}.ReleaseNoTrace|x64.ActiveCfg = Release|Any CPU
		{5CE04002-9F75-41EC-B323-99A6094D4517}.ReleaseNoTrace|x64.Build.0 = Release|Any CPU
		{5CE04002-9F75-41EC-B323-99A6094D4517}.ReleaseNoTrace|x86.ActiveCfg = Release|Any CPU
		{5CE04002-9F75-41EC-B323-99A6094D4517}.ReleaseNoTrace|x86.Build.0 = Release|Any CPU
		{8BB81EE4-3F28-4B54-8165-843F3FF99F12}.Debug|Any CPU.ActiveCfg = Debug|Any CPU
		{8BB81EE4-3F28-4B54-8165-843F3FF99F12}.Debug|Any CPU.Build.0 = Debug|Any CPU
		{8BB81EE4-3F28-4B54-8165-843F3FF99F12}.Debug|x64.ActiveCfg = Debug|Any CPU
		{8BB81EE4-3F28-4B54-8165-843F3FF99F12}.Debug|x64.Build.0 = Debug|Any CPU
		{8BB81EE4-3F28-4B54-8165-843F3FF99F12}.Debug|x86.ActiveCfg = Debug|Any CPU
		{8BB81EE4-3F28-4B54-8165-843F3FF99F12}.Debug|x86.Build.0 = Debug|Any CPU
		{8BB81EE4-3F28-4B54-8165-843F3FF99F12}.DebugNoTrace|Any CPU.ActiveCfg = Debug|Any CPU
		{8BB81EE4-3F28-4B54-8165-843F3FF99F12}.DebugNoTrace|Any CPU.Build.0 = Debug|Any CPU
		{8BB81EE4-3F28-4B54-8165-843F3FF99F12}.DebugNoTrace|x64.ActiveCfg = Debug|Any CPU
		{8BB81EE4-3F28-4B54-8165-843F3FF99F12}.DebugNoTrace|x64.Build.0 = Debug|Any CPU
		{8BB81EE4-3F28-4B54-8165-843F3FF99F12}.DebugNoTrace|x86.ActiveCfg = Debug|Any CPU
		{8BB81EE4-3F28-4B54-8165-843F3FF99F12}.DebugNoTrace|x86.Build.0 = Debug|Any CPU
		{8BB81EE4-3F28-4B54-8165-843F3FF99F12}.Release|Any CPU.ActiveCfg = Release|Any CPU
		{8BB81EE4-3F28-4B54-8165-843F3FF99F12}.Release|Any CPU.Build.0 = Release|Any CPU
		{8BB81EE4-3F28-4B54-8165-843F3FF99F12}.Release|x64.ActiveCfg = Release|Any CPU
		{8BB81EE4-3F28-4B54-8165-843F3FF99F12}.Release|x64.Build.0 = Release|Any CPU
		{8BB81EE4-3F28-4B54-8165-843F3FF99F12}.Release|x86.ActiveCfg = Release|Any CPU
		{8BB81EE4-3F28-4B54-8165-843F3FF99F12}.Release|x86.Build.0 = Release|Any CPU
		{8BB81EE4-3F28-4B54-8165-843F3FF99F12}.ReleaseNoTrace|Any CPU.ActiveCfg = Release|Any CPU
		{8BB81EE4-3F28-4B54-8165-843F3FF99F12}.ReleaseNoTrace|Any CPU.Build.0 = Release|Any CPU
		{8BB81EE4-3F28-4B54-8165-843F3FF99F12}.ReleaseNoTrace|x64.ActiveCfg = Release|Any CPU
		{8BB81EE4-3F28-4B54-8165-843F3FF99F12}.ReleaseNoTrace|x64.Build.0 = Release|Any CPU
		{8BB81EE4-3F28-4B54-8165-843F3FF99F12}.ReleaseNoTrace|x86.ActiveCfg = Release|Any CPU
		{8BB81EE4-3F28-4B54-8165-843F3FF99F12}.ReleaseNoTrace|x86.Build.0 = Release|Any CPU
	EndGlobalSection
	GlobalSection(SolutionProperties) = preSolution
		HideSolutionNode = FALSE
	EndGlobalSection
	GlobalSection(ExtensibilityGlobals) = postSolution
		SolutionGuid = {8EAD2CA3-0BD7-4904-AD32-7A34F3305A10}
	EndGlobalSection
EndGlobal
