
Microsoft Visual Studio Solution File, Format Version 12.00
# Visual Studio 15
VisualStudioVersion = 15.0.27703.1
MinimumVisualStudioVersion = 10.0.40219.1
Project("{2150E333-8FDC-42A3-9474-1A3956D46DE8}") = "Solution Items", "Solution Items", "{2E42CFF2-10DD-4670-9A65-FB77780C0860}"
	ProjectSection(SolutionItems) = preProject
		AUTHORS = AUTHORS
		LICENSE = LICENSE
		README.md = README.md
	EndProjectSection
EndProject
Project("{9A19103F-16F7-4668-BE54-9A1E7A4F7556}") = "minimal.core", "minimal.core\minimal.core.csproj", "{5016DE15-50F3-4135-A1EF-5998426B64FB}"
EndProject
Project("{9A19103F-16F7-4668-BE54-9A1E7A4F7556}") = "iie", "iie\iie.csproj", "{5BB3B5F0-35BF-4A55-BA1D-F4353EB3C6E8}"
EndProject
Project("{9A19103F-16F7-4668-BE54-9A1E7A4F7556}") = "iie.core", "iie.core\iie.core.csproj", "{43A445CD-162D-4D54-9107-272552E18361}"
EndProject
Project("{9A19103F-16F7-4668-BE54-9A1E7A4F7556}") = "asplib.core", "asplib.core\asplib.core.csproj", "{05C02B57-A462-40B4-823E-5CE52627E1F1}"
EndProject
Project("{9A19103F-16F7-4668-BE54-9A1E7A4F7556}") = "asplib", "asplib\asplib.csproj", "{2E7A40BD-0A76-41CC-88C7-CBA07F73AD0F}"
EndProject
Project("{9A19103F-16F7-4668-BE54-9A1E7A4F7556}") = "minimaltest.core", "minimaltest.core\minimaltest.core.csproj", "{ADD8F599-D5FC-4770-908A-E91BE8896F3D}"
EndProject
Project("{9A19103F-16F7-4668-BE54-9A1E7A4F7556}") = "smc", "smc\smc.csproj", "{079CCCF0-0FB4-463A-81DC-98493D097D6A}"
EndProject
Project("{9A19103F-16F7-4668-BE54-9A1E7A4F7556}") = "minimal.websharper.spa", "minimal.websharper.spa\minimal.websharper.spa.csproj", "{F0616A1A-D728-42F2-B49C-0BF18789DCBB}"
EndProject
Project("{9A19103F-16F7-4668-BE54-9A1E7A4F7556}") = "asplib.websharper", "asplib.websharper\asplib.websharper.csproj", "{7F289ADD-8D4D-47DF-99BE-CD449D71BA18}"
EndProject
Project("{9A19103F-16F7-4668-BE54-9A1E7A4F7556}") = "minimaltest.websharper.spa", "minimaltest.websharper.spa\minimaltest.websharper.spa.csproj", "{9C2A39FA-5E13-47DE-B206-8F582797CD89}"
EndProject
Project("{9A19103F-16F7-4668-BE54-9A1E7A4F7556}") = "iie.websharper", "iie.websharper\iie.websharper.csproj", "{DC73BACF-37EE-468B-A91C-F3831938EC7D}"
EndProject
Global
	GlobalSection(SolutionConfigurationPlatforms) = preSolution
		Debug|Any CPU = Debug|Any CPU
		Debug|x64 = Debug|x64
		Debug|x86 = Debug|x86
		DebugNoTrace|Any CPU = DebugNoTrace|Any CPU
		DebugNoTrace|x64 = DebugNoTrace|x64
		DebugNoTrace|x86 = DebugNoTrace|x86
		Release|Any CPU = Release|Any CPU
		Release|x64 = Release|x64
		Release|x86 = Release|x86
		ReleaseNoTrace|Any CPU = ReleaseNoTrace|Any CPU
		ReleaseNoTrace|x64 = ReleaseNoTrace|x64
		ReleaseNoTrace|x86 = ReleaseNoTrace|x86
	EndGlobalSection
	GlobalSection(ProjectConfigurationPlatforms) = postSolution
		{5016DE15-50F3-4135-A1EF-5998426B64FB}.Debug|Any CPU.ActiveCfg = Debug|Any CPU
		{5016DE15-50F3-4135-A1EF-5998426B64FB}.Debug|Any CPU.Build.0 = Debug|Any CPU
		{5016DE15-50F3-4135-A1EF-5998426B64FB}.Debug|x64.ActiveCfg = Debug|Any CPU
		{5016DE15-50F3-4135-A1EF-5998426B64FB}.Debug|x64.Build.0 = Debug|Any CPU
		{5016DE15-50F3-4135-A1EF-5998426B64FB}.Debug|x86.ActiveCfg = Debug|Any CPU
		{5016DE15-50F3-4135-A1EF-5998426B64FB}.Debug|x86.Build.0 = Debug|Any CPU
		{5016DE15-50F3-4135-A1EF-5998426B64FB}.DebugNoTrace|Any CPU.ActiveCfg = Debug|Any CPU
		{5016DE15-50F3-4135-A1EF-5998426B64FB}.DebugNoTrace|Any CPU.Build.0 = Debug|Any CPU
		{5016DE15-50F3-4135-A1EF-5998426B64FB}.DebugNoTrace|x64.ActiveCfg = Debug|Any CPU
		{5016DE15-50F3-4135-A1EF-5998426B64FB}.DebugNoTrace|x64.Build.0 = Debug|Any CPU
		{5016DE15-50F3-4135-A1EF-5998426B64FB}.DebugNoTrace|x86.ActiveCfg = Debug|Any CPU
		{5016DE15-50F3-4135-A1EF-5998426B64FB}.DebugNoTrace|x86.Build.0 = Debug|Any CPU
		{5016DE15-50F3-4135-A1EF-5998426B64FB}.Release|Any CPU.ActiveCfg = Release|Any CPU
		{5016DE15-50F3-4135-A1EF-5998426B64FB}.Release|Any CPU.Build.0 = Release|Any CPU
		{5016DE15-50F3-4135-A1EF-5998426B64FB}.Release|x64.ActiveCfg = Release|Any CPU
		{5016DE15-50F3-4135-A1EF-5998426B64FB}.Release|x64.Build.0 = Release|Any CPU
		{5016DE15-50F3-4135-A1EF-5998426B64FB}.Release|x86.ActiveCfg = Release|Any CPU
		{5016DE15-50F3-4135-A1EF-5998426B64FB}.Release|x86.Build.0 = Release|Any CPU
		{5016DE15-50F3-4135-A1EF-5998426B64FB}.ReleaseNoTrace|Any CPU.ActiveCfg = Release|Any CPU
		{5016DE15-50F3-4135-A1EF-5998426B64FB}.ReleaseNoTrace|Any CPU.Build.0 = Release|Any CPU
		{5016DE15-50F3-4135-A1EF-5998426B64FB}.ReleaseNoTrace|x64.ActiveCfg = Release|Any CPU
		{5016DE15-50F3-4135-A1EF-5998426B64FB}.ReleaseNoTrace|x64.Build.0 = Release|Any CPU
		{5016DE15-50F3-4135-A1EF-5998426B64FB}.ReleaseNoTrace|x86.ActiveCfg = Release|Any CPU
		{5016DE15-50F3-4135-A1EF-5998426B64FB}.ReleaseNoTrace|x86.Build.0 = Release|Any CPU
		{5BB3B5F0-35BF-4A55-BA1D-F4353EB3C6E8}.Debug|Any CPU.ActiveCfg = Debug|Any CPU
		{5BB3B5F0-35BF-4A55-BA1D-F4353EB3C6E8}.Debug|Any CPU.Build.0 = Debug|Any CPU
		{5BB3B5F0-35BF-4A55-BA1D-F4353EB3C6E8}.Debug|x64.ActiveCfg = Debug|Any CPU
		{5BB3B5F0-35BF-4A55-BA1D-F4353EB3C6E8}.Debug|x64.Build.0 = Debug|Any CPU
		{5BB3B5F0-35BF-4A55-BA1D-F4353EB3C6E8}.Debug|x86.ActiveCfg = Debug|Any CPU
		{5BB3B5F0-35BF-4A55-BA1D-F4353EB3C6E8}.Debug|x86.Build.0 = Debug|Any CPU
		{5BB3B5F0-35BF-4A55-BA1D-F4353EB3C6E8}.DebugNoTrace|Any CPU.ActiveCfg = Debug|Any CPU
		{5BB3B5F0-35BF-4A55-BA1D-F4353EB3C6E8}.DebugNoTrace|Any CPU.Build.0 = Debug|Any CPU
		{5BB3B5F0-35BF-4A55-BA1D-F4353EB3C6E8}.DebugNoTrace|x64.ActiveCfg = Debug|Any CPU
		{5BB3B5F0-35BF-4A55-BA1D-F4353EB3C6E8}.DebugNoTrace|x64.Build.0 = Debug|Any CPU
		{5BB3B5F0-35BF-4A55-BA1D-F4353EB3C6E8}.DebugNoTrace|x86.ActiveCfg = Debug|Any CPU
		{5BB3B5F0-35BF-4A55-BA1D-F4353EB3C6E8}.DebugNoTrace|x86.Build.0 = Debug|Any CPU
		{5BB3B5F0-35BF-4A55-BA1D-F4353EB3C6E8}.Release|Any CPU.ActiveCfg = Release|Any CPU
		{5BB3B5F0-35BF-4A55-BA1D-F4353EB3C6E8}.Release|Any CPU.Build.0 = Release|Any CPU
		{5BB3B5F0-35BF-4A55-BA1D-F4353EB3C6E8}.Release|x64.ActiveCfg = Release|Any CPU
		{5BB3B5F0-35BF-4A55-BA1D-F4353EB3C6E8}.Release|x64.Build.0 = Release|Any CPU
		{5BB3B5F0-35BF-4A55-BA1D-F4353EB3C6E8}.Release|x86.ActiveCfg = Release|Any CPU
		{5BB3B5F0-35BF-4A55-BA1D-F4353EB3C6E8}.Release|x86.Build.0 = Release|Any CPU
		{5BB3B5F0-35BF-4A55-BA1D-F4353EB3C6E8}.ReleaseNoTrace|Any CPU.ActiveCfg = Release|Any CPU
		{5BB3B5F0-35BF-4A55-BA1D-F4353EB3C6E8}.ReleaseNoTrace|Any CPU.Build.0 = Release|Any CPU
		{5BB3B5F0-35BF-4A55-BA1D-F4353EB3C6E8}.ReleaseNoTrace|x64.ActiveCfg = Release|Any CPU
		{5BB3B5F0-35BF-4A55-BA1D-F4353EB3C6E8}.ReleaseNoTrace|x64.Build.0 = Release|Any CPU
		{5BB3B5F0-35BF-4A55-BA1D-F4353EB3C6E8}.ReleaseNoTrace|x86.ActiveCfg = Release|Any CPU
		{5BB3B5F0-35BF-4A55-BA1D-F4353EB3C6E8}.ReleaseNoTrace|x86.Build.0 = Release|Any CPU
		{43A445CD-162D-4D54-9107-272552E18361}.Debug|Any CPU.ActiveCfg = Debug|Any CPU
		{43A445CD-162D-4D54-9107-272552E18361}.Debug|Any CPU.Build.0 = Debug|Any CPU
		{43A445CD-162D-4D54-9107-272552E18361}.Debug|x64.ActiveCfg = Debug|Any CPU
		{43A445CD-162D-4D54-9107-272552E18361}.Debug|x64.Build.0 = Debug|Any CPU
		{43A445CD-162D-4D54-9107-272552E18361}.Debug|x86.ActiveCfg = Debug|Any CPU
		{43A445CD-162D-4D54-9107-272552E18361}.Debug|x86.Build.0 = Debug|Any CPU
		{43A445CD-162D-4D54-9107-272552E18361}.DebugNoTrace|Any CPU.ActiveCfg = Debug|Any CPU
		{43A445CD-162D-4D54-9107-272552E18361}.DebugNoTrace|Any CPU.Build.0 = Debug|Any CPU
		{43A445CD-162D-4D54-9107-272552E18361}.DebugNoTrace|x64.ActiveCfg = Debug|Any CPU
		{43A445CD-162D-4D54-9107-272552E18361}.DebugNoTrace|x64.Build.0 = Debug|Any CPU
		{43A445CD-162D-4D54-9107-272552E18361}.DebugNoTrace|x86.ActiveCfg = Debug|Any CPU
		{43A445CD-162D-4D54-9107-272552E18361}.DebugNoTrace|x86.Build.0 = Debug|Any CPU
		{43A445CD-162D-4D54-9107-272552E18361}.Release|Any CPU.ActiveCfg = Release|Any CPU
		{43A445CD-162D-4D54-9107-272552E18361}.Release|Any CPU.Build.0 = Release|Any CPU
		{43A445CD-162D-4D54-9107-272552E18361}.Release|x64.ActiveCfg = Release|Any CPU
		{43A445CD-162D-4D54-9107-272552E18361}.Release|x64.Build.0 = Release|Any CPU
		{43A445CD-162D-4D54-9107-272552E18361}.Release|x86.ActiveCfg = Release|Any CPU
		{43A445CD-162D-4D54-9107-272552E18361}.Release|x86.Build.0 = Release|Any CPU
		{43A445CD-162D-4D54-9107-272552E18361}.ReleaseNoTrace|Any CPU.ActiveCfg = Release|Any CPU
		{43A445CD-162D-4D54-9107-272552E18361}.ReleaseNoTrace|Any CPU.Build.0 = Release|Any CPU
		{43A445CD-162D-4D54-9107-272552E18361}.ReleaseNoTrace|x64.ActiveCfg = Release|Any CPU
		{43A445CD-162D-4D54-9107-272552E18361}.ReleaseNoTrace|x64.Build.0 = Release|Any CPU
		{43A445CD-162D-4D54-9107-272552E18361}.ReleaseNoTrace|x86.ActiveCfg = Release|Any CPU
		{43A445CD-162D-4D54-9107-272552E18361}.ReleaseNoTrace|x86.Build.0 = Release|Any CPU
		{05C02B57-A462-40B4-823E-5CE52627E1F1}.Debug|Any CPU.ActiveCfg = Debug|Any CPU
		{05C02B57-A462-40B4-823E-5CE52627E1F1}.Debug|Any CPU.Build.0 = Debug|Any CPU
		{05C02B57-A462-40B4-823E-5CE52627E1F1}.Debug|x64.ActiveCfg = Debug|Any CPU
		{05C02B57-A462-40B4-823E-5CE52627E1F1}.Debug|x64.Build.0 = Debug|Any CPU
		{05C02B57-A462-40B4-823E-5CE52627E1F1}.Debug|x86.ActiveCfg = Debug|Any CPU
		{05C02B57-A462-40B4-823E-5CE52627E1F1}.Debug|x86.Build.0 = Debug|Any CPU
		{05C02B57-A462-40B4-823E-5CE52627E1F1}.DebugNoTrace|Any CPU.ActiveCfg = Debug|Any CPU
		{05C02B57-A462-40B4-823E-5CE52627E1F1}.DebugNoTrace|Any CPU.Build.0 = Debug|Any CPU
		{05C02B57-A462-40B4-823E-5CE52627E1F1}.DebugNoTrace|x64.ActiveCfg = Debug|Any CPU
		{05C02B57-A462-40B4-823E-5CE52627E1F1}.DebugNoTrace|x64.Build.0 = Debug|Any CPU
		{05C02B57-A462-40B4-823E-5CE52627E1F1}.DebugNoTrace|x86.ActiveCfg = Debug|Any CPU
		{05C02B57-A462-40B4-823E-5CE52627E1F1}.DebugNoTrace|x86.Build.0 = Debug|Any CPU
		{05C02B57-A462-40B4-823E-5CE52627E1F1}.Release|Any CPU.ActiveCfg = Release|Any CPU
		{05C02B57-A462-40B4-823E-5CE52627E1F1}.Release|Any CPU.Build.0 = Release|Any CPU
		{05C02B57-A462-40B4-823E-5CE52627E1F1}.Release|x64.ActiveCfg = Release|Any CPU
		{05C02B57-A462-40B4-823E-5CE52627E1F1}.Release|x64.Build.0 = Release|Any CPU
		{05C02B57-A462-40B4-823E-5CE52627E1F1}.Release|x86.ActiveCfg = Release|Any CPU
		{05C02B57-A462-40B4-823E-5CE52627E1F1}.Release|x86.Build.0 = Release|Any CPU
		{05C02B57-A462-40B4-823E-5CE52627E1F1}.ReleaseNoTrace|Any CPU.ActiveCfg = Release|Any CPU
		{05C02B57-A462-40B4-823E-5CE52627E1F1}.ReleaseNoTrace|Any CPU.Build.0 = Release|Any CPU
		{05C02B57-A462-40B4-823E-5CE52627E1F1}.ReleaseNoTrace|x64.ActiveCfg = Release|Any CPU
		{05C02B57-A462-40B4-823E-5CE52627E1F1}.ReleaseNoTrace|x64.Build.0 = Release|Any CPU
		{05C02B57-A462-40B4-823E-5CE52627E1F1}.ReleaseNoTrace|x86.ActiveCfg = Release|Any CPU
		{05C02B57-A462-40B4-823E-5CE52627E1F1}.ReleaseNoTrace|x86.Build.0 = Release|Any CPU
		{2E7A40BD-0A76-41CC-88C7-CBA07F73AD0F}.Debug|Any CPU.ActiveCfg = Debug|Any CPU
		{2E7A40BD-0A76-41CC-88C7-CBA07F73AD0F}.Debug|Any CPU.Build.0 = Debug|Any CPU
		{2E7A40BD-0A76-41CC-88C7-CBA07F73AD0F}.Debug|x64.ActiveCfg = Debug|Any CPU
		{2E7A40BD-0A76-41CC-88C7-CBA07F73AD0F}.Debug|x64.Build.0 = Debug|Any CPU
		{2E7A40BD-0A76-41CC-88C7-CBA07F73AD0F}.Debug|x86.ActiveCfg = Debug|Any CPU
		{2E7A40BD-0A76-41CC-88C7-CBA07F73AD0F}.Debug|x86.Build.0 = Debug|Any CPU
		{2E7A40BD-0A76-41CC-88C7-CBA07F73AD0F}.DebugNoTrace|Any CPU.ActiveCfg = Debug|Any CPU
		{2E7A40BD-0A76-41CC-88C7-CBA07F73AD0F}.DebugNoTrace|Any CPU.Build.0 = Debug|Any CPU
		{2E7A40BD-0A76-41CC-88C7-CBA07F73AD0F}.DebugNoTrace|x64.ActiveCfg = Debug|Any CPU
		{2E7A40BD-0A76-41CC-88C7-CBA07F73AD0F}.DebugNoTrace|x64.Build.0 = Debug|Any CPU
		{2E7A40BD-0A76-41CC-88C7-CBA07F73AD0F}.DebugNoTrace|x86.ActiveCfg = Debug|Any CPU
		{2E7A40BD-0A76-41CC-88C7-CBA07F73AD0F}.DebugNoTrace|x86.Build.0 = Debug|Any CPU
		{2E7A40BD-0A76-41CC-88C7-CBA07F73AD0F}.Release|Any CPU.ActiveCfg = Release|Any CPU
		{2E7A40BD-0A76-41CC-88C7-CBA07F73AD0F}.Release|Any CPU.Build.0 = Release|Any CPU
		{2E7A40BD-0A76-41CC-88C7-CBA07F73AD0F}.Release|x64.ActiveCfg = Release|Any CPU
		{2E7A40BD-0A76-41CC-88C7-CBA07F73AD0F}.Release|x64.Build.0 = Release|Any CPU
		{2E7A40BD-0A76-41CC-88C7-CBA07F73AD0F}.Release|x86.ActiveCfg = Release|Any CPU
		{2E7A40BD-0A76-41CC-88C7-CBA07F73AD0F}.Release|x86.Build.0 = Release|Any CPU
		{2E7A40BD-0A76-41CC-88C7-CBA07F73AD0F}.ReleaseNoTrace|Any CPU.ActiveCfg = Release|Any CPU
		{2E7A40BD-0A76-41CC-88C7-CBA07F73AD0F}.ReleaseNoTrace|Any CPU.Build.0 = Release|Any CPU
		{2E7A40BD-0A76-41CC-88C7-CBA07F73AD0F}.ReleaseNoTrace|x64.ActiveCfg = Release|Any CPU
		{2E7A40BD-0A76-41CC-88C7-CBA07F73AD0F}.ReleaseNoTrace|x64.Build.0 = Release|Any CPU
		{2E7A40BD-0A76-41CC-88C7-CBA07F73AD0F}.ReleaseNoTrace|x86.ActiveCfg = Release|Any CPU
		{2E7A40BD-0A76-41CC-88C7-CBA07F73AD0F}.ReleaseNoTrace|x86.Build.0 = Release|Any CPU
		{ADD8F599-D5FC-4770-908A-E91BE8896F3D}.Debug|Any CPU.ActiveCfg = Debug|Any CPU
		{ADD8F599-D5FC-4770-908A-E91BE8896F3D}.Debug|Any CPU.Build.0 = Debug|Any CPU
		{ADD8F599-D5FC-4770-908A-E91BE8896F3D}.Debug|x64.ActiveCfg = Debug|Any CPU
		{ADD8F599-D5FC-4770-908A-E91BE8896F3D}.Debug|x64.Build.0 = Debug|Any CPU
		{ADD8F599-D5FC-4770-908A-E91BE8896F3D}.Debug|x86.ActiveCfg = Debug|Any CPU
		{ADD8F599-D5FC-4770-908A-E91BE8896F3D}.Debug|x86.Build.0 = Debug|Any CPU
		{ADD8F599-D5FC-4770-908A-E91BE8896F3D}.DebugNoTrace|Any CPU.ActiveCfg = Debug|Any CPU
		{ADD8F599-D5FC-4770-908A-E91BE8896F3D}.DebugNoTrace|Any CPU.Build.0 = Debug|Any CPU
		{ADD8F599-D5FC-4770-908A-E91BE8896F3D}.DebugNoTrace|x64.ActiveCfg = Debug|Any CPU
		{ADD8F599-D5FC-4770-908A-E91BE8896F3D}.DebugNoTrace|x64.Build.0 = Debug|Any CPU
		{ADD8F599-D5FC-4770-908A-E91BE8896F3D}.DebugNoTrace|x86.ActiveCfg = Debug|Any CPU
		{ADD8F599-D5FC-4770-908A-E91BE8896F3D}.DebugNoTrace|x86.Build.0 = Debug|Any CPU
		{ADD8F599-D5FC-4770-908A-E91BE8896F3D}.Release|Any CPU.ActiveCfg = Release|Any CPU
		{ADD8F599-D5FC-4770-908A-E91BE8896F3D}.Release|Any CPU.Build.0 = Release|Any CPU
		{ADD8F599-D5FC-4770-908A-E91BE8896F3D}.Release|x64.ActiveCfg = Release|Any CPU
		{ADD8F599-D5FC-4770-908A-E91BE8896F3D}.Release|x64.Build.0 = Release|Any CPU
		{ADD8F599-D5FC-4770-908A-E91BE8896F3D}.Release|x86.ActiveCfg = Release|Any CPU
		{ADD8F599-D5FC-4770-908A-E91BE8896F3D}.Release|x86.Build.0 = Release|Any CPU
		{ADD8F599-D5FC-4770-908A-E91BE8896F3D}.ReleaseNoTrace|Any CPU.ActiveCfg = Release|Any CPU
		{ADD8F599-D5FC-4770-908A-E91BE8896F3D}.ReleaseNoTrace|Any CPU.Build.0 = Release|Any CPU
		{ADD8F599-D5FC-4770-908A-E91BE8896F3D}.ReleaseNoTrace|x64.ActiveCfg = Release|Any CPU
		{ADD8F599-D5FC-4770-908A-E91BE8896F3D}.ReleaseNoTrace|x64.Build.0 = Release|Any CPU
		{ADD8F599-D5FC-4770-908A-E91BE8896F3D}.ReleaseNoTrace|x86.ActiveCfg = Release|Any CPU
		{ADD8F599-D5FC-4770-908A-E91BE8896F3D}.ReleaseNoTrace|x86.Build.0 = Release|Any CPU
		{079CCCF0-0FB4-463A-81DC-98493D097D6A}.Debug|Any CPU.ActiveCfg = Debug|Any CPU
		{079CCCF0-0FB4-463A-81DC-98493D097D6A}.Debug|Any CPU.Build.0 = Debug|Any CPU
		{079CCCF0-0FB4-463A-81DC-98493D097D6A}.Debug|x64.ActiveCfg = Debug|Any CPU
		{079CCCF0-0FB4-463A-81DC-98493D097D6A}.Debug|x64.Build.0 = Debug|Any CPU
		{079CCCF0-0FB4-463A-81DC-98493D097D6A}.Debug|x86.ActiveCfg = Debug|Any CPU
		{079CCCF0-0FB4-463A-81DC-98493D097D6A}.Debug|x86.Build.0 = Debug|Any CPU
		{079CCCF0-0FB4-463A-81DC-98493D097D6A}.DebugNoTrace|Any CPU.ActiveCfg = Debug|Any CPU
		{079CCCF0-0FB4-463A-81DC-98493D097D6A}.DebugNoTrace|Any CPU.Build.0 = Debug|Any CPU
		{079CCCF0-0FB4-463A-81DC-98493D097D6A}.DebugNoTrace|x64.ActiveCfg = Debug|Any CPU
		{079CCCF0-0FB4-463A-81DC-98493D097D6A}.DebugNoTrace|x64.Build.0 = Debug|Any CPU
		{079CCCF0-0FB4-463A-81DC-98493D097D6A}.DebugNoTrace|x86.ActiveCfg = Debug|Any CPU
		{079CCCF0-0FB4-463A-81DC-98493D097D6A}.DebugNoTrace|x86.Build.0 = Debug|Any CPU
		{079CCCF0-0FB4-463A-81DC-98493D097D6A}.Release|Any CPU.ActiveCfg = Release|Any CPU
		{079CCCF0-0FB4-463A-81DC-98493D097D6A}.Release|Any CPU.Build.0 = Release|Any CPU
		{079CCCF0-0FB4-463A-81DC-98493D097D6A}.Release|x64.ActiveCfg = Release|Any CPU
		{079CCCF0-0FB4-463A-81DC-98493D097D6A}.Release|x64.Build.0 = Release|Any CPU
		{079CCCF0-0FB4-463A-81DC-98493D097D6A}.Release|x86.ActiveCfg = Release|Any CPU
		{079CCCF0-0FB4-463A-81DC-98493D097D6A}.Release|x86.Build.0 = Release|Any CPU
		{079CCCF0-0FB4-463A-81DC-98493D097D6A}.ReleaseNoTrace|Any CPU.ActiveCfg = Release|Any CPU
		{079CCCF0-0FB4-463A-81DC-98493D097D6A}.ReleaseNoTrace|Any CPU.Build.0 = Release|Any CPU
		{079CCCF0-0FB4-463A-81DC-98493D097D6A}.ReleaseNoTrace|x64.ActiveCfg = Release|Any CPU
		{079CCCF0-0FB4-463A-81DC-98493D097D6A}.ReleaseNoTrace|x64.Build.0 = Release|Any CPU
		{079CCCF0-0FB4-463A-81DC-98493D097D6A}.ReleaseNoTrace|x86.ActiveCfg = Release|Any CPU
		{079CCCF0-0FB4-463A-81DC-98493D097D6A}.ReleaseNoTrace|x86.Build.0 = Release|Any CPU
		{F0616A1A-D728-42F2-B49C-0BF18789DCBB}.Debug|Any CPU.ActiveCfg = Debug|Any CPU
		{F0616A1A-D728-42F2-B49C-0BF18789DCBB}.Debug|Any CPU.Build.0 = Debug|Any CPU
		{F0616A1A-D728-42F2-B49C-0BF18789DCBB}.Debug|x64.ActiveCfg = Debug|Any CPU
		{F0616A1A-D728-42F2-B49C-0BF18789DCBB}.Debug|x64.Build.0 = Debug|Any CPU
		{F0616A1A-D728-42F2-B49C-0BF18789DCBB}.Debug|x86.ActiveCfg = Debug|Any CPU
		{F0616A1A-D728-42F2-B49C-0BF18789DCBB}.Debug|x86.Build.0 = Debug|Any CPU
		{F0616A1A-D728-42F2-B49C-0BF18789DCBB}.DebugNoTrace|Any CPU.ActiveCfg = Debug|Any CPU
		{F0616A1A-D728-42F2-B49C-0BF18789DCBB}.DebugNoTrace|Any CPU.Build.0 = Debug|Any CPU
		{F0616A1A-D728-42F2-B49C-0BF18789DCBB}.DebugNoTrace|x64.ActiveCfg = Debug|Any CPU
		{F0616A1A-D728-42F2-B49C-0BF18789DCBB}.DebugNoTrace|x64.Build.0 = Debug|Any CPU
		{F0616A1A-D728-42F2-B49C-0BF18789DCBB}.DebugNoTrace|x86.ActiveCfg = Debug|Any CPU
		{F0616A1A-D728-42F2-B49C-0BF18789DCBB}.DebugNoTrace|x86.Build.0 = Debug|Any CPU
		{F0616A1A-D728-42F2-B49C-0BF18789DCBB}.Release|Any CPU.ActiveCfg = Release|Any CPU
		{F0616A1A-D728-42F2-B49C-0BF18789DCBB}.Release|Any CPU.Build.0 = Release|Any CPU
		{F0616A1A-D728-42F2-B49C-0BF18789DCBB}.Release|x64.ActiveCfg = Release|Any CPU
		{F0616A1A-D728-42F2-B49C-0BF18789DCBB}.Release|x64.Build.0 = Release|Any CPU
		{F0616A1A-D728-42F2-B49C-0BF18789DCBB}.Release|x86.ActiveCfg = Release|Any CPU
		{F0616A1A-D728-42F2-B49C-0BF18789DCBB}.Release|x86.Build.0 = Release|Any CPU
		{F0616A1A-D728-42F2-B49C-0BF18789DCBB}.ReleaseNoTrace|Any CPU.ActiveCfg = Release|Any CPU
		{F0616A1A-D728-42F2-B49C-0BF18789DCBB}.ReleaseNoTrace|Any CPU.Build.0 = Release|Any CPU
		{F0616A1A-D728-42F2-B49C-0BF18789DCBB}.ReleaseNoTrace|x64.ActiveCfg = Release|Any CPU
		{F0616A1A-D728-42F2-B49C-0BF18789DCBB}.ReleaseNoTrace|x64.Build.0 = Release|Any CPU
		{F0616A1A-D728-42F2-B49C-0BF18789DCBB}.ReleaseNoTrace|x86.ActiveCfg = Release|Any CPU
		{F0616A1A-D728-42F2-B49C-0BF18789DCBB}.ReleaseNoTrace|x86.Build.0 = Release|Any CPU
		{7F289ADD-8D4D-47DF-99BE-CD449D71BA18}.Debug|Any CPU.ActiveCfg = Debug|Any CPU
		{7F289ADD-8D4D-47DF-99BE-CD449D71BA18}.Debug|Any CPU.Build.0 = Debug|Any CPU
		{7F289ADD-8D4D-47DF-99BE-CD449D71BA18}.Debug|x64.ActiveCfg = Debug|Any CPU
		{7F289ADD-8D4D-47DF-99BE-CD449D71BA18}.Debug|x64.Build.0 = Debug|Any CPU
		{7F289ADD-8D4D-47DF-99BE-CD449D71BA18}.Debug|x86.ActiveCfg = Debug|Any CPU
		{7F289ADD-8D4D-47DF-99BE-CD449D71BA18}.Debug|x86.Build.0 = Debug|Any CPU
		{7F289ADD-8D4D-47DF-99BE-CD449D71BA18}.DebugNoTrace|Any CPU.ActiveCfg = Debug|Any CPU
		{7F289ADD-8D4D-47DF-99BE-CD449D71BA18}.DebugNoTrace|Any CPU.Build.0 = Debug|Any CPU
		{7F289ADD-8D4D-47DF-99BE-CD449D71BA18}.DebugNoTrace|x64.ActiveCfg = Debug|Any CPU
		{7F289ADD-8D4D-47DF-99BE-CD449D71BA18}.DebugNoTrace|x64.Build.0 = Debug|Any CPU
		{7F289ADD-8D4D-47DF-99BE-CD449D71BA18}.DebugNoTrace|x86.ActiveCfg = Debug|Any CPU
		{7F289ADD-8D4D-47DF-99BE-CD449D71BA18}.DebugNoTrace|x86.Build.0 = Debug|Any CPU
		{7F289ADD-8D4D-47DF-99BE-CD449D71BA18}.Release|Any CPU.ActiveCfg = Release|Any CPU
		{7F289ADD-8D4D-47DF-99BE-CD449D71BA18}.Release|Any CPU.Build.0 = Release|Any CPU
		{7F289ADD-8D4D-47DF-99BE-CD449D71BA18}.Release|x64.ActiveCfg = Release|Any CPU
		{7F289ADD-8D4D-47DF-99BE-CD449D71BA18}.Release|x64.Build.0 = Release|Any CPU
		{7F289ADD-8D4D-47DF-99BE-CD449D71BA18}.Release|x86.ActiveCfg = Release|Any CPU
		{7F289ADD-8D4D-47DF-99BE-CD449D71BA18}.Release|x86.Build.0 = Release|Any CPU
		{7F289ADD-8D4D-47DF-99BE-CD449D71BA18}.ReleaseNoTrace|Any CPU.ActiveCfg = Release|Any CPU
		{7F289ADD-8D4D-47DF-99BE-CD449D71BA18}.ReleaseNoTrace|Any CPU.Build.0 = Release|Any CPU
		{7F289ADD-8D4D-47DF-99BE-CD449D71BA18}.ReleaseNoTrace|x64.ActiveCfg = Release|Any CPU
		{7F289ADD-8D4D-47DF-99BE-CD449D71BA18}.ReleaseNoTrace|x64.Build.0 = Release|Any CPU
		{7F289ADD-8D4D-47DF-99BE-CD449D71BA18}.ReleaseNoTrace|x86.ActiveCfg = Release|Any CPU
		{7F289ADD-8D4D-47DF-99BE-CD449D71BA18}.ReleaseNoTrace|x86.Build.0 = Release|Any CPU
		{9C2A39FA-5E13-47DE-B206-8F582797CD89}.Debug|Any CPU.ActiveCfg = Debug|Any CPU
		{9C2A39FA-5E13-47DE-B206-8F582797CD89}.Debug|Any CPU.Build.0 = Debug|Any CPU
		{9C2A39FA-5E13-47DE-B206-8F582797CD89}.Debug|x64.ActiveCfg = Debug|Any CPU
		{9C2A39FA-5E13-47DE-B206-8F582797CD89}.Debug|x64.Build.0 = Debug|Any CPU
		{9C2A39FA-5E13-47DE-B206-8F582797CD89}.Debug|x86.ActiveCfg = Debug|Any CPU
		{9C2A39FA-5E13-47DE-B206-8F582797CD89}.Debug|x86.Build.0 = Debug|Any CPU
		{9C2A39FA-5E13-47DE-B206-8F582797CD89}.DebugNoTrace|Any CPU.ActiveCfg = Debug|Any CPU
		{9C2A39FA-5E13-47DE-B206-8F582797CD89}.DebugNoTrace|Any CPU.Build.0 = Debug|Any CPU
		{9C2A39FA-5E13-47DE-B206-8F582797CD89}.DebugNoTrace|x64.ActiveCfg = Debug|Any CPU
		{9C2A39FA-5E13-47DE-B206-8F582797CD89}.DebugNoTrace|x64.Build.0 = Debug|Any CPU
		{9C2A39FA-5E13-47DE-B206-8F582797CD89}.DebugNoTrace|x86.ActiveCfg = Debug|Any CPU
		{9C2A39FA-5E13-47DE-B206-8F582797CD89}.DebugNoTrace|x86.Build.0 = Debug|Any CPU
		{9C2A39FA-5E13-47DE-B206-8F582797CD89}.Release|Any CPU.ActiveCfg = Release|Any CPU
		{9C2A39FA-5E13-47DE-B206-8F582797CD89}.Release|Any CPU.Build.0 = Release|Any CPU
		{9C2A39FA-5E13-47DE-B206-8F582797CD89}.Release|x64.ActiveCfg = Release|Any CPU
		{9C2A39FA-5E13-47DE-B206-8F582797CD89}.Release|x64.Build.0 = Release|Any CPU
		{9C2A39FA-5E13-47DE-B206-8F582797CD89}.Release|x86.ActiveCfg = Release|Any CPU
		{9C2A39FA-5E13-47DE-B206-8F582797CD89}.Release|x86.Build.0 = Release|Any CPU
		{9C2A39FA-5E13-47DE-B206-8F582797CD89}.ReleaseNoTrace|Any CPU.ActiveCfg = Release|Any CPU
		{9C2A39FA-5E13-47DE-B206-8F582797CD89}.ReleaseNoTrace|Any CPU.Build.0 = Release|Any CPU
		{9C2A39FA-5E13-47DE-B206-8F582797CD89}.ReleaseNoTrace|x64.ActiveCfg = Release|Any CPU
		{9C2A39FA-5E13-47DE-B206-8F582797CD89}.ReleaseNoTrace|x64.Build.0 = Release|Any CPU
		{9C2A39FA-5E13-47DE-B206-8F582797CD89}.ReleaseNoTrace|x86.ActiveCfg = Release|Any CPU
		{9C2A39FA-5E13-47DE-B206-8F582797CD89}.ReleaseNoTrace|x86.Build.0 = Release|Any CPU
		{DC73BACF-37EE-468B-A91C-F3831938EC7D}.Debug|Any CPU.ActiveCfg = Debug|Any CPU
		{DC73BACF-37EE-468B-A91C-F3831938EC7D}.Debug|Any CPU.Build.0 = Debug|Any CPU
		{DC73BACF-37EE-468B-A91C-F3831938EC7D}.Debug|x64.ActiveCfg = Debug|Any CPU
		{DC73BACF-37EE-468B-A91C-F3831938EC7D}.Debug|x64.Build.0 = Debug|Any CPU
		{DC73BACF-37EE-468B-A91C-F3831938EC7D}.Debug|x86.ActiveCfg = Debug|Any CPU
		{DC73BACF-37EE-468B-A91C-F3831938EC7D}.Debug|x86.Build.0 = Debug|Any CPU
		{DC73BACF-37EE-468B-A91C-F3831938EC7D}.DebugNoTrace|Any CPU.ActiveCfg = Debug|Any CPU
		{DC73BACF-37EE-468B-A91C-F3831938EC7D}.DebugNoTrace|Any CPU.Build.0 = Debug|Any CPU
		{DC73BACF-37EE-468B-A91C-F3831938EC7D}.DebugNoTrace|x64.ActiveCfg = Debug|Any CPU
		{DC73BACF-37EE-468B-A91C-F3831938EC7D}.DebugNoTrace|x64.Build.0 = Debug|Any CPU
		{DC73BACF-37EE-468B-A91C-F3831938EC7D}.DebugNoTrace|x86.ActiveCfg = Debug|Any CPU
		{DC73BACF-37EE-468B-A91C-F3831938EC7D}.DebugNoTrace|x86.Build.0 = Debug|Any CPU
		{DC73BACF-37EE-468B-A91C-F3831938EC7D}.Release|Any CPU.ActiveCfg = Release|Any CPU
		{DC73BACF-37EE-468B-A91C-F3831938EC7D}.Release|Any CPU.Build.0 = Release|Any CPU
		{DC73BACF-37EE-468B-A91C-F3831938EC7D}.Release|x64.ActiveCfg = Release|Any CPU
		{DC73BACF-37EE-468B-A91C-F3831938EC7D}.Release|x64.Build.0 = Release|Any CPU
		{DC73BACF-37EE-468B-A91C-F3831938EC7D}.Release|x86.ActiveCfg = Release|Any CPU
		{DC73BACF-37EE-468B-A91C-F3831938EC7D}.Release|x86.Build.0 = Release|Any CPU
		{DC73BACF-37EE-468B-A91C-F3831938EC7D}.ReleaseNoTrace|Any CPU.ActiveCfg = Release|Any CPU
		{DC73BACF-37EE-468B-A91C-F3831938EC7D}.ReleaseNoTrace|Any CPU.Build.0 = Release|Any CPU
		{DC73BACF-37EE-468B-A91C-F3831938EC7D}.ReleaseNoTrace|x64.ActiveCfg = Release|Any CPU
		{DC73BACF-37EE-468B-A91C-F3831938EC7D}.ReleaseNoTrace|x64.Build.0 = Release|Any CPU
		{DC73BACF-37EE-468B-A91C-F3831938EC7D}.ReleaseNoTrace|x86.ActiveCfg = Release|Any CPU
		{DC73BACF-37EE-468B-A91C-F3831938EC7D}.ReleaseNoTrace|x86.Build.0 = Release|Any CPU
	EndGlobalSection
	GlobalSection(SolutionProperties) = preSolution
		HideSolutionNode = FALSE
	EndGlobalSection
	GlobalSection(ExtensibilityGlobals) = postSolution
		SolutionGuid = {8EAD2CA3-0BD7-4904-AD32-7A34F3305A10}
	EndGlobalSection
EndGlobal
