
Microsoft Visual Studio Solution File, Format Version 12.00
# Visual Studio Version 16
VisualStudioVersion = 16.0.30114.105
MinimumVisualStudioVersion = 10.0.40219.1
Project("{2150E333-8FDC-42A3-9474-1A3956D46DE8}") = "Solution Items", "Solution Items", "{2E42CFF2-10DD-4670-9A65-FB77780C0860}"
	ProjectSection(SolutionItems) = preProject
		AUTHORS = AUTHORS
		LICENSE = LICENSE
		README.md = README.md
	EndProjectSection
EndProject
Project("{9A19103F-16F7-4668-BE54-9A1E7A4F7556}") = "asplib.core", "asplib.core\asplib.core.csproj", "{05C02B57-A462-40B4-823E-5CE52627E1F1}"
EndProject
Project("{9A19103F-16F7-4668-BE54-9A1E7A4F7556}") = "asplib", "asplib\asplib.csproj", "{2E7A40BD-0A76-41CC-88C7-CBA07F73AD0F}"
EndProject
Project("{9A19103F-16F7-4668-BE54-9A1E7A4F7556}") = "smc", "smc\smc.csproj", "{079CCCF0-0FB4-463A-81DC-98493D097D6A}"
EndProject
Project("{9A19103F-16F7-4668-BE54-9A1E7A4F7556}") = "minimal.websharper.spa", "minimal.websharper.spa\minimal.websharper.spa.csproj", "{F0616A1A-D728-42F2-B49C-0BF18789DCBB}"
EndProject
Project("{9A19103F-16F7-4668-BE54-9A1E7A4F7556}") = "asplib.websharper", "asplib.websharper\asplib.websharper.csproj", "{7F289ADD-8D4D-47DF-99BE-CD449D71BA18}"
EndProject
Project("{9A19103F-16F7-4668-BE54-9A1E7A4F7556}") = "minimaltest.websharper.spa", "minimaltest.websharper.spa\minimaltest.websharper.spa.csproj", "{9C2A39FA-5E13-47DE-B206-8F582797CD89}"
EndProject
Project("{9A19103F-16F7-4668-BE54-9A1E7A4F7556}") = "iselenium.websharper", "iselenium.websharper\iselenium.websharper.csproj", "{A4327DBF-3C32-4DD6-BAA8-6489D92A42F0}"
EndProject
Project("{9A19103F-16F7-4668-BE54-9A1E7A4F7556}") = "iselenium.core", "iselenium.core\iselenium.core.csproj", "{6A6442E0-A943-4AD8-90EA-FBCC6500EA4B}"
EndProject
Project("{9A19103F-16F7-4668-BE54-9A1E7A4F7556}") = "iselenium", "iselenium\iselenium.csproj", "{DF68D1C6-B15F-4C81-B02F-0100E812DE9F}"
EndProject
Project("{FAE04EC0-301F-11D3-BF4B-00C04F79EFBC}") = "minimaltest.runner.websharper.spa", "minimaltest.runner.websharper.spa\minimaltest.runner.websharper.spa.csproj", "{1426438A-A84F-437F-B369-8BF296FF08FA}"
EndProject
Global
	GlobalSection(SolutionConfigurationPlatforms) = preSolution
		Debug|Any CPU = Debug|Any CPU
		Debug|x64 = Debug|x64
		Debug|x86 = Debug|x86
		DebugNoTrace|Any CPU = DebugNoTrace|Any CPU
		DebugNoTrace|x64 = DebugNoTrace|x64
		DebugNoTrace|x86 = DebugNoTrace|x86
		Release|Any CPU = Release|Any CPU
		Release|x64 = Release|x64
		Release|x86 = Release|x86
		ReleaseNoTrace|Any CPU = ReleaseNoTrace|Any CPU
		ReleaseNoTrace|x64 = ReleaseNoTrace|x64
		ReleaseNoTrace|x86 = ReleaseNoTrace|x86
	EndGlobalSection
	GlobalSection(ProjectConfigurationPlatforms) = postSolution
		{05C02B57-A462-40B4-823E-5CE52627E1F1}.Debug|Any CPU.ActiveCfg = Debug|Any CPU
		{05C02B57-A462-40B4-823E-5CE52627E1F1}.Debug|Any CPU.Build.0 = Debug|Any CPU
		{05C02B57-A462-40B4-823E-5CE52627E1F1}.Debug|x64.ActiveCfg = Debug|Any CPU
		{05C02B57-A462-40B4-823E-5CE52627E1F1}.Debug|x64.Build.0 = Debug|Any CPU
		{05C02B57-A462-40B4-823E-5CE52627E1F1}.Debug|x86.ActiveCfg = Debug|Any CPU
		{05C02B57-A462-40B4-823E-5CE52627E1F1}.Debug|x86.Build.0 = Debug|Any CPU
		{05C02B57-A462-40B4-823E-5CE52627E1F1}.DebugNoTrace|Any CPU.ActiveCfg = Debug|Any CPU
		{05C02B57-A462-40B4-823E-5CE52627E1F1}.DebugNoTrace|Any CPU.Build.0 = Debug|Any CPU
		{05C02B57-A462-40B4-823E-5CE52627E1F1}.DebugNoTrace|x64.ActiveCfg = Debug|Any CPU
		{05C02B57-A462-40B4-823E-5CE52627E1F1}.DebugNoTrace|x64.Build.0 = Debug|Any CPU
		{05C02B57-A462-40B4-823E-5CE52627E1F1}.DebugNoTrace|x86.ActiveCfg = Debug|Any CPU
		{05C02B57-A462-40B4-823E-5CE52627E1F1}.DebugNoTrace|x86.Build.0 = Debug|Any CPU
		{05C02B57-A462-40B4-823E-5CE52627E1F1}.Release|Any CPU.ActiveCfg = Release|Any CPU
		{05C02B57-A462-40B4-823E-5CE52627E1F1}.Release|Any CPU.Build.0 = Release|Any CPU
		{05C02B57-A462-40B4-823E-5CE52627E1F1}.Release|x64.ActiveCfg = Release|Any CPU
		{05C02B57-A462-40B4-823E-5CE52627E1F1}.Release|x64.Build.0 = Release|Any CPU
		{05C02B57-A462-40B4-823E-5CE52627E1F1}.Release|x86.ActiveCfg = Release|Any CPU
		{05C02B57-A462-40B4-823E-5CE52627E1F1}.Release|x86.Build.0 = Release|Any CPU
		{05C02B57-A462-40B4-823E-5CE52627E1F1}.ReleaseNoTrace|Any CPU.ActiveCfg = Release|Any CPU
		{05C02B57-A462-40B4-823E-5CE52627E1F1}.ReleaseNoTrace|Any CPU.Build.0 = Release|Any CPU
		{05C02B57-A462-40B4-823E-5CE52627E1F1}.ReleaseNoTrace|x64.ActiveCfg = Release|Any CPU
		{05C02B57-A462-40B4-823E-5CE52627E1F1}.ReleaseNoTrace|x64.Build.0 = Release|Any CPU
		{05C02B57-A462-40B4-823E-5CE52627E1F1}.ReleaseNoTrace|x86.ActiveCfg = Release|Any CPU
		{05C02B57-A462-40B4-823E-5CE52627E1F1}.ReleaseNoTrace|x86.Build.0 = Release|Any CPU
		{2E7A40BD-0A76-41CC-88C7-CBA07F73AD0F}.Debug|Any CPU.ActiveCfg = Debug|Any CPU
		{2E7A40BD-0A76-41CC-88C7-CBA07F73AD0F}.Debug|Any CPU.Build.0 = Debug|Any CPU
		{2E7A40BD-0A76-41CC-88C7-CBA07F73AD0F}.Debug|x64.ActiveCfg = Debug|Any CPU
		{2E7A40BD-0A76-41CC-88C7-CBA07F73AD0F}.Debug|x64.Build.0 = Debug|Any CPU
		{2E7A40BD-0A76-41CC-88C7-CBA07F73AD0F}.Debug|x86.ActiveCfg = Debug|Any CPU
		{2E7A40BD-0A76-41CC-88C7-CBA07F73AD0F}.Debug|x86.Build.0 = Debug|Any CPU
		{2E7A40BD-0A76-41CC-88C7-CBA07F73AD0F}.DebugNoTrace|Any CPU.ActiveCfg = Debug|Any CPU
		{2E7A40BD-0A76-41CC-88C7-CBA07F73AD0F}.DebugNoTrace|Any CPU.Build.0 = Debug|Any CPU
		{2E7A40BD-0A76-41CC-88C7-CBA07F73AD0F}.DebugNoTrace|x64.ActiveCfg = Debug|Any CPU
		{2E7A40BD-0A76-41CC-88C7-CBA07F73AD0F}.DebugNoTrace|x64.Build.0 = Debug|Any CPU
		{2E7A40BD-0A76-41CC-88C7-CBA07F73AD0F}.DebugNoTrace|x86.ActiveCfg = Debug|Any CPU
		{2E7A40BD-0A76-41CC-88C7-CBA07F73AD0F}.DebugNoTrace|x86.Build.0 = Debug|Any CPU
		{2E7A40BD-0A76-41CC-88C7-CBA07F73AD0F}.Release|Any CPU.ActiveCfg = Release|Any CPU
		{2E7A40BD-0A76-41CC-88C7-CBA07F73AD0F}.Release|Any CPU.Build.0 = Release|Any CPU
		{2E7A40BD-0A76-41CC-88C7-CBA07F73AD0F}.Release|x64.ActiveCfg = Release|Any CPU
		{2E7A40BD-0A76-41CC-88C7-CBA07F73AD0F}.Release|x64.Build.0 = Release|Any CPU
		{2E7A40BD-0A76-41CC-88C7-CBA07F73AD0F}.Release|x86.ActiveCfg = Release|Any CPU
		{2E7A40BD-0A76-41CC-88C7-CBA07F73AD0F}.Release|x86.Build.0 = Release|Any CPU
		{2E7A40BD-0A76-41CC-88C7-CBA07F73AD0F}.ReleaseNoTrace|Any CPU.ActiveCfg = Release|Any CPU
		{2E7A40BD-0A76-41CC-88C7-CBA07F73AD0F}.ReleaseNoTrace|Any CPU.Build.0 = Release|Any CPU
		{2E7A40BD-0A76-41CC-88C7-CBA07F73AD0F}.ReleaseNoTrace|x64.ActiveCfg = Release|Any CPU
		{2E7A40BD-0A76-41CC-88C7-CBA07F73AD0F}.ReleaseNoTrace|x64.Build.0 = Release|Any CPU
		{2E7A40BD-0A76-41CC-88C7-CBA07F73AD0F}.ReleaseNoTrace|x86.ActiveCfg = Release|Any CPU
		{2E7A40BD-0A76-41CC-88C7-CBA07F73AD0F}.ReleaseNoTrace|x86.Build.0 = Release|Any CPU
		{079CCCF0-0FB4-463A-81DC-98493D097D6A}.Debug|Any CPU.ActiveCfg = Debug|Any CPU
		{079CCCF0-0FB4-463A-81DC-98493D097D6A}.Debug|Any CPU.Build.0 = Debug|Any CPU
		{079CCCF0-0FB4-463A-81DC-98493D097D6A}.Debug|x64.ActiveCfg = Debug|Any CPU
		{079CCCF0-0FB4-463A-81DC-98493D097D6A}.Debug|x64.Build.0 = Debug|Any CPU
		{079CCCF0-0FB4-463A-81DC-98493D097D6A}.Debug|x86.ActiveCfg = Debug|Any CPU
		{079CCCF0-0FB4-463A-81DC-98493D097D6A}.Debug|x86.Build.0 = Debug|Any CPU
		{079CCCF0-0FB4-463A-81DC-98493D097D6A}.DebugNoTrace|Any CPU.ActiveCfg = Debug|Any CPU
		{079CCCF0-0FB4-463A-81DC-98493D097D6A}.DebugNoTrace|Any CPU.Build.0 = Debug|Any CPU
		{079CCCF0-0FB4-463A-81DC-98493D097D6A}.DebugNoTrace|x64.ActiveCfg = Debug|Any CPU
		{079CCCF0-0FB4-463A-81DC-98493D097D6A}.DebugNoTrace|x64.Build.0 = Debug|Any CPU
		{079CCCF0-0FB4-463A-81DC-98493D097D6A}.DebugNoTrace|x86.ActiveCfg = Debug|Any CPU
		{079CCCF0-0FB4-463A-81DC-98493D097D6A}.DebugNoTrace|x86.Build.0 = Debug|Any CPU
		{079CCCF0-0FB4-463A-81DC-98493D097D6A}.Release|Any CPU.ActiveCfg = Release|Any CPU
		{079CCCF0-0FB4-463A-81DC-98493D097D6A}.Release|Any CPU.Build.0 = Release|Any CPU
		{079CCCF0-0FB4-463A-81DC-98493D097D6A}.Release|x64.ActiveCfg = Release|Any CPU
		{079CCCF0-0FB4-463A-81DC-98493D097D6A}.Release|x64.Build.0 = Release|Any CPU
		{079CCCF0-0FB4-463A-81DC-98493D097D6A}.Release|x86.ActiveCfg = Release|Any CPU
		{079CCCF0-0FB4-463A-81DC-98493D097D6A}.Release|x86.Build.0 = Release|Any CPU
		{079CCCF0-0FB4-463A-81DC-98493D097D6A}.ReleaseNoTrace|Any CPU.ActiveCfg = Release|Any CPU
		{079CCCF0-0FB4-463A-81DC-98493D097D6A}.ReleaseNoTrace|Any CPU.Build.0 = Release|Any CPU
		{079CCCF0-0FB4-463A-81DC-98493D097D6A}.ReleaseNoTrace|x64.ActiveCfg = Release|Any CPU
		{079CCCF0-0FB4-463A-81DC-98493D097D6A}.ReleaseNoTrace|x64.Build.0 = Release|Any CPU
		{079CCCF0-0FB4-463A-81DC-98493D097D6A}.ReleaseNoTrace|x86.ActiveCfg = Release|Any CPU
		{079CCCF0-0FB4-463A-81DC-98493D097D6A}.ReleaseNoTrace|x86.Build.0 = Release|Any CPU
		{F0616A1A-D728-42F2-B49C-0BF18789DCBB}.Debug|Any CPU.ActiveCfg = Debug|Any CPU
		{F0616A1A-D728-42F2-B49C-0BF18789DCBB}.Debug|Any CPU.Build.0 = Debug|Any CPU
		{F0616A1A-D728-42F2-B49C-0BF18789DCBB}.Debug|x64.ActiveCfg = Debug|Any CPU
		{F0616A1A-D728-42F2-B49C-0BF18789DCBB}.Debug|x64.Build.0 = Debug|Any CPU
		{F0616A1A-D728-42F2-B49C-0BF18789DCBB}.Debug|x86.ActiveCfg = Debug|Any CPU
		{F0616A1A-D728-42F2-B49C-0BF18789DCBB}.Debug|x86.Build.0 = Debug|Any CPU
		{F0616A1A-D728-42F2-B49C-0BF18789DCBB}.DebugNoTrace|Any CPU.ActiveCfg = Debug|Any CPU
		{F0616A1A-D728-42F2-B49C-0BF18789DCBB}.DebugNoTrace|Any CPU.Build.0 = Debug|Any CPU
		{F0616A1A-D728-42F2-B49C-0BF18789DCBB}.DebugNoTrace|x64.ActiveCfg = Debug|Any CPU
		{F0616A1A-D728-42F2-B49C-0BF18789DCBB}.DebugNoTrace|x64.Build.0 = Debug|Any CPU
		{F0616A1A-D728-42F2-B49C-0BF18789DCBB}.DebugNoTrace|x86.ActiveCfg = Debug|Any CPU
		{F0616A1A-D728-42F2-B49C-0BF18789DCBB}.DebugNoTrace|x86.Build.0 = Debug|Any CPU
		{F0616A1A-D728-42F2-B49C-0BF18789DCBB}.Release|Any CPU.ActiveCfg = Release|Any CPU
		{F0616A1A-D728-42F2-B49C-0BF18789DCBB}.Release|Any CPU.Build.0 = Release|Any CPU
		{F0616A1A-D728-42F2-B49C-0BF18789DCBB}.Release|x64.ActiveCfg = Release|Any CPU
		{F0616A1A-D728-42F2-B49C-0BF18789DCBB}.Release|x64.Build.0 = Release|Any CPU
		{F0616A1A-D728-42F2-B49C-0BF18789DCBB}.Release|x86.ActiveCfg = Release|Any CPU
		{F0616A1A-D728-42F2-B49C-0BF18789DCBB}.Release|x86.Build.0 = Release|Any CPU
		{F0616A1A-D728-42F2-B49C-0BF18789DCBB}.ReleaseNoTrace|Any CPU.ActiveCfg = Release|Any CPU
		{F0616A1A-D728-42F2-B49C-0BF18789DCBB}.ReleaseNoTrace|Any CPU.Build.0 = Release|Any CPU
		{F0616A1A-D728-42F2-B49C-0BF18789DCBB}.ReleaseNoTrace|x64.ActiveCfg = Release|Any CPU
		{F0616A1A-D728-42F2-B49C-0BF18789DCBB}.ReleaseNoTrace|x64.Build.0 = Release|Any CPU
		{F0616A1A-D728-42F2-B49C-0BF18789DCBB}.ReleaseNoTrace|x86.ActiveCfg = Release|Any CPU
		{F0616A1A-D728-42F2-B49C-0BF18789DCBB}.ReleaseNoTrace|x86.Build.0 = Release|Any CPU
		{7F289ADD-8D4D-47DF-99BE-CD449D71BA18}.Debug|Any CPU.ActiveCfg = Debug|Any CPU
		{7F289ADD-8D4D-47DF-99BE-CD449D71BA18}.Debug|Any CPU.Build.0 = Debug|Any CPU
		{7F289ADD-8D4D-47DF-99BE-CD449D71BA18}.Debug|x64.ActiveCfg = Debug|Any CPU
		{7F289ADD-8D4D-47DF-99BE-CD449D71BA18}.Debug|x64.Build.0 = Debug|Any CPU
		{7F289ADD-8D4D-47DF-99BE-CD449D71BA18}.Debug|x86.ActiveCfg = Debug|Any CPU
		{7F289ADD-8D4D-47DF-99BE-CD449D71BA18}.Debug|x86.Build.0 = Debug|Any CPU
		{7F289ADD-8D4D-47DF-99BE-CD449D71BA18}.DebugNoTrace|Any CPU.ActiveCfg = Debug|Any CPU
		{7F289ADD-8D4D-47DF-99BE-CD449D71BA18}.DebugNoTrace|Any CPU.Build.0 = Debug|Any CPU
		{7F289ADD-8D4D-47DF-99BE-CD449D71BA18}.DebugNoTrace|x64.ActiveCfg = Debug|Any CPU
		{7F289ADD-8D4D-47DF-99BE-CD449D71BA18}.DebugNoTrace|x64.Build.0 = Debug|Any CPU
		{7F289ADD-8D4D-47DF-99BE-CD449D71BA18}.DebugNoTrace|x86.ActiveCfg = Debug|Any CPU
		{7F289ADD-8D4D-47DF-99BE-CD449D71BA18}.DebugNoTrace|x86.Build.0 = Debug|Any CPU
		{7F289ADD-8D4D-47DF-99BE-CD449D71BA18}.Release|Any CPU.ActiveCfg = Release|Any CPU
		{7F289ADD-8D4D-47DF-99BE-CD449D71BA18}.Release|Any CPU.Build.0 = Release|Any CPU
		{7F289ADD-8D4D-47DF-99BE-CD449D71BA18}.Release|x64.ActiveCfg = Release|Any CPU
		{7F289ADD-8D4D-47DF-99BE-CD449D71BA18}.Release|x64.Build.0 = Release|Any CPU
		{7F289ADD-8D4D-47DF-99BE-CD449D71BA18}.Release|x86.ActiveCfg = Release|Any CPU
		{7F289ADD-8D4D-47DF-99BE-CD449D71BA18}.Release|x86.Build.0 = Release|Any CPU
		{7F289ADD-8D4D-47DF-99BE-CD449D71BA18}.ReleaseNoTrace|Any CPU.ActiveCfg = Release|Any CPU
		{7F289ADD-8D4D-47DF-99BE-CD449D71BA18}.ReleaseNoTrace|Any CPU.Build.0 = Release|Any CPU
		{7F289ADD-8D4D-47DF-99BE-CD449D71BA18}.ReleaseNoTrace|x64.ActiveCfg = Release|Any CPU
		{7F289ADD-8D4D-47DF-99BE-CD449D71BA18}.ReleaseNoTrace|x64.Build.0 = Release|Any CPU
		{7F289ADD-8D4D-47DF-99BE-CD449D71BA18}.ReleaseNoTrace|x86.ActiveCfg = Release|Any CPU
		{7F289ADD-8D4D-47DF-99BE-CD449D71BA18}.ReleaseNoTrace|x86.Build.0 = Release|Any CPU
		{9C2A39FA-5E13-47DE-B206-8F582797CD89}.Debug|Any CPU.ActiveCfg = Debug|Any CPU
		{9C2A39FA-5E13-47DE-B206-8F582797CD89}.Debug|Any CPU.Build.0 = Debug|Any CPU
		{9C2A39FA-5E13-47DE-B206-8F582797CD89}.Debug|x64.ActiveCfg = Debug|Any CPU
		{9C2A39FA-5E13-47DE-B206-8F582797CD89}.Debug|x64.Build.0 = Debug|Any CPU
		{9C2A39FA-5E13-47DE-B206-8F582797CD89}.Debug|x86.ActiveCfg = Debug|Any CPU
		{9C2A39FA-5E13-47DE-B206-8F582797CD89}.Debug|x86.Build.0 = Debug|Any CPU
		{9C2A39FA-5E13-47DE-B206-8F582797CD89}.DebugNoTrace|Any CPU.ActiveCfg = Debug|Any CPU
		{9C2A39FA-5E13-47DE-B206-8F582797CD89}.DebugNoTrace|Any CPU.Build.0 = Debug|Any CPU
		{9C2A39FA-5E13-47DE-B206-8F582797CD89}.DebugNoTrace|x64.ActiveCfg = Debug|Any CPU
		{9C2A39FA-5E13-47DE-B206-8F582797CD89}.DebugNoTrace|x64.Build.0 = Debug|Any CPU
		{9C2A39FA-5E13-47DE-B206-8F582797CD89}.DebugNoTrace|x86.ActiveCfg = Debug|Any CPU
		{9C2A39FA-5E13-47DE-B206-8F582797CD89}.DebugNoTrace|x86.Build.0 = Debug|Any CPU
		{9C2A39FA-5E13-47DE-B206-8F582797CD89}.Release|Any CPU.ActiveCfg = Release|Any CPU
		{9C2A39FA-5E13-47DE-B206-8F582797CD89}.Release|Any CPU.Build.0 = Release|Any CPU
		{9C2A39FA-5E13-47DE-B206-8F582797CD89}.Release|x64.ActiveCfg = Release|Any CPU
		{9C2A39FA-5E13-47DE-B206-8F582797CD89}.Release|x64.Build.0 = Release|Any CPU
		{9C2A39FA-5E13-47DE-B206-8F582797CD89}.Release|x86.ActiveCfg = Release|Any CPU
		{9C2A39FA-5E13-47DE-B206-8F582797CD89}.Release|x86.Build.0 = Release|Any CPU
		{9C2A39FA-5E13-47DE-B206-8F582797CD89}.ReleaseNoTrace|Any CPU.ActiveCfg = Release|Any CPU
		{9C2A39FA-5E13-47DE-B206-8F582797CD89}.ReleaseNoTrace|Any CPU.Build.0 = Release|Any CPU
		{9C2A39FA-5E13-47DE-B206-8F582797CD89}.ReleaseNoTrace|x64.ActiveCfg = Release|Any CPU
		{9C2A39FA-5E13-47DE-B206-8F582797CD89}.ReleaseNoTrace|x64.Build.0 = Release|Any CPU
		{9C2A39FA-5E13-47DE-B206-8F582797CD89}.ReleaseNoTrace|x86.ActiveCfg = Release|Any CPU
		{9C2A39FA-5E13-47DE-B206-8F582797CD89}.ReleaseNoTrace|x86.Build.0 = Release|Any CPU
		{A4327DBF-3C32-4DD6-BAA8-6489D92A42F0}.Debug|Any CPU.ActiveCfg = Debug|Any CPU
		{A4327DBF-3C32-4DD6-BAA8-6489D92A42F0}.Debug|Any CPU.Build.0 = Debug|Any CPU
		{A4327DBF-3C32-4DD6-BAA8-6489D92A42F0}.Debug|x64.ActiveCfg = Debug|Any CPU
		{A4327DBF-3C32-4DD6-BAA8-6489D92A42F0}.Debug|x64.Build.0 = Debug|Any CPU
		{A4327DBF-3C32-4DD6-BAA8-6489D92A42F0}.Debug|x86.ActiveCfg = Debug|Any CPU
		{A4327DBF-3C32-4DD6-BAA8-6489D92A42F0}.Debug|x86.Build.0 = Debug|Any CPU
		{A4327DBF-3C32-4DD6-BAA8-6489D92A42F0}.DebugNoTrace|Any CPU.ActiveCfg = Debug|Any CPU
		{A4327DBF-3C32-4DD6-BAA8-6489D92A42F0}.DebugNoTrace|Any CPU.Build.0 = Debug|Any CPU
		{A4327DBF-3C32-4DD6-BAA8-6489D92A42F0}.DebugNoTrace|x64.ActiveCfg = Debug|Any CPU
		{A4327DBF-3C32-4DD6-BAA8-6489D92A42F0}.DebugNoTrace|x64.Build.0 = Debug|Any CPU
		{A4327DBF-3C32-4DD6-BAA8-6489D92A42F0}.DebugNoTrace|x86.ActiveCfg = Debug|Any CPU
		{A4327DBF-3C32-4DD6-BAA8-6489D92A42F0}.DebugNoTrace|x86.Build.0 = Debug|Any CPU
		{A4327DBF-3C32-4DD6-BAA8-6489D92A42F0}.Release|Any CPU.ActiveCfg = Release|Any CPU
		{A4327DBF-3C32-4DD6-BAA8-6489D92A42F0}.Release|Any CPU.Build.0 = Release|Any CPU
		{A4327DBF-3C32-4DD6-BAA8-6489D92A42F0}.Release|x64.ActiveCfg = Release|Any CPU
		{A4327DBF-3C32-4DD6-BAA8-6489D92A42F0}.Release|x64.Build.0 = Release|Any CPU
		{A4327DBF-3C32-4DD6-BAA8-6489D92A42F0}.Release|x86.ActiveCfg = Release|Any CPU
		{A4327DBF-3C32-4DD6-BAA8-6489D92A42F0}.Release|x86.Build.0 = Release|Any CPU
		{A4327DBF-3C32-4DD6-BAA8-6489D92A42F0}.ReleaseNoTrace|Any CPU.ActiveCfg = Release|Any CPU
		{A4327DBF-3C32-4DD6-BAA8-6489D92A42F0}.ReleaseNoTrace|Any CPU.Build.0 = Release|Any CPU
		{A4327DBF-3C32-4DD6-BAA8-6489D92A42F0}.ReleaseNoTrace|x64.ActiveCfg = Release|Any CPU
		{A4327DBF-3C32-4DD6-BAA8-6489D92A42F0}.ReleaseNoTrace|x64.Build.0 = Release|Any CPU
		{A4327DBF-3C32-4DD6-BAA8-6489D92A42F0}.ReleaseNoTrace|x86.ActiveCfg = Release|Any CPU
		{A4327DBF-3C32-4DD6-BAA8-6489D92A42F0}.ReleaseNoTrace|x86.Build.0 = Release|Any CPU
		{6A6442E0-A943-4AD8-90EA-FBCC6500EA4B}.Debug|Any CPU.ActiveCfg = Debug|Any CPU
		{6A6442E0-A943-4AD8-90EA-FBCC6500EA4B}.Debug|Any CPU.Build.0 = Debug|Any CPU
		{6A6442E0-A943-4AD8-90EA-FBCC6500EA4B}.Debug|x64.ActiveCfg = Debug|Any CPU
		{6A6442E0-A943-4AD8-90EA-FBCC6500EA4B}.Debug|x64.Build.0 = Debug|Any CPU
		{6A6442E0-A943-4AD8-90EA-FBCC6500EA4B}.Debug|x86.ActiveCfg = Debug|Any CPU
		{6A6442E0-A943-4AD8-90EA-FBCC6500EA4B}.Debug|x86.Build.0 = Debug|Any CPU
		{6A6442E0-A943-4AD8-90EA-FBCC6500EA4B}.DebugNoTrace|Any CPU.ActiveCfg = Debug|Any CPU
		{6A6442E0-A943-4AD8-90EA-FBCC6500EA4B}.DebugNoTrace|Any CPU.Build.0 = Debug|Any CPU
		{6A6442E0-A943-4AD8-90EA-FBCC6500EA4B}.DebugNoTrace|x64.ActiveCfg = Debug|Any CPU
		{6A6442E0-A943-4AD8-90EA-FBCC6500EA4B}.DebugNoTrace|x64.Build.0 = Debug|Any CPU
		{6A6442E0-A943-4AD8-90EA-FBCC6500EA4B}.DebugNoTrace|x86.ActiveCfg = Debug|Any CPU
		{6A6442E0-A943-4AD8-90EA-FBCC6500EA4B}.DebugNoTrace|x86.Build.0 = Debug|Any CPU
		{6A6442E0-A943-4AD8-90EA-FBCC6500EA4B}.Release|Any CPU.ActiveCfg = Release|Any CPU
		{6A6442E0-A943-4AD8-90EA-FBCC6500EA4B}.Release|Any CPU.Build.0 = Release|Any CPU
		{6A6442E0-A943-4AD8-90EA-FBCC6500EA4B}.Release|x64.ActiveCfg = Release|Any CPU
		{6A6442E0-A943-4AD8-90EA-FBCC6500EA4B}.Release|x64.Build.0 = Release|Any CPU
		{6A6442E0-A943-4AD8-90EA-FBCC6500EA4B}.Release|x86.ActiveCfg = Release|Any CPU
		{6A6442E0-A943-4AD8-90EA-FBCC6500EA4B}.Release|x86.Build.0 = Release|Any CPU
		{6A6442E0-A943-4AD8-90EA-FBCC6500EA4B}.ReleaseNoTrace|Any CPU.ActiveCfg = Release|Any CPU
		{6A6442E0-A943-4AD8-90EA-FBCC6500EA4B}.ReleaseNoTrace|Any CPU.Build.0 = Release|Any CPU
		{6A6442E0-A943-4AD8-90EA-FBCC6500EA4B}.ReleaseNoTrace|x64.ActiveCfg = Release|Any CPU
		{6A6442E0-A943-4AD8-90EA-FBCC6500EA4B}.ReleaseNoTrace|x64.Build.0 = Release|Any CPU
		{6A6442E0-A943-4AD8-90EA-FBCC6500EA4B}.ReleaseNoTrace|x86.ActiveCfg = Release|Any CPU
		{6A6442E0-A943-4AD8-90EA-FBCC6500EA4B}.ReleaseNoTrace|x86.Build.0 = Release|Any CPU
		{DF68D1C6-B15F-4C81-B02F-0100E812DE9F}.Debug|Any CPU.ActiveCfg = Debug|Any CPU
		{DF68D1C6-B15F-4C81-B02F-0100E812DE9F}.Debug|Any CPU.Build.0 = Debug|Any CPU
		{DF68D1C6-B15F-4C81-B02F-0100E812DE9F}.Debug|x64.ActiveCfg = Debug|Any CPU
		{DF68D1C6-B15F-4C81-B02F-0100E812DE9F}.Debug|x64.Build.0 = Debug|Any CPU
		{DF68D1C6-B15F-4C81-B02F-0100E812DE9F}.Debug|x86.ActiveCfg = Debug|Any CPU
		{DF68D1C6-B15F-4C81-B02F-0100E812DE9F}.Debug|x86.Build.0 = Debug|Any CPU
		{DF68D1C6-B15F-4C81-B02F-0100E812DE9F}.DebugNoTrace|Any CPU.ActiveCfg = Debug|Any CPU
		{DF68D1C6-B15F-4C81-B02F-0100E812DE9F}.DebugNoTrace|Any CPU.Build.0 = Debug|Any CPU
		{DF68D1C6-B15F-4C81-B02F-0100E812DE9F}.DebugNoTrace|x64.ActiveCfg = Debug|Any CPU
		{DF68D1C6-B15F-4C81-B02F-0100E812DE9F}.DebugNoTrace|x64.Build.0 = Debug|Any CPU
		{DF68D1C6-B15F-4C81-B02F-0100E812DE9F}.DebugNoTrace|x86.ActiveCfg = Debug|Any CPU
		{DF68D1C6-B15F-4C81-B02F-0100E812DE9F}.DebugNoTrace|x86.Build.0 = Debug|Any CPU
		{DF68D1C6-B15F-4C81-B02F-0100E812DE9F}.Release|Any CPU.ActiveCfg = Release|Any CPU
		{DF68D1C6-B15F-4C81-B02F-0100E812DE9F}.Release|Any CPU.Build.0 = Release|Any CPU
		{DF68D1C6-B15F-4C81-B02F-0100E812DE9F}.Release|x64.ActiveCfg = Release|Any CPU
		{DF68D1C6-B15F-4C81-B02F-0100E812DE9F}.Release|x64.Build.0 = Release|Any CPU
		{DF68D1C6-B15F-4C81-B02F-0100E812DE9F}.Release|x86.ActiveCfg = Release|Any CPU
		{DF68D1C6-B15F-4C81-B02F-0100E812DE9F}.Release|x86.Build.0 = Release|Any CPU
		{DF68D1C6-B15F-4C81-B02F-0100E812DE9F}.ReleaseNoTrace|Any CPU.ActiveCfg = Release|Any CPU
		{DF68D1C6-B15F-4C81-B02F-0100E812DE9F}.ReleaseNoTrace|Any CPU.Build.0 = Release|Any CPU
		{DF68D1C6-B15F-4C81-B02F-0100E812DE9F}.ReleaseNoTrace|x64.ActiveCfg = Release|Any CPU
		{DF68D1C6-B15F-4C81-B02F-0100E812DE9F}.ReleaseNoTrace|x64.Build.0 = Release|Any CPU
		{DF68D1C6-B15F-4C81-B02F-0100E812DE9F}.ReleaseNoTrace|x86.ActiveCfg = Release|Any CPU
		{DF68D1C6-B15F-4C81-B02F-0100E812DE9F}.ReleaseNoTrace|x86.Build.0 = Release|Any CPU
		{1426438A-A84F-437F-B369-8BF296FF08FA}.Debug|Any CPU.ActiveCfg = Debug|Any CPU
		{1426438A-A84F-437F-B369-8BF296FF08FA}.Debug|Any CPU.Build.0 = Debug|Any CPU
		{1426438A-A84F-437F-B369-8BF296FF08FA}.Debug|x64.ActiveCfg = Debug|Any CPU
		{1426438A-A84F-437F-B369-8BF296FF08FA}.Debug|x64.Build.0 = Debug|Any CPU
		{1426438A-A84F-437F-B369-8BF296FF08FA}.Debug|x86.ActiveCfg = Debug|Any CPU
		{1426438A-A84F-437F-B369-8BF296FF08FA}.Debug|x86.Build.0 = Debug|Any CPU
		{1426438A-A84F-437F-B369-8BF296FF08FA}.DebugNoTrace|Any CPU.ActiveCfg = Debug|Any CPU
		{1426438A-A84F-437F-B369-8BF296FF08FA}.DebugNoTrace|Any CPU.Build.0 = Debug|Any CPU
		{1426438A-A84F-437F-B369-8BF296FF08FA}.DebugNoTrace|x64.ActiveCfg = Debug|Any CPU
		{1426438A-A84F-437F-B369-8BF296FF08FA}.DebugNoTrace|x64.Build.0 = Debug|Any CPU
		{1426438A-A84F-437F-B369-8BF296FF08FA}.DebugNoTrace|x86.ActiveCfg = Debug|Any CPU
		{1426438A-A84F-437F-B369-8BF296FF08FA}.DebugNoTrace|x86.Build.0 = Debug|Any CPU
		{1426438A-A84F-437F-B369-8BF296FF08FA}.Release|Any CPU.ActiveCfg = Release|Any CPU
		{1426438A-A84F-437F-B369-8BF296FF08FA}.Release|Any CPU.Build.0 = Release|Any CPU
		{1426438A-A84F-437F-B369-8BF296FF08FA}.Release|x64.ActiveCfg = Release|Any CPU
		{1426438A-A84F-437F-B369-8BF296FF08FA}.Release|x64.Build.0 = Release|Any CPU
		{1426438A-A84F-437F-B369-8BF296FF08FA}.Release|x86.ActiveCfg = Release|Any CPU
		{1426438A-A84F-437F-B369-8BF296FF08FA}.Release|x86.Build.0 = Release|Any CPU
		{1426438A-A84F-437F-B369-8BF296FF08FA}.ReleaseNoTrace|Any CPU.ActiveCfg = Release|Any CPU
		{1426438A-A84F-437F-B369-8BF296FF08FA}.ReleaseNoTrace|Any CPU.Build.0 = Release|Any CPU
		{1426438A-A84F-437F-B369-8BF296FF08FA}.ReleaseNoTrace|x64.ActiveCfg = Release|Any CPU
		{1426438A-A84F-437F-B369-8BF296FF08FA}.ReleaseNoTrace|x64.Build.0 = Release|Any CPU
		{1426438A-A84F-437F-B369-8BF296FF08FA}.ReleaseNoTrace|x86.ActiveCfg = Release|Any CPU
		{1426438A-A84F-437F-B369-8BF296FF08FA}.ReleaseNoTrace|x86.Build.0 = Release|Any CPU
	EndGlobalSection
	GlobalSection(SolutionProperties) = preSolution
		HideSolutionNode = FALSE
	EndGlobalSection
	GlobalSection(ExtensibilityGlobals) = postSolution
		SolutionGuid = {8EAD2CA3-0BD7-4904-AD32-7A34F3305A10}
	EndGlobalSection
EndGlobal
